{
  "version": 4,
  "terraform_version": "1.8.4",
  "serial": 17,
  "lineage": "817891a1-12da-2659-b992-b4c9103d02d0",
  "outputs": {
    "VPC_ID": {
      "value": "vpc-03ce6d2665a8d43a7",
      "type": "string"
    },
    "private-subnet-arns": {
      "value": "arn:aws:ec2:ap-south-1:767397922031:subnet/subnet-0c3ecfe0356b27cd2",
      "type": "string"
    },
    "private-subnet-id": {
      "value": "subnet-0c3ecfe0356b27cd2",
      "type": "string"
    },
    "public-subnet-arns": {
      "value": "arn:aws:ec2:ap-south-1:767397922031:subnet/subnet-003f9465316d80dab",
      "type": "string"
    },
    "public-subnet-id": {
      "value": "subnet-003f9465316d80dab",
      "type": "string"
    }
  },
  "resources": [
    {
      "module": "module.EC2",
      "mode": "managed",
      "type": "aws_instance",
      "name": "ec2",
      "provider": "provider[\"registry.terraform.io/hashicorp/aws\"]",
      "instances": [
        {
          "index_key": 0,
          "schema_version": 1,
          "attributes": {
            "ami": "ami-08718895af4dfa033",
            "arn": "arn:aws:ec2:ap-south-1:767397922031:instance/i-0fde46413d24beb05",
            "associate_public_ip_address": true,
            "availability_zone": "ap-south-1a",
            "capacity_reservation_specification": [
              {
                "capacity_reservation_preference": "open",
                "capacity_reservation_target": []
              }
            ],
            "cpu_core_count": 1,
            "cpu_options": [
              {
                "amd_sev_snp": "",
                "core_count": 1,
                "threads_per_core": 1
              }
            ],
            "cpu_threads_per_core": 1,
            "credit_specification": [
              {
                "cpu_credits": "standard"
              }
            ],
            "disable_api_stop": false,
            "disable_api_termination": false,
            "ebs_block_device": [],
            "ebs_optimized": false,
            "enclave_options": [
              {
                "enabled": false
              }
            ],
            "ephemeral_block_device": [],
            "get_password_data": false,
            "hibernation": false,
            "host_id": "",
            "host_resource_group_arn": null,
            "iam_instance_profile": "",
            "id": "i-0fde46413d24beb05",
            "instance_initiated_shutdown_behavior": "stop",
            "instance_lifecycle": "",
            "instance_market_options": [],
            "instance_state": "running",
            "instance_type": "t2.micro",
            "ipv6_address_count": 0,
            "ipv6_addresses": [],
            "key_name": "stage",
            "launch_template": [],
            "maintenance_options": [
              {
                "auto_recovery": "default"
              }
            ],
            "metadata_options": [
              {
                "http_endpoint": "enabled",
                "http_protocol_ipv6": "disabled",
                "http_put_response_hop_limit": 2,
                "http_tokens": "required",
                "instance_metadata_tags": "disabled"
              }
            ],
            "monitoring": false,
            "network_interface": [],
            "outpost_arn": "",
            "password_data": "",
            "placement_group": "",
            "placement_partition_number": 0,
            "primary_network_interface_id": "eni-0df75b64bef93ce91",
            "private_dns": "ip-172-181-1-162.ap-south-1.compute.internal",
            "private_dns_name_options": [
              {
                "enable_resource_name_dns_a_record": false,
                "enable_resource_name_dns_aaaa_record": false,
                "hostname_type": "ip-name"
              }
            ],
            "private_ip": "172.181.1.162",
            "public_dns": "",
            "public_ip": "3.110.214.228",
            "root_block_device": [
              {
                "delete_on_termination": true,
                "device_name": "/dev/xvda",
                "encrypted": false,
                "iops": 3000,
                "kms_key_id": "",
                "tags": {},
                "tags_all": {},
                "throughput": 125,
                "volume_id": "vol-07546e203c7f15bc6",
                "volume_size": 8,
                "volume_type": "gp3"
              }
            ],
            "secondary_private_ips": [],
            "security_groups": [
              "sg-0665856432e8ea273"
            ],
            "source_dest_check": true,
            "spot_instance_request_id": "",
            "subnet_id": "subnet-003f9465316d80dab",
            "tags": {
              "Name": "stage - 1"
            },
            "tags_all": {
              "Name": "stage - 1"
            },
            "tenancy": "default",
            "timeouts": null,
            "user_data": null,
            "user_data_base64": null,
            "user_data_replace_on_change": false,
            "volume_tags": null,
            "vpc_security_group_ids": [
              "sg-0665856432e8ea273"
            ]
          },
          "sensitive_attributes": [],
          "private": "eyJlMmJmYjczMC1lY2FhLTExZTYtOGY4OC0zNDM2M2JjN2M0YzAiOnsiY3JlYXRlIjo2MDAwMDAwMDAwMDAsImRlbGV0ZSI6MTIwMDAwMDAwMDAwMCwicmVhZCI6OTAwMDAwMDAwMDAwLCJ1cGRhdGUiOjYwMDAwMDAwMDAwMH0sInNjaGVtYV92ZXJzaW9uIjoiMSJ9",
          "dependencies": [
            "module.EC2.aws_key_pair.tf-key-pair",
            "module.EC2.tls_private_key.rsa",
            "module.vpc.aws_eip.elastic-ip",
            "module.vpc.aws_internet_gateway.igw",
            "module.vpc.aws_nat_gateway.nat",
            "module.vpc.aws_route_table.rt1",
            "module.vpc.aws_route_table.rt2",
            "module.vpc.aws_route_table_association.a",
            "module.vpc.aws_route_table_association.b",
            "module.vpc.aws_security_group.sg",
            "module.vpc.aws_subnet.private",
            "module.vpc.aws_subnet.public",
            "module.vpc.aws_vpc.vpc"
          ]
        },
        {
          "index_key": 1,
          "schema_version": 1,
          "attributes": {
            "ami": "ami-08718895af4dfa033",
            "arn": "arn:aws:ec2:ap-south-1:767397922031:instance/i-0e7247ff42b367a9b",
            "associate_public_ip_address": false,
            "availability_zone": "ap-south-1b",
            "capacity_reservation_specification": [
              {
                "capacity_reservation_preference": "open",
                "capacity_reservation_target": []
              }
            ],
            "cpu_core_count": 1,
            "cpu_options": [
              {
                "amd_sev_snp": "",
                "core_count": 1,
                "threads_per_core": 1
              }
            ],
            "cpu_threads_per_core": 1,
            "credit_specification": [
              {
                "cpu_credits": "standard"
              }
            ],
            "disable_api_stop": false,
            "disable_api_termination": false,
            "ebs_block_device": [],
            "ebs_optimized": false,
            "enclave_options": [
              {
                "enabled": false
              }
            ],
            "ephemeral_block_device": [],
            "get_password_data": false,
            "hibernation": false,
            "host_id": "",
            "host_resource_group_arn": null,
            "iam_instance_profile": "",
            "id": "i-0e7247ff42b367a9b",
            "instance_initiated_shutdown_behavior": "stop",
            "instance_lifecycle": "",
            "instance_market_options": [],
            "instance_state": "running",
            "instance_type": "t2.micro",
            "ipv6_address_count": 0,
            "ipv6_addresses": [],
            "key_name": "stage",
            "launch_template": [],
            "maintenance_options": [
              {
                "auto_recovery": "default"
              }
            ],
            "metadata_options": [
              {
                "http_endpoint": "enabled",
                "http_protocol_ipv6": "disabled",
                "http_put_response_hop_limit": 2,
                "http_tokens": "required",
                "instance_metadata_tags": "disabled"
              }
            ],
            "monitoring": false,
            "network_interface": [],
            "outpost_arn": "",
            "password_data": "",
            "placement_group": "",
            "placement_partition_number": 0,
            "primary_network_interface_id": "eni-0ca9ab8258e60fdd0",
            "private_dns": "ip-172-181-2-64.ap-south-1.compute.internal",
            "private_dns_name_options": [
              {
                "enable_resource_name_dns_a_record": false,
                "enable_resource_name_dns_aaaa_record": false,
                "hostname_type": "ip-name"
              }
            ],
            "private_ip": "172.181.2.64",
            "public_dns": "",
            "public_ip": "",
            "root_block_device": [
              {
                "delete_on_termination": true,
                "device_name": "/dev/xvda",
                "encrypted": false,
                "iops": 3000,
                "kms_key_id": "",
                "tags": {},
                "tags_all": {},
                "throughput": 125,
                "volume_id": "vol-0ef13ca8e3668d5a4",
                "volume_size": 8,
                "volume_type": "gp3"
              }
            ],
            "secondary_private_ips": [],
            "security_groups": [
              "sg-0665856432e8ea273"
            ],
            "source_dest_check": true,
            "spot_instance_request_id": "",
            "subnet_id": "subnet-0c3ecfe0356b27cd2",
            "tags": {
              "Name": "stage - 2"
            },
            "tags_all": {
              "Name": "stage - 2"
            },
            "tenancy": "default",
            "timeouts": null,
            "user_data": null,
            "user_data_base64": null,
            "user_data_replace_on_change": false,
            "volume_tags": null,
            "vpc_security_group_ids": [
              "sg-0665856432e8ea273"
            ]
          },
          "sensitive_attributes": [],
          "private": "eyJlMmJmYjczMC1lY2FhLTExZTYtOGY4OC0zNDM2M2JjN2M0YzAiOnsiY3JlYXRlIjo2MDAwMDAwMDAwMDAsImRlbGV0ZSI6MTIwMDAwMDAwMDAwMCwicmVhZCI6OTAwMDAwMDAwMDAwLCJ1cGRhdGUiOjYwMDAwMDAwMDAwMH0sInNjaGVtYV92ZXJzaW9uIjoiMSJ9",
          "dependencies": [
            "module.EC2.aws_key_pair.tf-key-pair",
            "module.EC2.tls_private_key.rsa",
            "module.vpc.aws_eip.elastic-ip",
            "module.vpc.aws_internet_gateway.igw",
            "module.vpc.aws_nat_gateway.nat",
            "module.vpc.aws_route_table.rt1",
            "module.vpc.aws_route_table.rt2",
            "module.vpc.aws_route_table_association.a",
            "module.vpc.aws_route_table_association.b",
            "module.vpc.aws_security_group.sg",
            "module.vpc.aws_subnet.private",
            "module.vpc.aws_subnet.public",
            "module.vpc.aws_vpc.vpc"
          ]
        }
      ]
    },
    {
      "module": "module.EC2",
      "mode": "managed",
      "type": "aws_key_pair",
      "name": "tf-key-pair",
      "provider": "provider[\"registry.terraform.io/hashicorp/aws\"]",
      "instances": [
        {
          "schema_version": 1,
          "attributes": {
            "arn": "arn:aws:ec2:ap-south-1:767397922031:key-pair/stage",
            "fingerprint": "a1:99:3f:82:30:5a:ac:3b:b2:b8:23:8d:bd:99:2c:7d",
            "id": "stage",
            "key_name": "stage",
            "key_name_prefix": "",
            "key_pair_id": "key-0a3f67972bc4dc246",
            "key_type": "rsa",
            "public_key": "ssh-rsa AAAAB3NzaC1yc2EAAAADAQABAAACAQDBVULGCMWwj+1Dz8FXiGEAvYA4QZ8RNsOr8VJ/E8DouVSvyyoFOikKbWj61O9ct95z/wlSfbeTVf47RDMhe/ql1m/vSWZc4udt5FOXRI5sUzF7XQY8KlyYNOsgyw128vPGuY0n/K7BgSF3AXl+JNNwFiRdeixnnNbaYWy33GwekBoQGuazLjo2l9ojWq3TWUEvE6D6Kuwg9sACQOmWd5oDkrN6tA1QKmka9ImOl3psVTzzVKOoT6vnTgDchd3SJ8je7WpOC2To3gacRsTy79mKlnbbWrk8sxEhg1A+vsiBXv/NjONQPjiEmHQumu+W64EZnimG6mt2ZUa3c5xSG5J3tNIlczyVFkXxKqVqu72ej6c2iS/TWRQwD3/rmCiM5lt006Z+O2GCDUY9jHq5ev5ViuWiGewflXFAswWmRvCuf1olIKquhF5zSPGr6laxTYErupJl/HiF5QlF0DlM9qWmADrvab/MEO5DfeQSLP3kaEMO/gm4dvGLQNoM4BHTSzSMZtVApvurTKfF/FvQHF29b4fZtelbCe0/9Tl9GUTuyre4SF9+7DTsAACXRS0x/CO/0VZk4NICjKBUkw+L9mRlSJDt6+hzloRxvPyJ0p/SEKBa7sHwpMkqC3UYiAb4u4nO01zr1brUX1LT+BLhs201/TkutZvuByTUL25BAUKzlQ==",
            "tags": null,
            "tags_all": {}
          },
          "sensitive_attributes": [],
          "private": "eyJzY2hlbWFfdmVyc2lvbiI6IjEifQ==",
          "dependencies": [
            "module.EC2.tls_private_key.rsa",
            "module.vpc.aws_eip.elastic-ip",
            "module.vpc.aws_internet_gateway.igw",
            "module.vpc.aws_nat_gateway.nat",
            "module.vpc.aws_route_table.rt1",
            "module.vpc.aws_route_table.rt2",
            "module.vpc.aws_route_table_association.a",
            "module.vpc.aws_route_table_association.b",
            "module.vpc.aws_security_group.sg",
            "module.vpc.aws_subnet.private",
            "module.vpc.aws_subnet.public",
            "module.vpc.aws_vpc.vpc"
          ]
        }
      ]
    },
    {
      "module": "module.EC2",
      "mode": "managed",
      "type": "local_file",
      "name": "tf-key",
      "provider": "provider[\"registry.terraform.io/hashicorp/local\"]",
      "instances": [
        {
          "schema_version": 0,
          "attributes": {
            "content": "-----BEGIN RSA PRIVATE KEY-----\nMIIJKgIBAAKCAgEAwVVCxgjFsI/tQ8/BV4hhAL2AOEGfETbDq/FSfxPA6LlUr8sq\nBTopCm1o+tTvXLfec/8JUn23k1X+O0QzIXv6pdZv70lmXOLnbeRTl0SObFMxe10G\nPCpcmDTrIMsNdvLzxrmNJ/yuwYEhdwF5fiTTcBYkXXosZ5zW2mFst9xsHpAaEBrm\nsy46NpfaI1qt01lBLxOg+irsIPbAAkDplneaA5KzerQNUCppGvSJjpd6bFU881Sj\nqE+r504A3IXd0ifI3u1qTgtk6N4GnEbE8u/ZipZ221q5PLMRIYNQPr7IgV7/zYzj\nUD44hJh0LprvluuBGZ4phuprdmVGt3OcUhuSd7TSJXM8lRZF8Sqlaru9no+nNokv\n01kUMA9/65gojOZbdNOmfjthgg1GPYx6uXr+VYrlohnsH5VxQLMFpkbwrn9aJSCq\nroRec0jxq+pWsU2BK7qSZfx4heUJRdA5TPalpgA672m/zBDuQ33kEiz95GhDDv4J\nuHbxi0DaDOAR00s0jGbVQKb7q0ynxfxb0BxdvW+H2bXpWwntP/U5fRlE7sq3uEhf\nfuw07AAAl0UtMfwjv9FWZODSAoygVJMPi/ZkZUiQ7evoc5aEcbz8idKf0hCgWu7B\n8KTJKgt1GIgG+LuJztNc69W61F9S0/gS4bNtNf05LrWb7gck1C9uQQFCs5UCAwEA\nAQKCAgEAnA6boMkR8myrQ9KeqW5/hp5wsnhd0wJWviNEySkDzZdUAbbIC4IgALfC\nRr69HCWbXhyexMSP+1Etr19kuoGeGGFY51ljVFUgJHdq9i6znEMnLQIw9z3mkkId\nDdJ54utH1cCPbZis46u9fJdnH2jQd6iX4BCvaU+TqqF7pYo6iA0fzKI6WKZW/Rxk\nS6d1qqVgVYTNq0Icapti8C6/nuKaIoo3cDOIj448WzLLGpuxiWLgmTZYCJOPGl2/\nmkJAhNPyc+hGqArQgJw/z8PcVJFBE3pTJMs9vP56NIgPrSZJKQyrBZvVHT+sVXPO\nTJRqE3O0OR6PPMVayy4DADBFHY3+ElVqRxqJpvA3AOZ5DjfdzIIuYqCI7kddvj08\nkfD0DUMSI0KqzzjpmHd2QO3q7mGw9gJotEnBzovBSCY1UO41lRMwOeskkRm18e/d\nb5XAOsAKT/8NigsooMj23IwVJ/yhOKxTAukeliaTlSesqvy+zusegXihcEBppVhz\nDNyJDgBV4arsXyM0LwJ6zrxQD58/9s5WPn1sa4Zvg6MQ5XYMch7G50zVz+YV6Aix\noPMal/npUYm9ftYDMxBNs/aUt1WA9lq4LJVb9WL5SyX4eDIu5HGa7rZ/6nWbyUKg\nyn13BmFZvQ1T3XkQi36rLUNMG7XU434K83cl8tSOIMheqPqILuECggEBANyZP9zo\n5gPF2PC/RYZ14mMWxrzkKHM9StmgVBWjFLir44cg4ki71tRM7qV3dpBtnTHW7GzO\nc1DmfVpXUDfP+xG/MLUYL48nEOSCzyAXI8M7Dg/Fdtgubi/fPQgR6J6v2hj7T0GM\n5AK2g+0s5zQAlaGvvoODXipdpOtSEeUnRLEOHBedQ1q2RAllWKMEZZ1kB148vO42\niemTrQuBwtarMTYbIn/1Zh+mr825NH1b3q9qRcmIgyzbZsVV3+BcDf5RoMx3KC9B\nN89cGkp6/3IQDW/zUjPEbqqvfCUuw7ijf96eZkzsveyxLGf0Ci5bqD94h9ogMoG8\n3LRXWLstEVxlUy0CggEBAOBb30wPeP/XMMS3odaF8Qc5qR0+VOEMag6ZYiodESBi\nu8nMrHwdsIVvXTdL1DnAtlGGL9Ska3VE4VeoXSfbyfXwfNOahyKEIaE9sZgcIxIr\nNaiHQO5WpVWhPwelXwp0PT1/52jAcp8HMpeuFNh9fuM8c8P+kcRfkcrWRJY41DZq\nCu7zpkppSkDRCcRLUrWuGRYc7/XzyKYTsfB0xjkWSrI3yxQb7hudcbrZLJZaccyF\nsxlmRV/FL2MTjvCXcb58LR/7wNKRR3cLs9Ot9/uIWLSiyvIniCJ/OytJZhb6RJ8m\nrV4guZrJjZE4eLgKgyjWoIZRqOUTuTGeyq80Nx1mQwkCggEBANYo0R8d22/+O0Y9\n6rlG6KlaC0aGGd8Gugvc4sS+tfcyqIkfG4+RDFa++VAaUjiUse8YwB5BryHzIe76\npR4KA6yO+DJXcJSBUJ0HgR2eWVHHmzckdOQa7036Y73Z5QNppUprb94rcZBQsHMp\nDKwnhRybCVGTz29BykHKQyU8oithj1Q9kI4YNKUKhqp8MkpCOgT64lBBElJ4055A\nM29Ec1obrbqb+rDvme0WyCaLcfzKJ0YoCXEa7wLVA6tEszEa/giCBbkaj5v3xm5Y\nSnXpr6Hnjv5CzU1XYCaY59nwoMr27Enx69BFkN66xMeMpCI6WWkhqOba+0j5I2NT\ntW8Fz2ECggEAH4apXO27qe+aCbpoAlX15XcDvXk5whnVeVGySoqlEnDtRFD/V71w\nRX+9kHyWSLs8oz4A0Jd+Bg90vrWIyYYH3gg58h3/qSj59MdPgjlJ8E6kDpda12LT\nfrHWwoNJVJW62T50zPJl6NTBFjE++qC/yLyA4+SMpRRszxzGrHk10KOb/7G7By++\nYFc/URboe2EIY2QTj/L+md+gnFI8XF82hc5zOdMm5Th9d6z2p/XzkbKj1Qja7Lcv\njnN8HXCaahLW4Gymzq/dY+wAC9mhQ/YHyPIrJFXLulU4gj+hGc92/woXSGe+zPJP\ncz2FMQ9BGOb3zYgB/JaF6mQOxQnISNhKyQKCAQEAt0DFiiH8hciB6LA0b5cNiI+Y\nNCWN/Wey4mKfM3uVTl43fMd83kJfmPqzjm+zXoCHs3DUjryaE35t5jQOjOAihqgz\n/YWORH0RFzumGzsu+3gGhfU46MN0mGet7Lz4+RPxUjcC1U2H8TeVdXFg//I7zaoo\nZsHa8hgmt1pE9lVb8YRnid3xi/3UIF8nWTleOvAgVI2WT84c06D9bz171IqkKfQn\nibE6K9sj0HLNgEqJ5NJOLBD1DDXjXub54v/k7ljbAn7g1uImZATXbqGmQ/zSrqkO\nHo3YVvb7Vf+tVCHzs+vdZNjYJh70013Duno7MdTkYBdyaH7t0ehsNhwZXus6MA==\n-----END RSA PRIVATE KEY-----\n",
            "content_base64": null,
            "content_base64sha256": "N+D37dcubE8Y17pFBz3OikCvndRoV05BdypvI4ZBzwM=",
            "content_base64sha512": "GtigWn12ns3LnO0ZpggKb/V0SRa5DlHYf3M+YZ6AzeNt5lndNQLbXdYUpF9cPTFZraEoVi9Yweifu6EMckpMVA==",
            "content_md5": "e9e214820caae696b8e2f904c6223cca",
            "content_sha1": "7cb05d0f3f5856666185aa158214f1b3f10b6e6d",
            "content_sha256": "37e0f7edd72e6c4f18d7ba45073dce8a40af9dd468574e41772a6f238641cf03",
            "content_sha512": "1ad8a05a7d769ecdcb9ced19a6080a6ff5744916b90e51d87f733e619e80cde36de659dd3502db5dd614a45f5c3d3159ada128562f58c1e89fbba10c724a4c54",
            "directory_permission": "0777",
            "file_permission": "0777",
            "filename": "stage.pem",
            "id": "7cb05d0f3f5856666185aa158214f1b3f10b6e6d",
            "sensitive_content": null,
            "source": null
          },
          "sensitive_attributes": [
            [
              {
                "type": "get_attr",
                "value": "sensitive_content"
              }
            ],
            [
              {
                "type": "get_attr",
                "value": "content"
              }
            ]
          ],
          "dependencies": [
            "module.EC2.tls_private_key.rsa",
            "module.vpc.aws_eip.elastic-ip",
            "module.vpc.aws_internet_gateway.igw",
            "module.vpc.aws_nat_gateway.nat",
            "module.vpc.aws_route_table.rt1",
            "module.vpc.aws_route_table.rt2",
            "module.vpc.aws_route_table_association.a",
            "module.vpc.aws_route_table_association.b",
            "module.vpc.aws_security_group.sg",
            "module.vpc.aws_subnet.private",
            "module.vpc.aws_subnet.public",
            "module.vpc.aws_vpc.vpc"
          ]
        }
      ]
    },
    {
      "module": "module.EC2",
      "mode": "managed",
      "type": "tls_private_key",
      "name": "rsa",
      "provider": "provider[\"registry.terraform.io/hashicorp/tls\"]",
      "instances": [
        {
          "schema_version": 1,
          "attributes": {
            "algorithm": "RSA",
            "ecdsa_curve": "P224",
            "id": "6fcfdd8dc1c65d49e10c4272ae0ec9a5d147c465",
            "private_key_openssh": "-----BEGIN OPENSSH PRIVATE KEY-----\nb3BlbnNzaC1rZXktdjEAAAAABG5vbmUAAAAEbm9uZQAAAAAAAAABAAACFwAAAAdz\nc2gtcnNhAAAAAwEAAQAAAgEAwVVCxgjFsI/tQ8/BV4hhAL2AOEGfETbDq/FSfxPA\n6LlUr8sqBTopCm1o+tTvXLfec/8JUn23k1X+O0QzIXv6pdZv70lmXOLnbeRTl0SO\nbFMxe10GPCpcmDTrIMsNdvLzxrmNJ/yuwYEhdwF5fiTTcBYkXXosZ5zW2mFst9xs\nHpAaEBrmsy46NpfaI1qt01lBLxOg+irsIPbAAkDplneaA5KzerQNUCppGvSJjpd6\nbFU881SjqE+r504A3IXd0ifI3u1qTgtk6N4GnEbE8u/ZipZ221q5PLMRIYNQPr7I\ngV7/zYzjUD44hJh0LprvluuBGZ4phuprdmVGt3OcUhuSd7TSJXM8lRZF8Sqlaru9\nno+nNokv01kUMA9/65gojOZbdNOmfjthgg1GPYx6uXr+VYrlohnsH5VxQLMFpkbw\nrn9aJSCqroRec0jxq+pWsU2BK7qSZfx4heUJRdA5TPalpgA672m/zBDuQ33kEiz9\n5GhDDv4JuHbxi0DaDOAR00s0jGbVQKb7q0ynxfxb0BxdvW+H2bXpWwntP/U5fRlE\n7sq3uEhffuw07AAAl0UtMfwjv9FWZODSAoygVJMPi/ZkZUiQ7evoc5aEcbz8idKf\n0hCgWu7B8KTJKgt1GIgG+LuJztNc69W61F9S0/gS4bNtNf05LrWb7gck1C9uQQFC\ns5UAAAc4R37qNEd+6jQAAAAHc3NoLXJzYQAAAgEAwVVCxgjFsI/tQ8/BV4hhAL2A\nOEGfETbDq/FSfxPA6LlUr8sqBTopCm1o+tTvXLfec/8JUn23k1X+O0QzIXv6pdZv\n70lmXOLnbeRTl0SObFMxe10GPCpcmDTrIMsNdvLzxrmNJ/yuwYEhdwF5fiTTcBYk\nXXosZ5zW2mFst9xsHpAaEBrmsy46NpfaI1qt01lBLxOg+irsIPbAAkDplneaA5Kz\nerQNUCppGvSJjpd6bFU881SjqE+r504A3IXd0ifI3u1qTgtk6N4GnEbE8u/ZipZ2\n21q5PLMRIYNQPr7IgV7/zYzjUD44hJh0LprvluuBGZ4phuprdmVGt3OcUhuSd7TS\nJXM8lRZF8Sqlaru9no+nNokv01kUMA9/65gojOZbdNOmfjthgg1GPYx6uXr+VYrl\nohnsH5VxQLMFpkbwrn9aJSCqroRec0jxq+pWsU2BK7qSZfx4heUJRdA5TPalpgA6\n72m/zBDuQ33kEiz95GhDDv4JuHbxi0DaDOAR00s0jGbVQKb7q0ynxfxb0BxdvW+H\n2bXpWwntP/U5fRlE7sq3uEhffuw07AAAl0UtMfwjv9FWZODSAoygVJMPi/ZkZUiQ\n7evoc5aEcbz8idKf0hCgWu7B8KTJKgt1GIgG+LuJztNc69W61F9S0/gS4bNtNf05\nLrWb7gck1C9uQQFCs5UAAAADAQABAAACAQCcDpugyRHybKtD0p6pbn+GnnCyeF3T\nAla+I0TJKQPNl1QBtsgLgiAAt8JGvr0cJZteHJ7ExI/7US2vX2S6gZ4YYVjnWWNU\nVSAkd2r2LrOcQyctAjD3PeaSQh0N0nni60fVwI9tmKzjq718l2cfaNB3qJfgEK9p\nT5OqoXulijqIDR/MojpYplb9HGRLp3WqpWBVhM2rQhxqm2LwLr+e4poiijdwM4iP\njjxbMssam7GJYuCZNlgIk48aXb+aQkCE0/Jz6EaoCtCAnD/Pw9xUkUETelMkyz28\n/no0iA+tJkkpDKsFm9UdP6xVc85MlGoTc7Q5Ho88xVrLLgMAMEUdjf4SVWpHGomm\n8DcA5nkON93Mgi5ioIjuR12+PTyR8PQNQxIjQqrPOOmYd3ZA7eruYbD2Ami0ScHO\ni8FIJjVQ7jWVEzA56ySRGbXx791vlcA6wApP/w2KCyigyPbcjBUn/KE4rFMC6R6W\nJpOVJ6yq/L7O6x6BeKFwQGmlWHMM3IkOAFXhquxfIzQvAnrOvFAPnz/2zlY+fWxr\nhm+DoxDldgxyHsbnTNXP5hXoCLGg8xqX+elRib1+1gMzEE2z9pS3VYD2WrgslVv1\nYvlLJfh4Mi7kcZrutn/qdZvJQqDKfXcGYVm9DVPdeRCLfqstQ0wbtdTjfgrzdyXy\n1I4gyF6o+ogu4QAAAQEAt0DFiiH8hciB6LA0b5cNiI+YNCWN/Wey4mKfM3uVTl43\nfMd83kJfmPqzjm+zXoCHs3DUjryaE35t5jQOjOAihqgz/YWORH0RFzumGzsu+3gG\nhfU46MN0mGet7Lz4+RPxUjcC1U2H8TeVdXFg//I7zaooZsHa8hgmt1pE9lVb8YRn\nid3xi/3UIF8nWTleOvAgVI2WT84c06D9bz171IqkKfQnibE6K9sj0HLNgEqJ5NJO\nLBD1DDXjXub54v/k7ljbAn7g1uImZATXbqGmQ/zSrqkOHo3YVvb7Vf+tVCHzs+vd\nZNjYJh70013Duno7MdTkYBdyaH7t0ehsNhwZXus6MAAAAQEA3Jk/3OjmA8XY8L9F\nhnXiYxbGvOQocz1K2aBUFaMUuKvjhyDiSLvW1EzupXd2kG2dMdbsbM5zUOZ9WldQ\nN8/7Eb8wtRgvjycQ5ILPIBcjwzsOD8V22C5uL989CBHonq/aGPtPQYzkAraD7Szn\nNACVoa++g4NeKl2k61IR5SdEsQ4cF51DWrZECWVYowRlnWQHXjy87jaJ6ZOtC4HC\n1qsxNhsif/VmH6avzbk0fVver2pFyYiDLNtmxVXf4FwN/lGgzHcoL0E3z1waSnr/\nchANb/NSM8Ruqq98JS7DuKN/3p5mTOy97LEsZ/QKLluoP3iH2iAygbzctFdYuy0R\nXGVTLQAAAQEA4FvfTA94/9cwxLeh1oXxBzmpHT5U4QxqDpliKh0RIGK7ycysfB2w\nhW9dN0vUOcC2UYYv1KRrdUThV6hdJ9vJ9fB805qHIoQhoT2xmBwjEis1qIdA7lal\nVaE/B6VfCnQ9PX/naMBynwcyl64U2H1+4zxzw/6RxF+RytZEljjUNmoK7vOmSmlK\nQNEJxEtSta4ZFhzv9fPIphOx8HTGORZKsjfLFBvuG51xutksllpxzIWzGWZFX8Uv\nYxOO8JdxvnwtH/vA0pFHdwuz0633+4hYtKLK8ieIIn87K0lmFvpEnyatXiC5msmN\nkTh4uAqDKNaghlGo5RO5MZ7KrzQ3HWZDCQAAAAAB\n-----END OPENSSH PRIVATE KEY-----\n",
            "private_key_pem": "-----BEGIN RSA PRIVATE KEY-----\nMIIJKgIBAAKCAgEAwVVCxgjFsI/tQ8/BV4hhAL2AOEGfETbDq/FSfxPA6LlUr8sq\nBTopCm1o+tTvXLfec/8JUn23k1X+O0QzIXv6pdZv70lmXOLnbeRTl0SObFMxe10G\nPCpcmDTrIMsNdvLzxrmNJ/yuwYEhdwF5fiTTcBYkXXosZ5zW2mFst9xsHpAaEBrm\nsy46NpfaI1qt01lBLxOg+irsIPbAAkDplneaA5KzerQNUCppGvSJjpd6bFU881Sj\nqE+r504A3IXd0ifI3u1qTgtk6N4GnEbE8u/ZipZ221q5PLMRIYNQPr7IgV7/zYzj\nUD44hJh0LprvluuBGZ4phuprdmVGt3OcUhuSd7TSJXM8lRZF8Sqlaru9no+nNokv\n01kUMA9/65gojOZbdNOmfjthgg1GPYx6uXr+VYrlohnsH5VxQLMFpkbwrn9aJSCq\nroRec0jxq+pWsU2BK7qSZfx4heUJRdA5TPalpgA672m/zBDuQ33kEiz95GhDDv4J\nuHbxi0DaDOAR00s0jGbVQKb7q0ynxfxb0BxdvW+H2bXpWwntP/U5fRlE7sq3uEhf\nfuw07AAAl0UtMfwjv9FWZODSAoygVJMPi/ZkZUiQ7evoc5aEcbz8idKf0hCgWu7B\n8KTJKgt1GIgG+LuJztNc69W61F9S0/gS4bNtNf05LrWb7gck1C9uQQFCs5UCAwEA\nAQKCAgEAnA6boMkR8myrQ9KeqW5/hp5wsnhd0wJWviNEySkDzZdUAbbIC4IgALfC\nRr69HCWbXhyexMSP+1Etr19kuoGeGGFY51ljVFUgJHdq9i6znEMnLQIw9z3mkkId\nDdJ54utH1cCPbZis46u9fJdnH2jQd6iX4BCvaU+TqqF7pYo6iA0fzKI6WKZW/Rxk\nS6d1qqVgVYTNq0Icapti8C6/nuKaIoo3cDOIj448WzLLGpuxiWLgmTZYCJOPGl2/\nmkJAhNPyc+hGqArQgJw/z8PcVJFBE3pTJMs9vP56NIgPrSZJKQyrBZvVHT+sVXPO\nTJRqE3O0OR6PPMVayy4DADBFHY3+ElVqRxqJpvA3AOZ5DjfdzIIuYqCI7kddvj08\nkfD0DUMSI0KqzzjpmHd2QO3q7mGw9gJotEnBzovBSCY1UO41lRMwOeskkRm18e/d\nb5XAOsAKT/8NigsooMj23IwVJ/yhOKxTAukeliaTlSesqvy+zusegXihcEBppVhz\nDNyJDgBV4arsXyM0LwJ6zrxQD58/9s5WPn1sa4Zvg6MQ5XYMch7G50zVz+YV6Aix\noPMal/npUYm9ftYDMxBNs/aUt1WA9lq4LJVb9WL5SyX4eDIu5HGa7rZ/6nWbyUKg\nyn13BmFZvQ1T3XkQi36rLUNMG7XU434K83cl8tSOIMheqPqILuECggEBANyZP9zo\n5gPF2PC/RYZ14mMWxrzkKHM9StmgVBWjFLir44cg4ki71tRM7qV3dpBtnTHW7GzO\nc1DmfVpXUDfP+xG/MLUYL48nEOSCzyAXI8M7Dg/Fdtgubi/fPQgR6J6v2hj7T0GM\n5AK2g+0s5zQAlaGvvoODXipdpOtSEeUnRLEOHBedQ1q2RAllWKMEZZ1kB148vO42\niemTrQuBwtarMTYbIn/1Zh+mr825NH1b3q9qRcmIgyzbZsVV3+BcDf5RoMx3KC9B\nN89cGkp6/3IQDW/zUjPEbqqvfCUuw7ijf96eZkzsveyxLGf0Ci5bqD94h9ogMoG8\n3LRXWLstEVxlUy0CggEBAOBb30wPeP/XMMS3odaF8Qc5qR0+VOEMag6ZYiodESBi\nu8nMrHwdsIVvXTdL1DnAtlGGL9Ska3VE4VeoXSfbyfXwfNOahyKEIaE9sZgcIxIr\nNaiHQO5WpVWhPwelXwp0PT1/52jAcp8HMpeuFNh9fuM8c8P+kcRfkcrWRJY41DZq\nCu7zpkppSkDRCcRLUrWuGRYc7/XzyKYTsfB0xjkWSrI3yxQb7hudcbrZLJZaccyF\nsxlmRV/FL2MTjvCXcb58LR/7wNKRR3cLs9Ot9/uIWLSiyvIniCJ/OytJZhb6RJ8m\nrV4guZrJjZE4eLgKgyjWoIZRqOUTuTGeyq80Nx1mQwkCggEBANYo0R8d22/+O0Y9\n6rlG6KlaC0aGGd8Gugvc4sS+tfcyqIkfG4+RDFa++VAaUjiUse8YwB5BryHzIe76\npR4KA6yO+DJXcJSBUJ0HgR2eWVHHmzckdOQa7036Y73Z5QNppUprb94rcZBQsHMp\nDKwnhRybCVGTz29BykHKQyU8oithj1Q9kI4YNKUKhqp8MkpCOgT64lBBElJ4055A\nM29Ec1obrbqb+rDvme0WyCaLcfzKJ0YoCXEa7wLVA6tEszEa/giCBbkaj5v3xm5Y\nSnXpr6Hnjv5CzU1XYCaY59nwoMr27Enx69BFkN66xMeMpCI6WWkhqOba+0j5I2NT\ntW8Fz2ECggEAH4apXO27qe+aCbpoAlX15XcDvXk5whnVeVGySoqlEnDtRFD/V71w\nRX+9kHyWSLs8oz4A0Jd+Bg90vrWIyYYH3gg58h3/qSj59MdPgjlJ8E6kDpda12LT\nfrHWwoNJVJW62T50zPJl6NTBFjE++qC/yLyA4+SMpRRszxzGrHk10KOb/7G7By++\nYFc/URboe2EIY2QTj/L+md+gnFI8XF82hc5zOdMm5Th9d6z2p/XzkbKj1Qja7Lcv\njnN8HXCaahLW4Gymzq/dY+wAC9mhQ/YHyPIrJFXLulU4gj+hGc92/woXSGe+zPJP\ncz2FMQ9BGOb3zYgB/JaF6mQOxQnISNhKyQKCAQEAt0DFiiH8hciB6LA0b5cNiI+Y\nNCWN/Wey4mKfM3uVTl43fMd83kJfmPqzjm+zXoCHs3DUjryaE35t5jQOjOAihqgz\n/YWORH0RFzumGzsu+3gGhfU46MN0mGet7Lz4+RPxUjcC1U2H8TeVdXFg//I7zaoo\nZsHa8hgmt1pE9lVb8YRnid3xi/3UIF8nWTleOvAgVI2WT84c06D9bz171IqkKfQn\nibE6K9sj0HLNgEqJ5NJOLBD1DDXjXub54v/k7ljbAn7g1uImZATXbqGmQ/zSrqkO\nHo3YVvb7Vf+tVCHzs+vdZNjYJh70013Duno7MdTkYBdyaH7t0ehsNhwZXus6MA==\n-----END RSA PRIVATE KEY-----\n",
            "private_key_pem_pkcs8": "-----BEGIN PRIVATE KEY-----\nMIIJRAIBADANBgkqhkiG9w0BAQEFAASCCS4wggkqAgEAAoICAQDBVULGCMWwj+1D\nz8FXiGEAvYA4QZ8RNsOr8VJ/E8DouVSvyyoFOikKbWj61O9ct95z/wlSfbeTVf47\nRDMhe/ql1m/vSWZc4udt5FOXRI5sUzF7XQY8KlyYNOsgyw128vPGuY0n/K7BgSF3\nAXl+JNNwFiRdeixnnNbaYWy33GwekBoQGuazLjo2l9ojWq3TWUEvE6D6Kuwg9sAC\nQOmWd5oDkrN6tA1QKmka9ImOl3psVTzzVKOoT6vnTgDchd3SJ8je7WpOC2To3gac\nRsTy79mKlnbbWrk8sxEhg1A+vsiBXv/NjONQPjiEmHQumu+W64EZnimG6mt2ZUa3\nc5xSG5J3tNIlczyVFkXxKqVqu72ej6c2iS/TWRQwD3/rmCiM5lt006Z+O2GCDUY9\njHq5ev5ViuWiGewflXFAswWmRvCuf1olIKquhF5zSPGr6laxTYErupJl/HiF5QlF\n0DlM9qWmADrvab/MEO5DfeQSLP3kaEMO/gm4dvGLQNoM4BHTSzSMZtVApvurTKfF\n/FvQHF29b4fZtelbCe0/9Tl9GUTuyre4SF9+7DTsAACXRS0x/CO/0VZk4NICjKBU\nkw+L9mRlSJDt6+hzloRxvPyJ0p/SEKBa7sHwpMkqC3UYiAb4u4nO01zr1brUX1LT\n+BLhs201/TkutZvuByTUL25BAUKzlQIDAQABAoICAQCcDpugyRHybKtD0p6pbn+G\nnnCyeF3TAla+I0TJKQPNl1QBtsgLgiAAt8JGvr0cJZteHJ7ExI/7US2vX2S6gZ4Y\nYVjnWWNUVSAkd2r2LrOcQyctAjD3PeaSQh0N0nni60fVwI9tmKzjq718l2cfaNB3\nqJfgEK9pT5OqoXulijqIDR/MojpYplb9HGRLp3WqpWBVhM2rQhxqm2LwLr+e4poi\nijdwM4iPjjxbMssam7GJYuCZNlgIk48aXb+aQkCE0/Jz6EaoCtCAnD/Pw9xUkUET\nelMkyz28/no0iA+tJkkpDKsFm9UdP6xVc85MlGoTc7Q5Ho88xVrLLgMAMEUdjf4S\nVWpHGomm8DcA5nkON93Mgi5ioIjuR12+PTyR8PQNQxIjQqrPOOmYd3ZA7eruYbD2\nAmi0ScHOi8FIJjVQ7jWVEzA56ySRGbXx791vlcA6wApP/w2KCyigyPbcjBUn/KE4\nrFMC6R6WJpOVJ6yq/L7O6x6BeKFwQGmlWHMM3IkOAFXhquxfIzQvAnrOvFAPnz/2\nzlY+fWxrhm+DoxDldgxyHsbnTNXP5hXoCLGg8xqX+elRib1+1gMzEE2z9pS3VYD2\nWrgslVv1YvlLJfh4Mi7kcZrutn/qdZvJQqDKfXcGYVm9DVPdeRCLfqstQ0wbtdTj\nfgrzdyXy1I4gyF6o+ogu4QKCAQEA3Jk/3OjmA8XY8L9FhnXiYxbGvOQocz1K2aBU\nFaMUuKvjhyDiSLvW1EzupXd2kG2dMdbsbM5zUOZ9WldQN8/7Eb8wtRgvjycQ5ILP\nIBcjwzsOD8V22C5uL989CBHonq/aGPtPQYzkAraD7SznNACVoa++g4NeKl2k61IR\n5SdEsQ4cF51DWrZECWVYowRlnWQHXjy87jaJ6ZOtC4HC1qsxNhsif/VmH6avzbk0\nfVver2pFyYiDLNtmxVXf4FwN/lGgzHcoL0E3z1waSnr/chANb/NSM8Ruqq98JS7D\nuKN/3p5mTOy97LEsZ/QKLluoP3iH2iAygbzctFdYuy0RXGVTLQKCAQEA4FvfTA94\n/9cwxLeh1oXxBzmpHT5U4QxqDpliKh0RIGK7ycysfB2whW9dN0vUOcC2UYYv1KRr\ndUThV6hdJ9vJ9fB805qHIoQhoT2xmBwjEis1qIdA7lalVaE/B6VfCnQ9PX/naMBy\nnwcyl64U2H1+4zxzw/6RxF+RytZEljjUNmoK7vOmSmlKQNEJxEtSta4ZFhzv9fPI\nphOx8HTGORZKsjfLFBvuG51xutksllpxzIWzGWZFX8UvYxOO8JdxvnwtH/vA0pFH\ndwuz0633+4hYtKLK8ieIIn87K0lmFvpEnyatXiC5msmNkTh4uAqDKNaghlGo5RO5\nMZ7KrzQ3HWZDCQKCAQEA1ijRHx3bb/47Rj3quUboqVoLRoYZ3wa6C9zixL619zKo\niR8bj5EMVr75UBpSOJSx7xjAHkGvIfMh7vqlHgoDrI74MldwlIFQnQeBHZ5ZUceb\nNyR05BrvTfpjvdnlA2mlSmtv3itxkFCwcykMrCeFHJsJUZPPb0HKQcpDJTyiK2GP\nVD2Qjhg0pQqGqnwySkI6BPriUEESUnjTnkAzb0RzWhutupv6sO+Z7RbIJotx/Mon\nRigJcRrvAtUDq0SzMRr+CIIFuRqPm/fGblhKdemvoeeO/kLNTVdgJpjn2fCgyvbs\nSfHr0EWQ3rrEx4ykIjpZaSGo5tr7SPkjY1O1bwXPYQKCAQAfhqlc7bup75oJumgC\nVfXldwO9eTnCGdV5UbJKiqUScO1EUP9XvXBFf72QfJZIuzyjPgDQl34GD3S+tYjJ\nhgfeCDnyHf+pKPn0x0+COUnwTqQOl1rXYtN+sdbCg0lUlbrZPnTM8mXo1MEWMT76\noL/IvIDj5IylFGzPHMaseTXQo5v/sbsHL75gVz9RFuh7YQhjZBOP8v6Z36CcUjxc\nXzaFznM50yblOH13rPan9fORsqPVCNrsty+Oc3wdcJpqEtbgbKbOr91j7AAL2aFD\n9gfI8iskVcu6VTiCP6EZz3b/ChdIZ77M8k9zPYUxD0EY5vfNiAH8loXqZA7FCchI\n2ErJAoIBAQC3QMWKIfyFyIHosDRvlw2Ij5g0JY39Z7LiYp8ze5VOXjd8x3zeQl+Y\n+rOOb7NegIezcNSOvJoTfm3mNA6M4CKGqDP9hY5EfREXO6YbOy77eAaF9Tjow3SY\nZ63svPj5E/FSNwLVTYfxN5V1cWD/8jvNqihmwdryGCa3WkT2VVvxhGeJ3fGL/dQg\nXydZOV468CBUjZZPzhzToP1vPXvUiqQp9CeJsTor2yPQcs2ASonk0k4sEPUMNeNe\n5vni/+TuWNsCfuDW4iZkBNduoaZD/NKuqQ4ejdhW9vtV/61UIfOz691k2NgmHvTT\nXcO6ejsx1ORgF3Jofu3R6Gw2HBle6zow\n-----END PRIVATE KEY-----\n",
            "public_key_fingerprint_md5": "0a:46:c3:58:c3:e6:b6:1a:09:80:ff:b0:f7:3d:15:ec",
            "public_key_fingerprint_sha256": "SHA256:a6aORwz8PSf78LKMf8OM8TTLa+NTe3kpZP7aQTDHhvY",
            "public_key_openssh": "ssh-rsa AAAAB3NzaC1yc2EAAAADAQABAAACAQDBVULGCMWwj+1Dz8FXiGEAvYA4QZ8RNsOr8VJ/E8DouVSvyyoFOikKbWj61O9ct95z/wlSfbeTVf47RDMhe/ql1m/vSWZc4udt5FOXRI5sUzF7XQY8KlyYNOsgyw128vPGuY0n/K7BgSF3AXl+JNNwFiRdeixnnNbaYWy33GwekBoQGuazLjo2l9ojWq3TWUEvE6D6Kuwg9sACQOmWd5oDkrN6tA1QKmka9ImOl3psVTzzVKOoT6vnTgDchd3SJ8je7WpOC2To3gacRsTy79mKlnbbWrk8sxEhg1A+vsiBXv/NjONQPjiEmHQumu+W64EZnimG6mt2ZUa3c5xSG5J3tNIlczyVFkXxKqVqu72ej6c2iS/TWRQwD3/rmCiM5lt006Z+O2GCDUY9jHq5ev5ViuWiGewflXFAswWmRvCuf1olIKquhF5zSPGr6laxTYErupJl/HiF5QlF0DlM9qWmADrvab/MEO5DfeQSLP3kaEMO/gm4dvGLQNoM4BHTSzSMZtVApvurTKfF/FvQHF29b4fZtelbCe0/9Tl9GUTuyre4SF9+7DTsAACXRS0x/CO/0VZk4NICjKBUkw+L9mRlSJDt6+hzloRxvPyJ0p/SEKBa7sHwpMkqC3UYiAb4u4nO01zr1brUX1LT+BLhs201/TkutZvuByTUL25BAUKzlQ==\n",
            "public_key_pem": "-----BEGIN PUBLIC KEY-----\nMIICIjANBgkqhkiG9w0BAQEFAAOCAg8AMIICCgKCAgEAwVVCxgjFsI/tQ8/BV4hh\nAL2AOEGfETbDq/FSfxPA6LlUr8sqBTopCm1o+tTvXLfec/8JUn23k1X+O0QzIXv6\npdZv70lmXOLnbeRTl0SObFMxe10GPCpcmDTrIMsNdvLzxrmNJ/yuwYEhdwF5fiTT\ncBYkXXosZ5zW2mFst9xsHpAaEBrmsy46NpfaI1qt01lBLxOg+irsIPbAAkDplnea\nA5KzerQNUCppGvSJjpd6bFU881SjqE+r504A3IXd0ifI3u1qTgtk6N4GnEbE8u/Z\nipZ221q5PLMRIYNQPr7IgV7/zYzjUD44hJh0LprvluuBGZ4phuprdmVGt3OcUhuS\nd7TSJXM8lRZF8Sqlaru9no+nNokv01kUMA9/65gojOZbdNOmfjthgg1GPYx6uXr+\nVYrlohnsH5VxQLMFpkbwrn9aJSCqroRec0jxq+pWsU2BK7qSZfx4heUJRdA5TPal\npgA672m/zBDuQ33kEiz95GhDDv4JuHbxi0DaDOAR00s0jGbVQKb7q0ynxfxb0Bxd\nvW+H2bXpWwntP/U5fRlE7sq3uEhffuw07AAAl0UtMfwjv9FWZODSAoygVJMPi/Zk\nZUiQ7evoc5aEcbz8idKf0hCgWu7B8KTJKgt1GIgG+LuJztNc69W61F9S0/gS4bNt\nNf05LrWb7gck1C9uQQFCs5UCAwEAAQ==\n-----END PUBLIC KEY-----\n",
            "rsa_bits": 4096
          },
          "sensitive_attributes": [
            [
              {
                "type": "get_attr",
                "value": "private_key_openssh"
              }
            ],
            [
              {
                "type": "get_attr",
                "value": "private_key_pem"
              }
            ],
            [
              {
                "type": "get_attr",
                "value": "private_key_pem_pkcs8"
              }
            ]
          ],
          "dependencies": [
            "module.vpc.aws_eip.elastic-ip",
            "module.vpc.aws_internet_gateway.igw",
            "module.vpc.aws_nat_gateway.nat",
            "module.vpc.aws_route_table.rt1",
            "module.vpc.aws_route_table.rt2",
            "module.vpc.aws_route_table_association.a",
            "module.vpc.aws_route_table_association.b",
            "module.vpc.aws_security_group.sg",
            "module.vpc.aws_subnet.private",
            "module.vpc.aws_subnet.public",
            "module.vpc.aws_vpc.vpc"
          ]
        }
      ]
    },
    {
      "module": "module.vpc",
      "mode": "managed",
      "type": "aws_eip",
      "name": "elastic-ip",
      "provider": "provider[\"registry.terraform.io/hashicorp/aws\"]",
      "instances": [
        {
          "schema_version": 0,
          "attributes": {
            "address": null,
            "allocation_id": "eipalloc-04db1eb85435e4aaa",
            "arn": "arn:aws:ec2:ap-south-1:767397922031:elastic-ip/eipalloc-04db1eb85435e4aaa",
            "associate_with_private_ip": "172.181.2.0/24",
            "association_id": "",
            "carrier_ip": "",
            "customer_owned_ip": "",
            "customer_owned_ipv4_pool": "",
            "domain": "vpc",
            "id": "eipalloc-04db1eb85435e4aaa",
            "instance": "",
            "network_border_group": "ap-south-1",
            "network_interface": "",
            "private_dns": null,
            "private_ip": "",
            "ptr_record": "",
            "public_dns": "ec2-13-200-100-129.ap-south-1.compute.amazonaws.com",
            "public_ip": "13.200.100.129",
            "public_ipv4_pool": "amazon",
            "tags": null,
            "tags_all": {},
            "timeouts": null,
            "vpc": true
          },
          "sensitive_attributes": [],
          "private": "eyJlMmJmYjczMC1lY2FhLTExZTYtOGY4OC0zNDM2M2JjN2M0YzAiOnsiZGVsZXRlIjoxODAwMDAwMDAwMDAsInJlYWQiOjkwMDAwMDAwMDAwMCwidXBkYXRlIjozMDAwMDAwMDAwMDB9fQ==",
          "dependencies": [
            "module.vpc.aws_internet_gateway.igw",
            "module.vpc.aws_vpc.vpc"
          ]
        }
      ]
    },
    {
      "module": "module.vpc",
      "mode": "managed",
      "type": "aws_internet_gateway",
      "name": "igw",
      "provider": "provider[\"registry.terraform.io/hashicorp/aws\"]",
      "instances": [
        {
          "schema_version": 0,
          "attributes": {
            "arn": "arn:aws:ec2:ap-south-1:767397922031:internet-gateway/igw-0b034dfd3c458d203",
            "id": "igw-0b034dfd3c458d203",
            "owner_id": "767397922031",
            "tags": {
              "Name": "stage-terraform-igw"
            },
            "tags_all": {
              "Name": "stage-terraform-igw"
            },
            "timeouts": null,
            "vpc_id": "vpc-03ce6d2665a8d43a7"
          },
          "sensitive_attributes": [],
          "private": "eyJlMmJmYjczMC1lY2FhLTExZTYtOGY4OC0zNDM2M2JjN2M0YzAiOnsiY3JlYXRlIjoxMjAwMDAwMDAwMDAwLCJkZWxldGUiOjEyMDAwMDAwMDAwMDAsInVwZGF0ZSI6MTIwMDAwMDAwMDAwMH19",
          "dependencies": [
            "module.vpc.aws_vpc.vpc"
          ]
        }
      ]
    },
    {
      "module": "module.vpc",
      "mode": "managed",
      "type": "aws_nat_gateway",
      "name": "nat",
      "provider": "provider[\"registry.terraform.io/hashicorp/aws\"]",
      "instances": [
        {
          "schema_version": 0,
          "attributes": {
            "allocation_id": "eipalloc-04db1eb85435e4aaa",
            "association_id": "eipassoc-091efa9d11cd6ae28",
            "connectivity_type": "public",
            "id": "nat-01696c6a2cdb7ef36",
            "network_interface_id": "eni-073ca0a17ee63289d",
            "private_ip": "172.181.2.195",
            "public_ip": "13.200.100.129",
            "secondary_allocation_ids": null,
            "secondary_private_ip_address_count": 0,
            "secondary_private_ip_addresses": [],
            "subnet_id": "subnet-0c3ecfe0356b27cd2",
            "tags": {
              "Name": "stage-terraform-nat"
            },
            "tags_all": {
              "Name": "stage-terraform-nat"
            },
            "timeouts": null
          },
          "sensitive_attributes": [],
          "private": "eyJlMmJmYjczMC1lY2FhLTExZTYtOGY4OC0zNDM2M2JjN2M0YzAiOnsiY3JlYXRlIjo2MDAwMDAwMDAwMDAsImRlbGV0ZSI6MTgwMDAwMDAwMDAwMCwidXBkYXRlIjo2MDAwMDAwMDAwMDB9fQ==",
          "dependencies": [
            "module.vpc.aws_eip.elastic-ip",
            "module.vpc.aws_internet_gateway.igw",
            "module.vpc.aws_subnet.private",
            "module.vpc.aws_vpc.vpc"
          ]
        }
      ]
    },
    {
      "module": "module.vpc",
      "mode": "managed",
      "type": "aws_route_table",
      "name": "rt1",
      "provider": "provider[\"registry.terraform.io/hashicorp/aws\"]",
      "instances": [
        {
          "schema_version": 0,
          "attributes": {
            "arn": "arn:aws:ec2:ap-south-1:767397922031:route-table/rtb-09cd4e4932887a72a",
            "id": "rtb-09cd4e4932887a72a",
            "owner_id": "767397922031",
            "propagating_vgws": [],
            "route": [
              {
                "carrier_gateway_id": "",
                "cidr_block": "0.0.0.0/0",
                "core_network_arn": "",
                "destination_prefix_list_id": "",
                "egress_only_gateway_id": "",
                "gateway_id": "igw-0b034dfd3c458d203",
                "ipv6_cidr_block": "",
                "local_gateway_id": "",
                "nat_gateway_id": "",
                "network_interface_id": "",
                "transit_gateway_id": "",
                "vpc_endpoint_id": "",
                "vpc_peering_connection_id": ""
              }
            ],
            "tags": {
              "Name": "stage-rt1"
            },
            "tags_all": {
              "Name": "stage-rt1"
            },
            "timeouts": null,
            "vpc_id": "vpc-03ce6d2665a8d43a7"
          },
          "sensitive_attributes": [],
          "private": "eyJlMmJmYjczMC1lY2FhLTExZTYtOGY4OC0zNDM2M2JjN2M0YzAiOnsiY3JlYXRlIjozMDAwMDAwMDAwMDAsImRlbGV0ZSI6MzAwMDAwMDAwMDAwLCJ1cGRhdGUiOjEyMDAwMDAwMDAwMH19",
          "dependencies": [
            "module.vpc.aws_internet_gateway.igw",
            "module.vpc.aws_vpc.vpc"
          ]
        }
      ]
    },
    {
      "module": "module.vpc",
      "mode": "managed",
      "type": "aws_route_table",
      "name": "rt2",
      "provider": "provider[\"registry.terraform.io/hashicorp/aws\"]",
      "instances": [
        {
          "schema_version": 0,
          "attributes": {
            "arn": "arn:aws:ec2:ap-south-1:767397922031:route-table/rtb-09387bf6112594882",
            "id": "rtb-09387bf6112594882",
            "owner_id": "767397922031",
            "propagating_vgws": [],
            "route": [
              {
                "carrier_gateway_id": "",
                "cidr_block": "0.0.0.0/0",
                "core_network_arn": "",
                "destination_prefix_list_id": "",
                "egress_only_gateway_id": "",
                "gateway_id": "nat-01696c6a2cdb7ef36",
                "ipv6_cidr_block": "",
                "local_gateway_id": "",
                "nat_gateway_id": "",
                "network_interface_id": "",
                "transit_gateway_id": "",
                "vpc_endpoint_id": "",
                "vpc_peering_connection_id": ""
              }
            ],
            "tags": {
              "Name": "stage-rt2"
            },
            "tags_all": {
              "Name": "stage-rt2"
            },
            "timeouts": null,
            "vpc_id": "vpc-03ce6d2665a8d43a7"
          },
          "sensitive_attributes": [],
          "private": "eyJlMmJmYjczMC1lY2FhLTExZTYtOGY4OC0zNDM2M2JjN2M0YzAiOnsiY3JlYXRlIjozMDAwMDAwMDAwMDAsImRlbGV0ZSI6MzAwMDAwMDAwMDAwLCJ1cGRhdGUiOjEyMDAwMDAwMDAwMH19",
          "dependencies": [
            "module.vpc.aws_eip.elastic-ip",
            "module.vpc.aws_internet_gateway.igw",
            "module.vpc.aws_nat_gateway.nat",
            "module.vpc.aws_subnet.private",
            "module.vpc.aws_vpc.vpc"
          ]
        }
      ]
    },
    {
      "module": "module.vpc",
      "mode": "managed",
      "type": "aws_route_table_association",
      "name": "a",
      "provider": "provider[\"registry.terraform.io/hashicorp/aws\"]",
      "instances": [
        {
          "schema_version": 0,
          "attributes": {
            "gateway_id": "",
            "id": "rtbassoc-00b73b5a4ed2d86f9",
            "route_table_id": "rtb-09cd4e4932887a72a",
            "subnet_id": "subnet-003f9465316d80dab",
            "timeouts": null
          },
          "sensitive_attributes": [],
          "private": "eyJlMmJmYjczMC1lY2FhLTExZTYtOGY4OC0zNDM2M2JjN2M0YzAiOnsiY3JlYXRlIjozMDAwMDAwMDAwMDAsImRlbGV0ZSI6MzAwMDAwMDAwMDAwLCJ1cGRhdGUiOjEyMDAwMDAwMDAwMH19",
          "dependencies": [
            "module.vpc.aws_internet_gateway.igw",
            "module.vpc.aws_route_table.rt1",
            "module.vpc.aws_subnet.public",
            "module.vpc.aws_vpc.vpc"
          ]
        }
      ]
    },
    {
      "module": "module.vpc",
      "mode": "managed",
      "type": "aws_route_table_association",
      "name": "b",
      "provider": "provider[\"registry.terraform.io/hashicorp/aws\"]",
      "instances": [
        {
          "schema_version": 0,
          "attributes": {
            "gateway_id": "",
            "id": "rtbassoc-09072641ef8b81b29",
            "route_table_id": "rtb-09387bf6112594882",
            "subnet_id": "subnet-0c3ecfe0356b27cd2",
            "timeouts": null
          },
          "sensitive_attributes": [],
          "private": "eyJlMmJmYjczMC1lY2FhLTExZTYtOGY4OC0zNDM2M2JjN2M0YzAiOnsiY3JlYXRlIjozMDAwMDAwMDAwMDAsImRlbGV0ZSI6MzAwMDAwMDAwMDAwLCJ1cGRhdGUiOjEyMDAwMDAwMDAwMH19",
          "dependencies": [
            "module.vpc.aws_eip.elastic-ip",
            "module.vpc.aws_internet_gateway.igw",
            "module.vpc.aws_nat_gateway.nat",
            "module.vpc.aws_route_table.rt2",
            "module.vpc.aws_subnet.private",
            "module.vpc.aws_vpc.vpc"
          ]
        }
      ]
    },
    {
      "module": "module.vpc",
      "mode": "managed",
      "type": "aws_security_group",
      "name": "sg",
      "provider": "provider[\"registry.terraform.io/hashicorp/aws\"]",
      "instances": [
        {
          "schema_version": 1,
          "attributes": {
            "arn": "arn:aws:ec2:ap-south-1:767397922031:security-group/sg-0665856432e8ea273",
            "description": "Allow TLS inbound traffic",
            "egress": [
              {
                "cidr_blocks": [
                  "0.0.0.0/0"
                ],
                "description": "",
                "from_port": 0,
                "ipv6_cidr_blocks": [],
                "prefix_list_ids": [],
                "protocol": "-1",
                "security_groups": [],
                "self": false,
                "to_port": 0
              }
            ],
            "id": "sg-0665856432e8ea273",
            "ingress": [
              {
                "cidr_blocks": [
                  "172.181.0.0/16"
                ],
                "description": "TLS from VPC",
                "from_port": 22,
                "ipv6_cidr_blocks": [],
                "prefix_list_ids": [],
                "protocol": "tcp",
                "security_groups": [],
                "self": false,
                "to_port": 22
              }
            ],
            "name": "vpc-sg",
            "name_prefix": "",
            "owner_id": "767397922031",
            "revoke_rules_on_delete": false,
            "tags": {
              "Name": "stage-sg"
            },
            "tags_all": {
              "Name": "stage-sg"
            },
            "timeouts": null,
            "vpc_id": "vpc-03ce6d2665a8d43a7"
          },
          "sensitive_attributes": [],
          "private": "eyJlMmJmYjczMC1lY2FhLTExZTYtOGY4OC0zNDM2M2JjN2M0YzAiOnsiY3JlYXRlIjo2MDAwMDAwMDAwMDAsImRlbGV0ZSI6OTAwMDAwMDAwMDAwfSwic2NoZW1hX3ZlcnNpb24iOiIxIn0=",
          "dependencies": [
            "module.vpc.aws_vpc.vpc"
          ]
        }
      ]
    },
    {
      "module": "module.vpc",
      "mode": "managed",
      "type": "aws_subnet",
      "name": "private",
      "provider": "provider[\"registry.terraform.io/hashicorp/aws\"]",
      "instances": [
        {
          "schema_version": 1,
          "attributes": {
            "arn": "arn:aws:ec2:ap-south-1:767397922031:subnet/subnet-0c3ecfe0356b27cd2",
            "assign_ipv6_address_on_creation": false,
            "availability_zone": "ap-south-1b",
            "availability_zone_id": "aps1-az3",
            "cidr_block": "172.181.2.0/24",
            "customer_owned_ipv4_pool": "",
            "enable_dns64": false,
            "enable_lni_at_device_index": 0,
            "enable_resource_name_dns_a_record_on_launch": false,
            "enable_resource_name_dns_aaaa_record_on_launch": false,
            "id": "subnet-0c3ecfe0356b27cd2",
            "ipv6_cidr_block": "",
            "ipv6_cidr_block_association_id": "",
            "ipv6_native": false,
            "map_customer_owned_ip_on_launch": false,
            "map_public_ip_on_launch": false,
            "outpost_arn": "",
            "owner_id": "767397922031",
            "private_dns_hostname_type_on_launch": "ip-name",
            "tags": {
              "Name": "stage-private-tf"
            },
            "tags_all": {
              "Name": "stage-private-tf"
            },
            "timeouts": null,
            "vpc_id": "vpc-03ce6d2665a8d43a7"
          },
          "sensitive_attributes": [],
          "private": "eyJlMmJmYjczMC1lY2FhLTExZTYtOGY4OC0zNDM2M2JjN2M0YzAiOnsiY3JlYXRlIjo2MDAwMDAwMDAwMDAsImRlbGV0ZSI6MTIwMDAwMDAwMDAwMH0sInNjaGVtYV92ZXJzaW9uIjoiMSJ9",
          "dependencies": [
            "module.vpc.aws_vpc.vpc"
          ]
        }
      ]
    },
    {
      "module": "module.vpc",
      "mode": "managed",
      "type": "aws_subnet",
      "name": "public",
      "provider": "provider[\"registry.terraform.io/hashicorp/aws\"]",
      "instances": [
        {
          "schema_version": 1,
          "attributes": {
            "arn": "arn:aws:ec2:ap-south-1:767397922031:subnet/subnet-003f9465316d80dab",
            "assign_ipv6_address_on_creation": false,
            "availability_zone": "ap-south-1a",
            "availability_zone_id": "aps1-az1",
            "cidr_block": "172.181.1.0/24",
            "customer_owned_ipv4_pool": "",
            "enable_dns64": false,
            "enable_lni_at_device_index": 0,
            "enable_resource_name_dns_a_record_on_launch": false,
            "enable_resource_name_dns_aaaa_record_on_launch": false,
            "id": "subnet-003f9465316d80dab",
            "ipv6_cidr_block": "",
            "ipv6_cidr_block_association_id": "",
            "ipv6_native": false,
            "map_customer_owned_ip_on_launch": false,
            "map_public_ip_on_launch": true,
            "outpost_arn": "",
            "owner_id": "767397922031",
            "private_dns_hostname_type_on_launch": "ip-name",
            "tags": {
              "Name": "stage-public-tf"
            },
            "tags_all": {
              "Name": "stage-public-tf"
            },
            "timeouts": null,
            "vpc_id": "vpc-03ce6d2665a8d43a7"
          },
          "sensitive_attributes": [],
          "private": "eyJlMmJmYjczMC1lY2FhLTExZTYtOGY4OC0zNDM2M2JjN2M0YzAiOnsiY3JlYXRlIjo2MDAwMDAwMDAwMDAsImRlbGV0ZSI6MTIwMDAwMDAwMDAwMH0sInNjaGVtYV92ZXJzaW9uIjoiMSJ9",
          "dependencies": [
            "module.vpc.aws_vpc.vpc"
          ]
        }
      ]
    },
    {
      "module": "module.vpc",
      "mode": "managed",
      "type": "aws_vpc",
      "name": "vpc",
      "provider": "provider[\"registry.terraform.io/hashicorp/aws\"]",
      "instances": [
        {
          "schema_version": 1,
          "attributes": {
            "arn": "arn:aws:ec2:ap-south-1:767397922031:vpc/vpc-03ce6d2665a8d43a7",
            "assign_generated_ipv6_cidr_block": false,
            "cidr_block": "172.181.0.0/16",
            "default_network_acl_id": "acl-08780cbf8dcc51dce",
            "default_route_table_id": "rtb-0066c920436a5881c",
            "default_security_group_id": "sg-0af4d09be466e67dc",
            "dhcp_options_id": "dopt-0c4428013e72b7af1",
            "enable_dns_hostnames": true,
            "enable_dns_support": false,
            "enable_network_address_usage_metrics": false,
            "id": "vpc-03ce6d2665a8d43a7",
            "instance_tenancy": "default",
            "ipv4_ipam_pool_id": null,
            "ipv4_netmask_length": null,
            "ipv6_association_id": "",
            "ipv6_cidr_block": "",
            "ipv6_cidr_block_network_border_group": "",
            "ipv6_ipam_pool_id": "",
            "ipv6_netmask_length": 0,
            "main_route_table_id": "rtb-0066c920436a5881c",
            "owner_id": "767397922031",
            "tags": {
              "Name": "stage-terraform-vpc"
            },
            "tags_all": {
              "Name": "stage-terraform-vpc"
            }
          },
          "sensitive_attributes": [],
          "private": "eyJzY2hlbWFfdmVyc2lvbiI6IjEifQ=="
        }
      ]
    }
  ],
  "check_results": null
}
