{
  "version": 4,
  "terraform_version": "1.8.4",
  "serial": 5,
  "lineage": "e84293b7-f39e-f584-1514-58e56d05ee55",
  "outputs": {
    "ec2_private_ip": {
      "value": [
        "192.168.2.84"
      ],
      "type": [
        "tuple",
        [
          "string"
        ]
      ]
    },
    "ec2_public_ip": {
      "value": [
        "3.109.216.135"
      ],
      "type": [
        "tuple",
        [
          "string"
        ]
      ]
    },
    "instance-arn": {
      "value": [
        "arn:aws:ec2:ap-south-1:767397922031:instance/i-0b37f485243952837"
      ],
      "type": [
        "tuple",
        [
          "string"
        ]
      ]
    },
    "instance-id": {
      "value": [
        "i-0b37f485243952837"
      ],
      "type": [
        "tuple",
        [
          "string"
        ]
      ]
    },
    "instance_state": {
      "value": [
        "running"
      ],
      "type": [
        "tuple",
        [
          "string"
        ]
      ]
    },
    "private_dns": {
      "value": [
        "ip-192-168-2-84.ap-south-1.compute.internal"
      ],
      "type": [
        "tuple",
        [
          "string"
        ]
      ]
    },
    "public_dns": {
      "value": [
        "ec2-3-109-216-135.ap-south-1.compute.amazonaws.com"
      ],
      "type": [
        "tuple",
        [
          "string"
        ]
      ]
    }
  },
  "resources": [
    {
      "mode": "data",
      "type": "terraform_remote_state",
      "name": "vpc",
      "provider": "provider[\"terraform.io/builtin/terraform\"]",
      "instances": [
        {
          "schema_version": 0,
          "attributes": {
            "backend": "local",
            "config": {
              "value": {
                "path": "E:\\terraform\\Read state file with local\\common-resource\\terraform.tfstate"
              },
              "type": [
                "object",
                {
                  "path": "string"
                }
              ]
            },
            "defaults": null,
            "outputs": {
              "value": {
                "default_network_acl_id": "acl-078e55d3687ce37c2",
                "default_security_group_id": "sg-02e3a842f4018dab8",
                "igw_arn": "arn:aws:ec2:ap-south-1:767397922031:internet-gateway/igw-0d20ff56977f575a1",
                "igw_id": "igw-0d20ff56977f575a1",
                "nat_ids": [
                  "eipalloc-0e06a436e9184bfe5"
                ],
                "natgw_ids": [
                  "nat-00240d46f5fd2159c"
                ],
                "private_route_table_ids": [
                  "rtb-0c6c352623d2ea083"
                ],
                "private_subnet_arns": [
                  "arn:aws:ec2:ap-south-1:767397922031:subnet/subnet-0d02d24e138995d15"
                ],
                "private_subnets": [
                  "subnet-0d02d24e138995d15"
                ],
                "public_route_table_ids": [
                  "rtb-0e94585add057de9b"
                ],
                "public_subnet_arns": [
                  "arn:aws:ec2:ap-south-1:767397922031:subnet/subnet-0d2e67a0e58e6c41a"
                ],
                "public_subnets": [
                  "subnet-0d2e67a0e58e6c41a"
                ],
                "security_group_id": "sg-0d1bf50115e43c8e1",
                "vpc_arn": "arn:aws:ec2:ap-south-1:767397922031:vpc/vpc-0e3eba27b51ba5c83",
                "vpc_enable_dns_hostnames": true,
                "vpc_enable_dns_support": true,
                "vpc_id": "vpc-0e3eba27b51ba5c83",
                "vpc_instance_tenancy": "default",
                "vpc_main_route_table_id": "rtb-0fbb2b2bd456f7870",
                "vpc_owner_id": "767397922031"
              },
              "type": [
                "object",
                {
                  "default_network_acl_id": "string",
                  "default_security_group_id": "string",
                  "igw_arn": "string",
                  "igw_id": "string",
                  "nat_ids": [
                    "tuple",
                    [
                      "string"
                    ]
                  ],
                  "natgw_ids": [
                    "tuple",
                    [
                      "string"
                    ]
                  ],
                  "private_route_table_ids": [
                    "tuple",
                    [
                      "string"
                    ]
                  ],
                  "private_subnet_arns": [
                    "tuple",
                    [
                      "string"
                    ]
                  ],
                  "private_subnets": [
                    "tuple",
                    [
                      "string"
                    ]
                  ],
                  "public_route_table_ids": [
                    "tuple",
                    [
                      "string"
                    ]
                  ],
                  "public_subnet_arns": [
                    "tuple",
                    [
                      "string"
                    ]
                  ],
                  "public_subnets": [
                    "tuple",
                    [
                      "string"
                    ]
                  ],
                  "security_group_id": "string",
                  "vpc_arn": "string",
                  "vpc_enable_dns_hostnames": "bool",
                  "vpc_enable_dns_support": "bool",
                  "vpc_id": "string",
                  "vpc_instance_tenancy": "string",
                  "vpc_main_route_table_id": "string",
                  "vpc_owner_id": "string"
                }
              ]
            },
            "workspace": null
          },
          "sensitive_attributes": []
        }
      ]
    },
    {
      "mode": "managed",
      "type": "aws_instance",
      "name": "EC2",
      "provider": "provider[\"registry.terraform.io/hashicorp/aws\"]",
      "instances": [
        {
          "schema_version": 1,
          "attributes": {
            "ami": "ami-0e159fc62d940d348",
            "arn": "arn:aws:ec2:ap-south-1:767397922031:instance/i-0b37f485243952837",
            "associate_public_ip_address": true,
            "availability_zone": "ap-south-1a",
            "capacity_reservation_specification": [
              {
                "capacity_reservation_preference": "open",
                "capacity_reservation_target": []
              }
            ],
            "cpu_core_count": 1,
            "cpu_options": [
              {
                "amd_sev_snp": "",
                "core_count": 1,
                "threads_per_core": 1
              }
            ],
            "cpu_threads_per_core": 1,
            "credit_specification": [
              {
                "cpu_credits": "standard"
              }
            ],
            "disable_api_stop": false,
            "disable_api_termination": false,
            "ebs_block_device": [],
            "ebs_optimized": false,
            "enclave_options": [
              {
                "enabled": false
              }
            ],
            "ephemeral_block_device": [],
            "get_password_data": false,
            "hibernation": false,
            "host_id": "",
            "host_resource_group_arn": null,
            "iam_instance_profile": "",
            "id": "i-0b37f485243952837",
            "instance_initiated_shutdown_behavior": "stop",
            "instance_lifecycle": "",
            "instance_market_options": [],
            "instance_state": "running",
            "instance_type": "t2.micro",
            "ipv6_address_count": 0,
            "ipv6_addresses": [],
            "key_name": "uudhhay",
            "launch_template": [],
            "maintenance_options": [
              {
                "auto_recovery": "default"
              }
            ],
            "metadata_options": [
              {
                "http_endpoint": "enabled",
                "http_protocol_ipv6": "disabled",
                "http_put_response_hop_limit": 1,
                "http_tokens": "optional",
                "instance_metadata_tags": "disabled"
              }
            ],
            "monitoring": false,
            "network_interface": [],
            "outpost_arn": "",
            "password_data": "",
            "placement_group": "",
            "placement_partition_number": 0,
            "primary_network_interface_id": "eni-05458d39457b3ce7e",
            "private_dns": "ip-192-168-2-84.ap-south-1.compute.internal",
            "private_dns_name_options": [
              {
                "enable_resource_name_dns_a_record": false,
                "enable_resource_name_dns_aaaa_record": false,
                "hostname_type": "ip-name"
              }
            ],
            "private_ip": "192.168.2.84",
            "public_dns": "ec2-3-109-216-135.ap-south-1.compute.amazonaws.com",
            "public_ip": "3.109.216.135",
            "root_block_device": [
              {
                "delete_on_termination": true,
                "device_name": "/dev/xvda",
                "encrypted": false,
                "iops": 100,
                "kms_key_id": "",
                "tags": {},
                "tags_all": {},
                "throughput": 0,
                "volume_id": "vol-080e84e5fd7b6e29e",
                "volume_size": 8,
                "volume_type": "gp2"
              }
            ],
            "secondary_private_ips": [],
            "security_groups": [
              "sg-0d1bf50115e43c8e1"
            ],
            "source_dest_check": true,
            "spot_instance_request_id": "",
            "subnet_id": "subnet-0d2e67a0e58e6c41a",
            "tags": {
              "Name": "uudhhay"
            },
            "tags_all": {
              "Name": "uudhhay"
            },
            "tenancy": "default",
            "timeouts": null,
            "user_data": null,
            "user_data_base64": null,
            "user_data_replace_on_change": false,
            "volume_tags": null,
            "vpc_security_group_ids": [
              "sg-0d1bf50115e43c8e1"
            ]
          },
          "sensitive_attributes": [],
          "private": "eyJlMmJmYjczMC1lY2FhLTExZTYtOGY4OC0zNDM2M2JjN2M0YzAiOnsiY3JlYXRlIjo2MDAwMDAwMDAwMDAsImRlbGV0ZSI6MTIwMDAwMDAwMDAwMCwicmVhZCI6OTAwMDAwMDAwMDAwLCJ1cGRhdGUiOjYwMDAwMDAwMDAwMH0sInNjaGVtYV92ZXJzaW9uIjoiMSJ9",
          "dependencies": [
            "data.terraform_remote_state.vpc"
          ]
        }
      ]
    }
  ],
  "check_results": null
}
