{
  "version": 4,
  "terraform_version": "1.8.4",
  "serial": 17,
  "lineage": "e9535daf-ffc0-d1b3-1e04-e9a5fb7bf6b0",
  "outputs": {
    "VPC_ID": {
      "value": "vpc-0caadf9df88b3cc31",
      "type": "string"
    },
    "private-subnet-arns": {
      "value": "arn:aws:ec2:ap-south-1:767397922031:subnet/subnet-0bcf3950889827ca7",
      "type": "string"
    },
    "private-subnet-id": {
      "value": "subnet-0bcf3950889827ca7",
      "type": "string"
    },
    "public-subnet-arns": {
      "value": "arn:aws:ec2:ap-south-1:767397922031:subnet/subnet-07b59f62f2917cb3e",
      "type": "string"
    },
    "public-subnet-id": {
      "value": "subnet-07b59f62f2917cb3e",
      "type": "string"
    }
  },
  "resources": [
    {
      "module": "module.EC2",
      "mode": "managed",
      "type": "aws_instance",
      "name": "ec2",
      "provider": "provider[\"registry.terraform.io/hashicorp/aws\"]",
      "instances": [
        {
          "index_key": 0,
          "schema_version": 1,
          "attributes": {
            "ami": "ami-08718895af4dfa033",
            "arn": "arn:aws:ec2:ap-south-1:767397922031:instance/i-0689d9fc725ace141",
            "associate_public_ip_address": true,
            "availability_zone": "ap-south-1a",
            "capacity_reservation_specification": [
              {
                "capacity_reservation_preference": "open",
                "capacity_reservation_target": []
              }
            ],
            "cpu_core_count": 1,
            "cpu_options": [
              {
                "amd_sev_snp": "",
                "core_count": 1,
                "threads_per_core": 1
              }
            ],
            "cpu_threads_per_core": 1,
            "credit_specification": [
              {
                "cpu_credits": "standard"
              }
            ],
            "disable_api_stop": false,
            "disable_api_termination": false,
            "ebs_block_device": [],
            "ebs_optimized": false,
            "enclave_options": [
              {
                "enabled": false
              }
            ],
            "ephemeral_block_device": [],
            "get_password_data": false,
            "hibernation": false,
            "host_id": "",
            "host_resource_group_arn": null,
            "iam_instance_profile": "",
            "id": "i-0689d9fc725ace141",
            "instance_initiated_shutdown_behavior": "stop",
            "instance_lifecycle": "",
            "instance_market_options": [],
            "instance_state": "running",
            "instance_type": "t2.micro",
            "ipv6_address_count": 0,
            "ipv6_addresses": [],
            "key_name": "dev",
            "launch_template": [],
            "maintenance_options": [
              {
                "auto_recovery": "default"
              }
            ],
            "metadata_options": [
              {
                "http_endpoint": "enabled",
                "http_protocol_ipv6": "disabled",
                "http_put_response_hop_limit": 2,
                "http_tokens": "required",
                "instance_metadata_tags": "disabled"
              }
            ],
            "monitoring": false,
            "network_interface": [],
            "outpost_arn": "",
            "password_data": "",
            "placement_group": "",
            "placement_partition_number": 0,
            "primary_network_interface_id": "eni-0ef3bfc436bc66e2d",
            "private_dns": "ip-192-168-1-68.ap-south-1.compute.internal",
            "private_dns_name_options": [
              {
                "enable_resource_name_dns_a_record": false,
                "enable_resource_name_dns_aaaa_record": false,
                "hostname_type": "ip-name"
              }
            ],
            "private_ip": "192.168.1.68",
            "public_dns": "",
            "public_ip": "3.108.185.44",
            "root_block_device": [
              {
                "delete_on_termination": true,
                "device_name": "/dev/xvda",
                "encrypted": false,
                "iops": 3000,
                "kms_key_id": "",
                "tags": {},
                "tags_all": {},
                "throughput": 125,
                "volume_id": "vol-08c40507106a3f818",
                "volume_size": 8,
                "volume_type": "gp3"
              }
            ],
            "secondary_private_ips": [],
            "security_groups": [
              "sg-0563c21793f3a09b6"
            ],
            "source_dest_check": true,
            "spot_instance_request_id": "",
            "subnet_id": "subnet-07b59f62f2917cb3e",
            "tags": {
              "Name": "dev - 1"
            },
            "tags_all": {
              "Name": "dev - 1"
            },
            "tenancy": "default",
            "timeouts": null,
            "user_data": null,
            "user_data_base64": null,
            "user_data_replace_on_change": false,
            "volume_tags": null,
            "vpc_security_group_ids": [
              "sg-0563c21793f3a09b6"
            ]
          },
          "sensitive_attributes": [],
          "private": "eyJlMmJmYjczMC1lY2FhLTExZTYtOGY4OC0zNDM2M2JjN2M0YzAiOnsiY3JlYXRlIjo2MDAwMDAwMDAwMDAsImRlbGV0ZSI6MTIwMDAwMDAwMDAwMCwicmVhZCI6OTAwMDAwMDAwMDAwLCJ1cGRhdGUiOjYwMDAwMDAwMDAwMH0sInNjaGVtYV92ZXJzaW9uIjoiMSJ9",
          "dependencies": [
            "module.EC2.aws_key_pair.tf-key-pair",
            "module.EC2.tls_private_key.rsa",
            "module.vpc.aws_eip.elastic-ip",
            "module.vpc.aws_internet_gateway.igw",
            "module.vpc.aws_nat_gateway.nat",
            "module.vpc.aws_route_table.rt1",
            "module.vpc.aws_route_table.rt2",
            "module.vpc.aws_route_table_association.a",
            "module.vpc.aws_route_table_association.b",
            "module.vpc.aws_security_group.sg",
            "module.vpc.aws_subnet.private",
            "module.vpc.aws_subnet.public",
            "module.vpc.aws_vpc.vpc"
          ]
        },
        {
          "index_key": 1,
          "schema_version": 1,
          "attributes": {
            "ami": "ami-08718895af4dfa033",
            "arn": "arn:aws:ec2:ap-south-1:767397922031:instance/i-0dc812897573c8f59",
            "associate_public_ip_address": false,
            "availability_zone": "ap-south-1b",
            "capacity_reservation_specification": [
              {
                "capacity_reservation_preference": "open",
                "capacity_reservation_target": []
              }
            ],
            "cpu_core_count": 1,
            "cpu_options": [
              {
                "amd_sev_snp": "",
                "core_count": 1,
                "threads_per_core": 1
              }
            ],
            "cpu_threads_per_core": 1,
            "credit_specification": [
              {
                "cpu_credits": "standard"
              }
            ],
            "disable_api_stop": false,
            "disable_api_termination": false,
            "ebs_block_device": [],
            "ebs_optimized": false,
            "enclave_options": [
              {
                "enabled": false
              }
            ],
            "ephemeral_block_device": [],
            "get_password_data": false,
            "hibernation": false,
            "host_id": "",
            "host_resource_group_arn": null,
            "iam_instance_profile": "",
            "id": "i-0dc812897573c8f59",
            "instance_initiated_shutdown_behavior": "stop",
            "instance_lifecycle": "",
            "instance_market_options": [],
            "instance_state": "running",
            "instance_type": "t2.micro",
            "ipv6_address_count": 0,
            "ipv6_addresses": [],
            "key_name": "dev",
            "launch_template": [],
            "maintenance_options": [
              {
                "auto_recovery": "default"
              }
            ],
            "metadata_options": [
              {
                "http_endpoint": "enabled",
                "http_protocol_ipv6": "disabled",
                "http_put_response_hop_limit": 2,
                "http_tokens": "required",
                "instance_metadata_tags": "disabled"
              }
            ],
            "monitoring": false,
            "network_interface": [],
            "outpost_arn": "",
            "password_data": "",
            "placement_group": "",
            "placement_partition_number": 0,
            "primary_network_interface_id": "eni-0121a982063856f02",
            "private_dns": "ip-192-168-2-36.ap-south-1.compute.internal",
            "private_dns_name_options": [
              {
                "enable_resource_name_dns_a_record": false,
                "enable_resource_name_dns_aaaa_record": false,
                "hostname_type": "ip-name"
              }
            ],
            "private_ip": "192.168.2.36",
            "public_dns": "",
            "public_ip": "",
            "root_block_device": [
              {
                "delete_on_termination": true,
                "device_name": "/dev/xvda",
                "encrypted": false,
                "iops": 3000,
                "kms_key_id": "",
                "tags": {},
                "tags_all": {},
                "throughput": 125,
                "volume_id": "vol-0461d1ec8c245f61b",
                "volume_size": 8,
                "volume_type": "gp3"
              }
            ],
            "secondary_private_ips": [],
            "security_groups": [
              "sg-0563c21793f3a09b6"
            ],
            "source_dest_check": true,
            "spot_instance_request_id": "",
            "subnet_id": "subnet-0bcf3950889827ca7",
            "tags": {
              "Name": "dev - 2"
            },
            "tags_all": {
              "Name": "dev - 2"
            },
            "tenancy": "default",
            "timeouts": null,
            "user_data": null,
            "user_data_base64": null,
            "user_data_replace_on_change": false,
            "volume_tags": null,
            "vpc_security_group_ids": [
              "sg-0563c21793f3a09b6"
            ]
          },
          "sensitive_attributes": [],
          "private": "eyJlMmJmYjczMC1lY2FhLTExZTYtOGY4OC0zNDM2M2JjN2M0YzAiOnsiY3JlYXRlIjo2MDAwMDAwMDAwMDAsImRlbGV0ZSI6MTIwMDAwMDAwMDAwMCwicmVhZCI6OTAwMDAwMDAwMDAwLCJ1cGRhdGUiOjYwMDAwMDAwMDAwMH0sInNjaGVtYV92ZXJzaW9uIjoiMSJ9",
          "dependencies": [
            "module.EC2.aws_key_pair.tf-key-pair",
            "module.EC2.tls_private_key.rsa",
            "module.vpc.aws_eip.elastic-ip",
            "module.vpc.aws_internet_gateway.igw",
            "module.vpc.aws_nat_gateway.nat",
            "module.vpc.aws_route_table.rt1",
            "module.vpc.aws_route_table.rt2",
            "module.vpc.aws_route_table_association.a",
            "module.vpc.aws_route_table_association.b",
            "module.vpc.aws_security_group.sg",
            "module.vpc.aws_subnet.private",
            "module.vpc.aws_subnet.public",
            "module.vpc.aws_vpc.vpc"
          ]
        }
      ]
    },
    {
      "module": "module.EC2",
      "mode": "managed",
      "type": "aws_key_pair",
      "name": "tf-key-pair",
      "provider": "provider[\"registry.terraform.io/hashicorp/aws\"]",
      "instances": [
        {
          "schema_version": 1,
          "attributes": {
            "arn": "arn:aws:ec2:ap-south-1:767397922031:key-pair/dev",
            "fingerprint": "e1:64:e1:68:0c:c7:58:1e:f9:37:56:30:86:53:9b:62",
            "id": "dev",
            "key_name": "dev",
            "key_name_prefix": "",
            "key_pair_id": "key-033eb9918a3352e2b",
            "key_type": "rsa",
            "public_key": "ssh-rsa AAAAB3NzaC1yc2EAAAADAQABAAACAQDBLxPh0D/SCBcx4V+fazHZfr9PEqpEg4dok14hi1JuRR5Cy/LR6DRfn5S3MFX8ODcp8gc1XugD6zuRGdzATM4NlLnzdb/T8V9oEL1nlKK89njC8qFM9bclSrstJ4MkFmuRmq0p5HdXIDq5CUDbQcvgjY1RxcGDsNuMDO/l4jVMYH0Op5IJ/F5vaBH3vouY/iSAX83mk5fm5yzpZOtR38CxjTx8u5l1cTLI/eP+lwypuZ2WWwylT8Fbo7N4iHi3oYtkmTqCktzVhx07wTHDGqxqi+uxNA53RAlGmbsQ0fyEyDmJdIVfETLCCHl+XWnRUBpuoTCYLDcztIVOzYQ6fartHHrwZLlIrzSlNuo8PbdeNwkRCN+T1rni8WGuRY7QxA7OJsEjT0fQKEvnLnkI6G0UGwD9o9BQ+NWyYq5cuXl8icXVP6JxajWjW8xvgOd9NlnC2ZOOnnc1k56OC7vzuAdotxpdFgOzNNNqH3lJBgHDW9Wl6A/w0Yzze6zYQmoBxPgXW1MHL9DjUh0qlnx6Q3McovGhgyXIyUTaXn6Q2yxaaablG5DU8fN+cSFKHNeJOexyc6mJ4OCmOsc9KD7VUVVJc1jxmtqQxvkwJ9EcYZL34wO0DAaOFSGDoTQoLvYQaY8NLPcFB6nMmsG/QJ7TPsJBkrNAmeJ+MWE3evkbVVkFGQ==",
            "tags": null,
            "tags_all": {}
          },
          "sensitive_attributes": [],
          "private": "eyJzY2hlbWFfdmVyc2lvbiI6IjEifQ==",
          "dependencies": [
            "module.EC2.tls_private_key.rsa",
            "module.vpc.aws_eip.elastic-ip",
            "module.vpc.aws_internet_gateway.igw",
            "module.vpc.aws_nat_gateway.nat",
            "module.vpc.aws_route_table.rt1",
            "module.vpc.aws_route_table.rt2",
            "module.vpc.aws_route_table_association.a",
            "module.vpc.aws_route_table_association.b",
            "module.vpc.aws_security_group.sg",
            "module.vpc.aws_subnet.private",
            "module.vpc.aws_subnet.public",
            "module.vpc.aws_vpc.vpc"
          ]
        }
      ]
    },
    {
      "module": "module.EC2",
      "mode": "managed",
      "type": "local_file",
      "name": "tf-key",
      "provider": "provider[\"registry.terraform.io/hashicorp/local\"]",
      "instances": [
        {
          "schema_version": 0,
          "attributes": {
            "content": "-----BEGIN RSA PRIVATE KEY-----\nMIIJKgIBAAKCAgEAwS8T4dA/0ggXMeFfn2sx2X6/TxKqRIOHaJNeIYtSbkUeQsvy\n0eg0X5+UtzBV/Dg3KfIHNV7oA+s7kRncwEzODZS583W/0/FfaBC9Z5SivPZ4wvKh\nTPW3JUq7LSeDJBZrkZqtKeR3VyA6uQlA20HL4I2NUcXBg7DbjAzv5eI1TGB9DqeS\nCfxeb2gR976LmP4kgF/N5pOX5ucs6WTrUd/AsY08fLuZdXEyyP3j/pcMqbmdllsM\npU/BW6OzeIh4t6GLZJk6gpLc1YcdO8ExwxqsaovrsTQOd0QJRpm7ENH8hMg5iXSF\nXxEywgh5fl1p0VAabqEwmCw3M7SFTs2EOn2q7Rx68GS5SK80pTbqPD23XjcJEQjf\nk9a54vFhrkWO0MQOzibBI09H0ChL5y55COhtFBsA/aPQUPjVsmKuXLl5fInF1T+i\ncWo1o1vMb4DnfTZZwtmTjp53NZOejgu787gHaLcaXRYDszTTah95SQYBw1vVpegP\n8NGM83us2EJqAcT4F1tTBy/Q41IdKpZ8ekNzHKLxoYMlyMlE2l5+kNssWmmm5RuQ\n1PHzfnEhShzXiTnscnOpieDgpjrHPSg+1VFVSXNY8ZrakMb5MCfRHGGS9+MDtAwG\njhUhg6E0KC72EGmPDSz3BQepzJrBv0Ce0z7CQZKzQJnifjFhN3r5G1VZBRkCAwEA\nAQKCAgEAltEGGJjX+kTOtuZYHME3HbFR8Y2E2BBHOmEyb8WxCN11DnjijPVXTf/r\nvkhCGLJafqiw7/2z7LtMua8TJB3SD9A4i9U1eWVLMpc/BwqHMjbJeIirXMXHwZli\nH5JlU1sdh4LWBYqTkLVcovCSbZokbJ6V4W0d8o20GNZQw4uiSIpbl4FDBgC8SQVa\nYaukmEBwhrhEquo3ANEhwuRCwpyIdxToUAi1eXZyS2/K+ws5m5eJa8SRTs3BCqX2\nivcgJ1w60sK9Zwr41MqzC9971fGRAW1TB/i4AmxfQXrrC+qj1ZXrNWB+bwWiNtEe\n6IRNBFghCpVUtrhuMDOSjz7rKC7LrQ3oXY7LiN2+iiWE2y1AII6L4kuHJotGwF6E\nrAmvBC4p7FkeA6MBeB/OvTeu0tMfLi0gTIbTa8JJG2Q/pbTVRLug4+XPRqo7TW/r\n3XhY1t24Krt9NUFYR5Cb+b96IL7RMhrD5Ev1JRcC6+X8xLVjDiDmUGhG+4Va7BgB\nfYXesMVKPOB4evc+gNqi5q2LsD+5mn0YNt1Ut9lzHfOul/XM9Uoa9aAj7E0hjXHg\nactFrWMtgmgQJO1X+nxOj6/7b1xs6sD/5971vQ1w4A/QhS1pFvg+Svj/eBYrdzFq\neFjkXIrEmFoGPNw7VgzDLUPPzxuMMI9WQ6ggbANhVRSgf0VeTvECggEBAOOFhGMu\nV+dKctlwLAjd3NJ48qdjm9hCssUM+KirTin/3FT1eE2YyuqC/pvY73+GPaJ2pN2A\nlHGO59K/QUzHtPgfsWui5MQZ/qcLWTuEqqg9aEUveN4nVopci0DRQ2sfJzflERc8\nwI/QrZ/jQotSYyTDsLkLCBJrsGF5ugt/qSDL8dk8/jvEjj2Os37WN30b2lu46z/2\nj14RhQJ6Rd9lPQvfcyXxYceZiDPvBf9bJqYd350Hacc50OOiAcBHJmKii1SX2xEf\nBlPqM9q22KHBGnq/oPHLYraiccNAYB5Y9Sgqrce4J+Xz+4xo3PwypGran34HC2dQ\nj78uyT2GKRxrpcsCggEBANldRxByoAmp/fzvFQTwfhjeFtvDVBtMo9kgj1qquI3H\ne1dMMdD2wVjjuOMaDW5+4NEM3ssTOJEt3Ydfb7ORxOwvPRzGBs6lisBvmk2FK6o8\nQQX9urHGK3xH8XuzoPwkCIRcoRNniRbuRHMNy8mFjIGpDrVqroYjPHupCIW/8XgG\nv9fW7vTXZQaboL1LSbPbzQ/y+677e2Tw+EKOXyz84Ic6G2xRjYnoyhdCqMR8Ztsp\noTNdod0vRShY6I4eZNItQL4NjrVLj+CbHddgfTM1pzPXvgvUK+vbpegccPeDM3oQ\n9VkLRem62UgFiP1TxWq24Njlg1xMirypodOWMQRnBCsCggEALCYja0951TK4GINQ\nuCO9DsZTZ7HHcu52XBBJTAl5sGKqsX20a3JDpb/ngfxVdOxql1ToZublZyewyk88\nb5atAhy8Q8OnGnpk1Ks6FHeI2f6YdhxhGtKNU2njx58TsvynkowLhfPO9dkrZ8Qk\njH5fKKokZ7PBTDnDTxbcyBBslCWe92WDe7uHUmCXafxNZiR6eaPnWlEQvtMteS6a\n0l+FugERCgLN03pyWImAI23fkQpo8sKWfwc0BofQSSxFQYyC9tZEtwzLIItopn8m\niDS9W6ZFp8WskP3yj021mQ3v/GxTrlaIv3FZlYRfpTx6dRWZL05UoyaZziJZAGxB\nG/ezgwKCAQEAlMJVxFfuVy7T+KrXQ84jPnmgQz7m7NgCurKh6Xc1XzLKovAul8iI\ngoE3I5XM43ZJ/khEoc7Bw/oTxnX2SHrWvp2FwY91US/SSekXPT6Kp7Mc/TCs+MWb\nNS83gWVqI6W1foC2bEVLeToP9n3WnlCb3JEK0/XzAzJSTn9cqcy3QWG9IcajO0W+\nikswMty30DP5n5S30wWhaW/ROBuf33YhY+rModEegOekh07DmdVZv1w6SqEmCe4z\n8m0Gm10Jux3lVSyKImFYUmtWfPQ4OzfY+o4ILqhCduSYIsZ0ObC9Jik9AHfKnS+X\nTMcc/eK7FVGbiFVrFVv9BylA60G6wjyOiQKCAQEAw3MBJBbnTjnteRFmJXuTm87z\nc3oCmbwtKpbjUItyvacBH8YxFP6xSZuLaJ2VMCDk2JHlv54K3WrMJ7pGS2dBRz/T\nbP+Lj7TEMyoybNcmDIx9rfBPCywb0F6QLcT+B9e6zFzna1iYGksldESxW1GGdCku\nqNAgNU7g4L2cESd7ZQoD1pjXRGRzdL2/msv3lEgh8IwJ2ZFIS3RjVnsTeBddxUzu\nwI21n5p0FsbK0tLJyaD48dQuDCfbsYoPB0lK62KTwz5Pgx+KcqQN2gVWpf5uvw7S\nLwzJnynFQ/GkWAlzCUTPfeBN2dI9RnaMsmhVs1rXPgTZRE2ipVchk8UdTFY0jQ==\n-----END RSA PRIVATE KEY-----\n",
            "content_base64": null,
            "content_base64sha256": "dvCJ3N+8+PL1ZnjqUCTP9zlrlFxLH4DCv9wF1nD9TjU=",
            "content_base64sha512": "JmBt7Ri0izdUdcpZobiWUwbf8U6X+yhDtx1ndOxcKjzyN/zzlG7IMNzmhOaaExlKQbG/zfj/gKn1T16laKbXDQ==",
            "content_md5": "fcfc09dee9bd498e287f67fb1971330d",
            "content_sha1": "4ec10cf3a30fa579526d4a137f28aa0b1e0df5a8",
            "content_sha256": "76f089dcdfbcf8f2f56678ea5024cff7396b945c4b1f80c2bfdc05d670fd4e35",
            "content_sha512": "26606ded18b48b375475ca59a1b8965306dff14e97fb2843b71d6774ec5c2a3cf237fcf3946ec830dce684e69a13194a41b1bfcdf8ff80a9f54f5ea568a6d70d",
            "directory_permission": "0777",
            "file_permission": "0777",
            "filename": "dev.pem",
            "id": "4ec10cf3a30fa579526d4a137f28aa0b1e0df5a8",
            "sensitive_content": null,
            "source": null
          },
          "sensitive_attributes": [
            [
              {
                "type": "get_attr",
                "value": "content"
              }
            ],
            [
              {
                "type": "get_attr",
                "value": "sensitive_content"
              }
            ]
          ],
          "dependencies": [
            "module.EC2.tls_private_key.rsa",
            "module.vpc.aws_eip.elastic-ip",
            "module.vpc.aws_internet_gateway.igw",
            "module.vpc.aws_nat_gateway.nat",
            "module.vpc.aws_route_table.rt1",
            "module.vpc.aws_route_table.rt2",
            "module.vpc.aws_route_table_association.a",
            "module.vpc.aws_route_table_association.b",
            "module.vpc.aws_security_group.sg",
            "module.vpc.aws_subnet.private",
            "module.vpc.aws_subnet.public",
            "module.vpc.aws_vpc.vpc"
          ]
        }
      ]
    },
    {
      "module": "module.EC2",
      "mode": "managed",
      "type": "tls_private_key",
      "name": "rsa",
      "provider": "provider[\"registry.terraform.io/hashicorp/tls\"]",
      "instances": [
        {
          "schema_version": 1,
          "attributes": {
            "algorithm": "RSA",
            "ecdsa_curve": "P224",
            "id": "fa543fa69ee5a367276e4887d0be4234035032a3",
            "private_key_openssh": "-----BEGIN OPENSSH PRIVATE KEY-----\nb3BlbnNzaC1rZXktdjEAAAAABG5vbmUAAAAEbm9uZQAAAAAAAAABAAACFwAAAAdz\nc2gtcnNhAAAAAwEAAQAAAgEAwS8T4dA/0ggXMeFfn2sx2X6/TxKqRIOHaJNeIYtS\nbkUeQsvy0eg0X5+UtzBV/Dg3KfIHNV7oA+s7kRncwEzODZS583W/0/FfaBC9Z5Si\nvPZ4wvKhTPW3JUq7LSeDJBZrkZqtKeR3VyA6uQlA20HL4I2NUcXBg7DbjAzv5eI1\nTGB9DqeSCfxeb2gR976LmP4kgF/N5pOX5ucs6WTrUd/AsY08fLuZdXEyyP3j/pcM\nqbmdllsMpU/BW6OzeIh4t6GLZJk6gpLc1YcdO8ExwxqsaovrsTQOd0QJRpm7ENH8\nhMg5iXSFXxEywgh5fl1p0VAabqEwmCw3M7SFTs2EOn2q7Rx68GS5SK80pTbqPD23\nXjcJEQjfk9a54vFhrkWO0MQOzibBI09H0ChL5y55COhtFBsA/aPQUPjVsmKuXLl5\nfInF1T+icWo1o1vMb4DnfTZZwtmTjp53NZOejgu787gHaLcaXRYDszTTah95SQYB\nw1vVpegP8NGM83us2EJqAcT4F1tTBy/Q41IdKpZ8ekNzHKLxoYMlyMlE2l5+kNss\nWmmm5RuQ1PHzfnEhShzXiTnscnOpieDgpjrHPSg+1VFVSXNY8ZrakMb5MCfRHGGS\n9+MDtAwGjhUhg6E0KC72EGmPDSz3BQepzJrBv0Ce0z7CQZKzQJnifjFhN3r5G1VZ\nBRkAAAc4kYuZSpGLmUoAAAAHc3NoLXJzYQAAAgEAwS8T4dA/0ggXMeFfn2sx2X6/\nTxKqRIOHaJNeIYtSbkUeQsvy0eg0X5+UtzBV/Dg3KfIHNV7oA+s7kRncwEzODZS5\n83W/0/FfaBC9Z5SivPZ4wvKhTPW3JUq7LSeDJBZrkZqtKeR3VyA6uQlA20HL4I2N\nUcXBg7DbjAzv5eI1TGB9DqeSCfxeb2gR976LmP4kgF/N5pOX5ucs6WTrUd/AsY08\nfLuZdXEyyP3j/pcMqbmdllsMpU/BW6OzeIh4t6GLZJk6gpLc1YcdO8Exwxqsaovr\nsTQOd0QJRpm7ENH8hMg5iXSFXxEywgh5fl1p0VAabqEwmCw3M7SFTs2EOn2q7Rx6\n8GS5SK80pTbqPD23XjcJEQjfk9a54vFhrkWO0MQOzibBI09H0ChL5y55COhtFBsA\n/aPQUPjVsmKuXLl5fInF1T+icWo1o1vMb4DnfTZZwtmTjp53NZOejgu787gHaLca\nXRYDszTTah95SQYBw1vVpegP8NGM83us2EJqAcT4F1tTBy/Q41IdKpZ8ekNzHKLx\noYMlyMlE2l5+kNssWmmm5RuQ1PHzfnEhShzXiTnscnOpieDgpjrHPSg+1VFVSXNY\n8ZrakMb5MCfRHGGS9+MDtAwGjhUhg6E0KC72EGmPDSz3BQepzJrBv0Ce0z7CQZKz\nQJnifjFhN3r5G1VZBRkAAAADAQABAAACAQCW0QYYmNf6RM625lgcwTcdsVHxjYTY\nEEc6YTJvxbEI3XUOeOKM9VdN/+u+SEIYslp+qLDv/bPsu0y5rxMkHdIP0DiL1TV5\nZUsylz8HCocyNsl4iKtcxcfBmWIfkmVTWx2HgtYFipOQtVyi8JJtmiRsnpXhbR3y\njbQY1lDDi6JIiluXgUMGALxJBVphq6SYQHCGuESq6jcA0SHC5ELCnIh3FOhQCLV5\ndnJLb8r7Czmbl4lrxJFOzcEKpfaK9yAnXDrSwr1nCvjUyrML33vV8ZEBbVMH+LgC\nbF9BeusL6qPVles1YH5vBaI20R7ohE0EWCEKlVS2uG4wM5KPPusoLsutDehdjsuI\n3b6KJYTbLUAgjoviS4cmi0bAXoSsCa8ELinsWR4DowF4H869N67S0x8uLSBMhtNr\nwkkbZD+ltNVEu6Dj5c9GqjtNb+vdeFjW3bgqu301QVhHkJv5v3ogvtEyGsPkS/Ul\nFwLr5fzEtWMOIOZQaEb7hVrsGAF9hd6wxUo84Hh69z6A2qLmrYuwP7mafRg23VS3\n2XMd866X9cz1Shr1oCPsTSGNceBpy0WtYy2CaBAk7Vf6fE6Pr/tvXGzqwP/n3vW9\nDXDgD9CFLWkW+D5K+P94Fit3MWp4WORcisSYWgY83DtWDMMtQ8/PG4wwj1ZDqCBs\nA2FVFKB/RV5O8QAAAQEAw3MBJBbnTjnteRFmJXuTm87zc3oCmbwtKpbjUItyvacB\nH8YxFP6xSZuLaJ2VMCDk2JHlv54K3WrMJ7pGS2dBRz/TbP+Lj7TEMyoybNcmDIx9\nrfBPCywb0F6QLcT+B9e6zFzna1iYGksldESxW1GGdCkuqNAgNU7g4L2cESd7ZQoD\n1pjXRGRzdL2/msv3lEgh8IwJ2ZFIS3RjVnsTeBddxUzuwI21n5p0FsbK0tLJyaD4\n8dQuDCfbsYoPB0lK62KTwz5Pgx+KcqQN2gVWpf5uvw7SLwzJnynFQ/GkWAlzCUTP\nfeBN2dI9RnaMsmhVs1rXPgTZRE2ipVchk8UdTFY0jQAAAQEA44WEYy5X50py2XAs\nCN3c0njyp2Ob2EKyxQz4qKtOKf/cVPV4TZjK6oL+m9jvf4Y9onak3YCUcY7n0r9B\nTMe0+B+xa6LkxBn+pwtZO4SqqD1oRS943idWilyLQNFDax8nN+URFzzAj9Ctn+NC\ni1JjJMOwuQsIEmuwYXm6C3+pIMvx2Tz+O8SOPY6zftY3fRvaW7jrP/aPXhGFAnpF\n32U9C99zJfFhx5mIM+8F/1smph3fnQdpxznQ46IBwEcmYqKLVJfbER8GU+oz2rbY\nocEaer+g8ctitqJxw0BgHlj1KCqtx7gn5fP7jGjc/DKkatqffgcLZ1CPvy7JPYYp\nHGulywAAAQEA2V1HEHKgCan9/O8VBPB+GN4W28NUG0yj2SCPWqq4jcd7V0wx0PbB\nWOO44xoNbn7g0QzeyxM4kS3dh19vs5HE7C89HMYGzqWKwG+aTYUrqjxBBf26scYr\nfEfxe7Og/CQIhFyhE2eJFu5Ecw3LyYWMgakOtWquhiM8e6kIhb/xeAa/19bu9Ndl\nBpugvUtJs9vND/L7rvt7ZPD4Qo5fLPzghzobbFGNiejKF0KoxHxm2ymhM12h3S9F\nKFjojh5k0i1Avg2OtUuP4Jsd12B9MzWnM9e+C9Qr69ul6Bxw94MzehD1WQtF6brZ\nSAWI/VPFarbg2OWDXEyKvKmh05YxBGcEKwAAAAAB\n-----END OPENSSH PRIVATE KEY-----\n",
            "private_key_pem": "-----BEGIN RSA PRIVATE KEY-----\nMIIJKgIBAAKCAgEAwS8T4dA/0ggXMeFfn2sx2X6/TxKqRIOHaJNeIYtSbkUeQsvy\n0eg0X5+UtzBV/Dg3KfIHNV7oA+s7kRncwEzODZS583W/0/FfaBC9Z5SivPZ4wvKh\nTPW3JUq7LSeDJBZrkZqtKeR3VyA6uQlA20HL4I2NUcXBg7DbjAzv5eI1TGB9DqeS\nCfxeb2gR976LmP4kgF/N5pOX5ucs6WTrUd/AsY08fLuZdXEyyP3j/pcMqbmdllsM\npU/BW6OzeIh4t6GLZJk6gpLc1YcdO8ExwxqsaovrsTQOd0QJRpm7ENH8hMg5iXSF\nXxEywgh5fl1p0VAabqEwmCw3M7SFTs2EOn2q7Rx68GS5SK80pTbqPD23XjcJEQjf\nk9a54vFhrkWO0MQOzibBI09H0ChL5y55COhtFBsA/aPQUPjVsmKuXLl5fInF1T+i\ncWo1o1vMb4DnfTZZwtmTjp53NZOejgu787gHaLcaXRYDszTTah95SQYBw1vVpegP\n8NGM83us2EJqAcT4F1tTBy/Q41IdKpZ8ekNzHKLxoYMlyMlE2l5+kNssWmmm5RuQ\n1PHzfnEhShzXiTnscnOpieDgpjrHPSg+1VFVSXNY8ZrakMb5MCfRHGGS9+MDtAwG\njhUhg6E0KC72EGmPDSz3BQepzJrBv0Ce0z7CQZKzQJnifjFhN3r5G1VZBRkCAwEA\nAQKCAgEAltEGGJjX+kTOtuZYHME3HbFR8Y2E2BBHOmEyb8WxCN11DnjijPVXTf/r\nvkhCGLJafqiw7/2z7LtMua8TJB3SD9A4i9U1eWVLMpc/BwqHMjbJeIirXMXHwZli\nH5JlU1sdh4LWBYqTkLVcovCSbZokbJ6V4W0d8o20GNZQw4uiSIpbl4FDBgC8SQVa\nYaukmEBwhrhEquo3ANEhwuRCwpyIdxToUAi1eXZyS2/K+ws5m5eJa8SRTs3BCqX2\nivcgJ1w60sK9Zwr41MqzC9971fGRAW1TB/i4AmxfQXrrC+qj1ZXrNWB+bwWiNtEe\n6IRNBFghCpVUtrhuMDOSjz7rKC7LrQ3oXY7LiN2+iiWE2y1AII6L4kuHJotGwF6E\nrAmvBC4p7FkeA6MBeB/OvTeu0tMfLi0gTIbTa8JJG2Q/pbTVRLug4+XPRqo7TW/r\n3XhY1t24Krt9NUFYR5Cb+b96IL7RMhrD5Ev1JRcC6+X8xLVjDiDmUGhG+4Va7BgB\nfYXesMVKPOB4evc+gNqi5q2LsD+5mn0YNt1Ut9lzHfOul/XM9Uoa9aAj7E0hjXHg\nactFrWMtgmgQJO1X+nxOj6/7b1xs6sD/5971vQ1w4A/QhS1pFvg+Svj/eBYrdzFq\neFjkXIrEmFoGPNw7VgzDLUPPzxuMMI9WQ6ggbANhVRSgf0VeTvECggEBAOOFhGMu\nV+dKctlwLAjd3NJ48qdjm9hCssUM+KirTin/3FT1eE2YyuqC/pvY73+GPaJ2pN2A\nlHGO59K/QUzHtPgfsWui5MQZ/qcLWTuEqqg9aEUveN4nVopci0DRQ2sfJzflERc8\nwI/QrZ/jQotSYyTDsLkLCBJrsGF5ugt/qSDL8dk8/jvEjj2Os37WN30b2lu46z/2\nj14RhQJ6Rd9lPQvfcyXxYceZiDPvBf9bJqYd350Hacc50OOiAcBHJmKii1SX2xEf\nBlPqM9q22KHBGnq/oPHLYraiccNAYB5Y9Sgqrce4J+Xz+4xo3PwypGran34HC2dQ\nj78uyT2GKRxrpcsCggEBANldRxByoAmp/fzvFQTwfhjeFtvDVBtMo9kgj1qquI3H\ne1dMMdD2wVjjuOMaDW5+4NEM3ssTOJEt3Ydfb7ORxOwvPRzGBs6lisBvmk2FK6o8\nQQX9urHGK3xH8XuzoPwkCIRcoRNniRbuRHMNy8mFjIGpDrVqroYjPHupCIW/8XgG\nv9fW7vTXZQaboL1LSbPbzQ/y+677e2Tw+EKOXyz84Ic6G2xRjYnoyhdCqMR8Ztsp\noTNdod0vRShY6I4eZNItQL4NjrVLj+CbHddgfTM1pzPXvgvUK+vbpegccPeDM3oQ\n9VkLRem62UgFiP1TxWq24Njlg1xMirypodOWMQRnBCsCggEALCYja0951TK4GINQ\nuCO9DsZTZ7HHcu52XBBJTAl5sGKqsX20a3JDpb/ngfxVdOxql1ToZublZyewyk88\nb5atAhy8Q8OnGnpk1Ks6FHeI2f6YdhxhGtKNU2njx58TsvynkowLhfPO9dkrZ8Qk\njH5fKKokZ7PBTDnDTxbcyBBslCWe92WDe7uHUmCXafxNZiR6eaPnWlEQvtMteS6a\n0l+FugERCgLN03pyWImAI23fkQpo8sKWfwc0BofQSSxFQYyC9tZEtwzLIItopn8m\niDS9W6ZFp8WskP3yj021mQ3v/GxTrlaIv3FZlYRfpTx6dRWZL05UoyaZziJZAGxB\nG/ezgwKCAQEAlMJVxFfuVy7T+KrXQ84jPnmgQz7m7NgCurKh6Xc1XzLKovAul8iI\ngoE3I5XM43ZJ/khEoc7Bw/oTxnX2SHrWvp2FwY91US/SSekXPT6Kp7Mc/TCs+MWb\nNS83gWVqI6W1foC2bEVLeToP9n3WnlCb3JEK0/XzAzJSTn9cqcy3QWG9IcajO0W+\nikswMty30DP5n5S30wWhaW/ROBuf33YhY+rModEegOekh07DmdVZv1w6SqEmCe4z\n8m0Gm10Jux3lVSyKImFYUmtWfPQ4OzfY+o4ILqhCduSYIsZ0ObC9Jik9AHfKnS+X\nTMcc/eK7FVGbiFVrFVv9BylA60G6wjyOiQKCAQEAw3MBJBbnTjnteRFmJXuTm87z\nc3oCmbwtKpbjUItyvacBH8YxFP6xSZuLaJ2VMCDk2JHlv54K3WrMJ7pGS2dBRz/T\nbP+Lj7TEMyoybNcmDIx9rfBPCywb0F6QLcT+B9e6zFzna1iYGksldESxW1GGdCku\nqNAgNU7g4L2cESd7ZQoD1pjXRGRzdL2/msv3lEgh8IwJ2ZFIS3RjVnsTeBddxUzu\nwI21n5p0FsbK0tLJyaD48dQuDCfbsYoPB0lK62KTwz5Pgx+KcqQN2gVWpf5uvw7S\nLwzJnynFQ/GkWAlzCUTPfeBN2dI9RnaMsmhVs1rXPgTZRE2ipVchk8UdTFY0jQ==\n-----END RSA PRIVATE KEY-----\n",
            "private_key_pem_pkcs8": "-----BEGIN PRIVATE KEY-----\nMIIJRAIBADANBgkqhkiG9w0BAQEFAASCCS4wggkqAgEAAoICAQDBLxPh0D/SCBcx\n4V+fazHZfr9PEqpEg4dok14hi1JuRR5Cy/LR6DRfn5S3MFX8ODcp8gc1XugD6zuR\nGdzATM4NlLnzdb/T8V9oEL1nlKK89njC8qFM9bclSrstJ4MkFmuRmq0p5HdXIDq5\nCUDbQcvgjY1RxcGDsNuMDO/l4jVMYH0Op5IJ/F5vaBH3vouY/iSAX83mk5fm5yzp\nZOtR38CxjTx8u5l1cTLI/eP+lwypuZ2WWwylT8Fbo7N4iHi3oYtkmTqCktzVhx07\nwTHDGqxqi+uxNA53RAlGmbsQ0fyEyDmJdIVfETLCCHl+XWnRUBpuoTCYLDcztIVO\nzYQ6fartHHrwZLlIrzSlNuo8PbdeNwkRCN+T1rni8WGuRY7QxA7OJsEjT0fQKEvn\nLnkI6G0UGwD9o9BQ+NWyYq5cuXl8icXVP6JxajWjW8xvgOd9NlnC2ZOOnnc1k56O\nC7vzuAdotxpdFgOzNNNqH3lJBgHDW9Wl6A/w0Yzze6zYQmoBxPgXW1MHL9DjUh0q\nlnx6Q3McovGhgyXIyUTaXn6Q2yxaaablG5DU8fN+cSFKHNeJOexyc6mJ4OCmOsc9\nKD7VUVVJc1jxmtqQxvkwJ9EcYZL34wO0DAaOFSGDoTQoLvYQaY8NLPcFB6nMmsG/\nQJ7TPsJBkrNAmeJ+MWE3evkbVVkFGQIDAQABAoICAQCW0QYYmNf6RM625lgcwTcd\nsVHxjYTYEEc6YTJvxbEI3XUOeOKM9VdN/+u+SEIYslp+qLDv/bPsu0y5rxMkHdIP\n0DiL1TV5ZUsylz8HCocyNsl4iKtcxcfBmWIfkmVTWx2HgtYFipOQtVyi8JJtmiRs\nnpXhbR3yjbQY1lDDi6JIiluXgUMGALxJBVphq6SYQHCGuESq6jcA0SHC5ELCnIh3\nFOhQCLV5dnJLb8r7Czmbl4lrxJFOzcEKpfaK9yAnXDrSwr1nCvjUyrML33vV8ZEB\nbVMH+LgCbF9BeusL6qPVles1YH5vBaI20R7ohE0EWCEKlVS2uG4wM5KPPusoLsut\nDehdjsuI3b6KJYTbLUAgjoviS4cmi0bAXoSsCa8ELinsWR4DowF4H869N67S0x8u\nLSBMhtNrwkkbZD+ltNVEu6Dj5c9GqjtNb+vdeFjW3bgqu301QVhHkJv5v3ogvtEy\nGsPkS/UlFwLr5fzEtWMOIOZQaEb7hVrsGAF9hd6wxUo84Hh69z6A2qLmrYuwP7ma\nfRg23VS32XMd866X9cz1Shr1oCPsTSGNceBpy0WtYy2CaBAk7Vf6fE6Pr/tvXGzq\nwP/n3vW9DXDgD9CFLWkW+D5K+P94Fit3MWp4WORcisSYWgY83DtWDMMtQ8/PG4ww\nj1ZDqCBsA2FVFKB/RV5O8QKCAQEA44WEYy5X50py2XAsCN3c0njyp2Ob2EKyxQz4\nqKtOKf/cVPV4TZjK6oL+m9jvf4Y9onak3YCUcY7n0r9BTMe0+B+xa6LkxBn+pwtZ\nO4SqqD1oRS943idWilyLQNFDax8nN+URFzzAj9Ctn+NCi1JjJMOwuQsIEmuwYXm6\nC3+pIMvx2Tz+O8SOPY6zftY3fRvaW7jrP/aPXhGFAnpF32U9C99zJfFhx5mIM+8F\n/1smph3fnQdpxznQ46IBwEcmYqKLVJfbER8GU+oz2rbYocEaer+g8ctitqJxw0Bg\nHlj1KCqtx7gn5fP7jGjc/DKkatqffgcLZ1CPvy7JPYYpHGulywKCAQEA2V1HEHKg\nCan9/O8VBPB+GN4W28NUG0yj2SCPWqq4jcd7V0wx0PbBWOO44xoNbn7g0QzeyxM4\nkS3dh19vs5HE7C89HMYGzqWKwG+aTYUrqjxBBf26scYrfEfxe7Og/CQIhFyhE2eJ\nFu5Ecw3LyYWMgakOtWquhiM8e6kIhb/xeAa/19bu9NdlBpugvUtJs9vND/L7rvt7\nZPD4Qo5fLPzghzobbFGNiejKF0KoxHxm2ymhM12h3S9FKFjojh5k0i1Avg2OtUuP\n4Jsd12B9MzWnM9e+C9Qr69ul6Bxw94MzehD1WQtF6brZSAWI/VPFarbg2OWDXEyK\nvKmh05YxBGcEKwKCAQAsJiNrT3nVMrgYg1C4I70OxlNnscdy7nZcEElMCXmwYqqx\nfbRrckOlv+eB/FV07GqXVOhm5uVnJ7DKTzxvlq0CHLxDw6caemTUqzoUd4jZ/ph2\nHGEa0o1TaePHnxOy/KeSjAuF88712StnxCSMfl8oqiRns8FMOcNPFtzIEGyUJZ73\nZYN7u4dSYJdp/E1mJHp5o+daURC+0y15LprSX4W6AREKAs3TenJYiYAjbd+RCmjy\nwpZ/BzQGh9BJLEVBjIL21kS3DMsgi2imfyaINL1bpkWnxayQ/fKPTbWZDe/8bFOu\nVoi/cVmVhF+lPHp1FZkvTlSjJpnOIlkAbEEb97ODAoIBAQCUwlXEV+5XLtP4qtdD\nziM+eaBDPubs2AK6sqHpdzVfMsqi8C6XyIiCgTcjlczjdkn+SEShzsHD+hPGdfZI\neta+nYXBj3VRL9JJ6Rc9Poqnsxz9MKz4xZs1LzeBZWojpbV+gLZsRUt5Og/2fdae\nUJvckQrT9fMDMlJOf1ypzLdBYb0hxqM7Rb6KSzAy3LfQM/mflLfTBaFpb9E4G5/f\ndiFj6syh0R6A56SHTsOZ1Vm/XDpKoSYJ7jPybQabXQm7HeVVLIoiYVhSa1Z89Dg7\nN9j6jgguqEJ25JgixnQ5sL0mKT0Ad8qdL5dMxxz94rsVUZuIVWsVW/0HKUDrQbrC\nPI6JAoIBAQDDcwEkFudOOe15EWYle5ObzvNzegKZvC0qluNQi3K9pwEfxjEU/rFJ\nm4tonZUwIOTYkeW/ngrdaswnukZLZ0FHP9Ns/4uPtMQzKjJs1yYMjH2t8E8LLBvQ\nXpAtxP4H17rMXOdrWJgaSyV0RLFbUYZ0KS6o0CA1TuDgvZwRJ3tlCgPWmNdEZHN0\nvb+ay/eUSCHwjAnZkUhLdGNWexN4F13FTO7AjbWfmnQWxsrS0snJoPjx1C4MJ9ux\nig8HSUrrYpPDPk+DH4pypA3aBVal/m6/DtIvDMmfKcVD8aRYCXMJRM994E3Z0j1G\ndoyyaFWzWtc+BNlETaKlVyGTxR1MVjSN\n-----END PRIVATE KEY-----\n",
            "public_key_fingerprint_md5": "eb:1d:79:7e:44:c1:4d:08:0a:3a:d8:f7:07:56:18:19",
            "public_key_fingerprint_sha256": "SHA256:KZv7hGF7DbWzQu/TplGjCg8tUQVkjCZdk7IqUecT2M8",
            "public_key_openssh": "ssh-rsa AAAAB3NzaC1yc2EAAAADAQABAAACAQDBLxPh0D/SCBcx4V+fazHZfr9PEqpEg4dok14hi1JuRR5Cy/LR6DRfn5S3MFX8ODcp8gc1XugD6zuRGdzATM4NlLnzdb/T8V9oEL1nlKK89njC8qFM9bclSrstJ4MkFmuRmq0p5HdXIDq5CUDbQcvgjY1RxcGDsNuMDO/l4jVMYH0Op5IJ/F5vaBH3vouY/iSAX83mk5fm5yzpZOtR38CxjTx8u5l1cTLI/eP+lwypuZ2WWwylT8Fbo7N4iHi3oYtkmTqCktzVhx07wTHDGqxqi+uxNA53RAlGmbsQ0fyEyDmJdIVfETLCCHl+XWnRUBpuoTCYLDcztIVOzYQ6fartHHrwZLlIrzSlNuo8PbdeNwkRCN+T1rni8WGuRY7QxA7OJsEjT0fQKEvnLnkI6G0UGwD9o9BQ+NWyYq5cuXl8icXVP6JxajWjW8xvgOd9NlnC2ZOOnnc1k56OC7vzuAdotxpdFgOzNNNqH3lJBgHDW9Wl6A/w0Yzze6zYQmoBxPgXW1MHL9DjUh0qlnx6Q3McovGhgyXIyUTaXn6Q2yxaaablG5DU8fN+cSFKHNeJOexyc6mJ4OCmOsc9KD7VUVVJc1jxmtqQxvkwJ9EcYZL34wO0DAaOFSGDoTQoLvYQaY8NLPcFB6nMmsG/QJ7TPsJBkrNAmeJ+MWE3evkbVVkFGQ==\n",
            "public_key_pem": "-----BEGIN PUBLIC KEY-----\nMIICIjANBgkqhkiG9w0BAQEFAAOCAg8AMIICCgKCAgEAwS8T4dA/0ggXMeFfn2sx\n2X6/TxKqRIOHaJNeIYtSbkUeQsvy0eg0X5+UtzBV/Dg3KfIHNV7oA+s7kRncwEzO\nDZS583W/0/FfaBC9Z5SivPZ4wvKhTPW3JUq7LSeDJBZrkZqtKeR3VyA6uQlA20HL\n4I2NUcXBg7DbjAzv5eI1TGB9DqeSCfxeb2gR976LmP4kgF/N5pOX5ucs6WTrUd/A\nsY08fLuZdXEyyP3j/pcMqbmdllsMpU/BW6OzeIh4t6GLZJk6gpLc1YcdO8Exwxqs\naovrsTQOd0QJRpm7ENH8hMg5iXSFXxEywgh5fl1p0VAabqEwmCw3M7SFTs2EOn2q\n7Rx68GS5SK80pTbqPD23XjcJEQjfk9a54vFhrkWO0MQOzibBI09H0ChL5y55COht\nFBsA/aPQUPjVsmKuXLl5fInF1T+icWo1o1vMb4DnfTZZwtmTjp53NZOejgu787gH\naLcaXRYDszTTah95SQYBw1vVpegP8NGM83us2EJqAcT4F1tTBy/Q41IdKpZ8ekNz\nHKLxoYMlyMlE2l5+kNssWmmm5RuQ1PHzfnEhShzXiTnscnOpieDgpjrHPSg+1VFV\nSXNY8ZrakMb5MCfRHGGS9+MDtAwGjhUhg6E0KC72EGmPDSz3BQepzJrBv0Ce0z7C\nQZKzQJnifjFhN3r5G1VZBRkCAwEAAQ==\n-----END PUBLIC KEY-----\n",
            "rsa_bits": 4096
          },
          "sensitive_attributes": [
            [
              {
                "type": "get_attr",
                "value": "private_key_openssh"
              }
            ],
            [
              {
                "type": "get_attr",
                "value": "private_key_pem"
              }
            ],
            [
              {
                "type": "get_attr",
                "value": "private_key_pem_pkcs8"
              }
            ]
          ],
          "dependencies": [
            "module.vpc.aws_eip.elastic-ip",
            "module.vpc.aws_internet_gateway.igw",
            "module.vpc.aws_nat_gateway.nat",
            "module.vpc.aws_route_table.rt1",
            "module.vpc.aws_route_table.rt2",
            "module.vpc.aws_route_table_association.a",
            "module.vpc.aws_route_table_association.b",
            "module.vpc.aws_security_group.sg",
            "module.vpc.aws_subnet.private",
            "module.vpc.aws_subnet.public",
            "module.vpc.aws_vpc.vpc"
          ]
        }
      ]
    },
    {
      "module": "module.vpc",
      "mode": "managed",
      "type": "aws_eip",
      "name": "elastic-ip",
      "provider": "provider[\"registry.terraform.io/hashicorp/aws\"]",
      "instances": [
        {
          "schema_version": 0,
          "attributes": {
            "address": null,
            "allocation_id": "eipalloc-029caf7f0bd2356d5",
            "arn": "arn:aws:ec2:ap-south-1:767397922031:elastic-ip/eipalloc-029caf7f0bd2356d5",
            "associate_with_private_ip": "192.168.2.0/24",
            "association_id": "",
            "carrier_ip": "",
            "customer_owned_ip": "",
            "customer_owned_ipv4_pool": "",
            "domain": "vpc",
            "id": "eipalloc-029caf7f0bd2356d5",
            "instance": "",
            "network_border_group": "ap-south-1",
            "network_interface": "",
            "private_dns": null,
            "private_ip": "",
            "ptr_record": "",
            "public_dns": "ec2-13-202-96-131.ap-south-1.compute.amazonaws.com",
            "public_ip": "13.202.96.131",
            "public_ipv4_pool": "amazon",
            "tags": null,
            "tags_all": {},
            "timeouts": null,
            "vpc": true
          },
          "sensitive_attributes": [],
          "private": "eyJlMmJmYjczMC1lY2FhLTExZTYtOGY4OC0zNDM2M2JjN2M0YzAiOnsiZGVsZXRlIjoxODAwMDAwMDAwMDAsInJlYWQiOjkwMDAwMDAwMDAwMCwidXBkYXRlIjozMDAwMDAwMDAwMDB9fQ==",
          "dependencies": [
            "module.vpc.aws_internet_gateway.igw",
            "module.vpc.aws_vpc.vpc"
          ]
        }
      ]
    },
    {
      "module": "module.vpc",
      "mode": "managed",
      "type": "aws_internet_gateway",
      "name": "igw",
      "provider": "provider[\"registry.terraform.io/hashicorp/aws\"]",
      "instances": [
        {
          "schema_version": 0,
          "attributes": {
            "arn": "arn:aws:ec2:ap-south-1:767397922031:internet-gateway/igw-08f1c387adc89413b",
            "id": "igw-08f1c387adc89413b",
            "owner_id": "767397922031",
            "tags": {
              "Name": "dev-terraform-igw"
            },
            "tags_all": {
              "Name": "dev-terraform-igw"
            },
            "timeouts": null,
            "vpc_id": "vpc-0caadf9df88b3cc31"
          },
          "sensitive_attributes": [],
          "private": "eyJlMmJmYjczMC1lY2FhLTExZTYtOGY4OC0zNDM2M2JjN2M0YzAiOnsiY3JlYXRlIjoxMjAwMDAwMDAwMDAwLCJkZWxldGUiOjEyMDAwMDAwMDAwMDAsInVwZGF0ZSI6MTIwMDAwMDAwMDAwMH19",
          "dependencies": [
            "module.vpc.aws_vpc.vpc"
          ]
        }
      ]
    },
    {
      "module": "module.vpc",
      "mode": "managed",
      "type": "aws_nat_gateway",
      "name": "nat",
      "provider": "provider[\"registry.terraform.io/hashicorp/aws\"]",
      "instances": [
        {
          "schema_version": 0,
          "attributes": {
            "allocation_id": "eipalloc-029caf7f0bd2356d5",
            "association_id": "eipassoc-069547f5f3e86dbd1",
            "connectivity_type": "public",
            "id": "nat-0c62f0605d4cac33e",
            "network_interface_id": "eni-0e7f14212cb9adae3",
            "private_ip": "192.168.2.116",
            "public_ip": "13.202.96.131",
            "secondary_allocation_ids": null,
            "secondary_private_ip_address_count": 0,
            "secondary_private_ip_addresses": [],
            "subnet_id": "subnet-0bcf3950889827ca7",
            "tags": {
              "Name": "dev-terraform-nat"
            },
            "tags_all": {
              "Name": "dev-terraform-nat"
            },
            "timeouts": null
          },
          "sensitive_attributes": [],
          "private": "eyJlMmJmYjczMC1lY2FhLTExZTYtOGY4OC0zNDM2M2JjN2M0YzAiOnsiY3JlYXRlIjo2MDAwMDAwMDAwMDAsImRlbGV0ZSI6MTgwMDAwMDAwMDAwMCwidXBkYXRlIjo2MDAwMDAwMDAwMDB9fQ==",
          "dependencies": [
            "module.vpc.aws_eip.elastic-ip",
            "module.vpc.aws_internet_gateway.igw",
            "module.vpc.aws_subnet.private",
            "module.vpc.aws_vpc.vpc"
          ]
        }
      ]
    },
    {
      "module": "module.vpc",
      "mode": "managed",
      "type": "aws_route_table",
      "name": "rt1",
      "provider": "provider[\"registry.terraform.io/hashicorp/aws\"]",
      "instances": [
        {
          "schema_version": 0,
          "attributes": {
            "arn": "arn:aws:ec2:ap-south-1:767397922031:route-table/rtb-0f9fa6613d301b64d",
            "id": "rtb-0f9fa6613d301b64d",
            "owner_id": "767397922031",
            "propagating_vgws": [],
            "route": [
              {
                "carrier_gateway_id": "",
                "cidr_block": "0.0.0.0/0",
                "core_network_arn": "",
                "destination_prefix_list_id": "",
                "egress_only_gateway_id": "",
                "gateway_id": "igw-08f1c387adc89413b",
                "ipv6_cidr_block": "",
                "local_gateway_id": "",
                "nat_gateway_id": "",
                "network_interface_id": "",
                "transit_gateway_id": "",
                "vpc_endpoint_id": "",
                "vpc_peering_connection_id": ""
              }
            ],
            "tags": {
              "Name": "dev-rt1"
            },
            "tags_all": {
              "Name": "dev-rt1"
            },
            "timeouts": null,
            "vpc_id": "vpc-0caadf9df88b3cc31"
          },
          "sensitive_attributes": [],
          "private": "eyJlMmJmYjczMC1lY2FhLTExZTYtOGY4OC0zNDM2M2JjN2M0YzAiOnsiY3JlYXRlIjozMDAwMDAwMDAwMDAsImRlbGV0ZSI6MzAwMDAwMDAwMDAwLCJ1cGRhdGUiOjEyMDAwMDAwMDAwMH19",
          "dependencies": [
            "module.vpc.aws_internet_gateway.igw",
            "module.vpc.aws_vpc.vpc"
          ]
        }
      ]
    },
    {
      "module": "module.vpc",
      "mode": "managed",
      "type": "aws_route_table",
      "name": "rt2",
      "provider": "provider[\"registry.terraform.io/hashicorp/aws\"]",
      "instances": [
        {
          "schema_version": 0,
          "attributes": {
            "arn": "arn:aws:ec2:ap-south-1:767397922031:route-table/rtb-084fd7832bbbe8d2a",
            "id": "rtb-084fd7832bbbe8d2a",
            "owner_id": "767397922031",
            "propagating_vgws": [],
            "route": [
              {
                "carrier_gateway_id": "",
                "cidr_block": "0.0.0.0/0",
                "core_network_arn": "",
                "destination_prefix_list_id": "",
                "egress_only_gateway_id": "",
                "gateway_id": "nat-0c62f0605d4cac33e",
                "ipv6_cidr_block": "",
                "local_gateway_id": "",
                "nat_gateway_id": "",
                "network_interface_id": "",
                "transit_gateway_id": "",
                "vpc_endpoint_id": "",
                "vpc_peering_connection_id": ""
              }
            ],
            "tags": {
              "Name": "dev-rt2"
            },
            "tags_all": {
              "Name": "dev-rt2"
            },
            "timeouts": null,
            "vpc_id": "vpc-0caadf9df88b3cc31"
          },
          "sensitive_attributes": [],
          "private": "eyJlMmJmYjczMC1lY2FhLTExZTYtOGY4OC0zNDM2M2JjN2M0YzAiOnsiY3JlYXRlIjozMDAwMDAwMDAwMDAsImRlbGV0ZSI6MzAwMDAwMDAwMDAwLCJ1cGRhdGUiOjEyMDAwMDAwMDAwMH19",
          "dependencies": [
            "module.vpc.aws_eip.elastic-ip",
            "module.vpc.aws_internet_gateway.igw",
            "module.vpc.aws_nat_gateway.nat",
            "module.vpc.aws_subnet.private",
            "module.vpc.aws_vpc.vpc"
          ]
        }
      ]
    },
    {
      "module": "module.vpc",
      "mode": "managed",
      "type": "aws_route_table_association",
      "name": "a",
      "provider": "provider[\"registry.terraform.io/hashicorp/aws\"]",
      "instances": [
        {
          "schema_version": 0,
          "attributes": {
            "gateway_id": "",
            "id": "rtbassoc-0cbc014bf05831aa9",
            "route_table_id": "rtb-0f9fa6613d301b64d",
            "subnet_id": "subnet-07b59f62f2917cb3e",
            "timeouts": null
          },
          "sensitive_attributes": [],
          "private": "eyJlMmJmYjczMC1lY2FhLTExZTYtOGY4OC0zNDM2M2JjN2M0YzAiOnsiY3JlYXRlIjozMDAwMDAwMDAwMDAsImRlbGV0ZSI6MzAwMDAwMDAwMDAwLCJ1cGRhdGUiOjEyMDAwMDAwMDAwMH19",
          "dependencies": [
            "module.vpc.aws_internet_gateway.igw",
            "module.vpc.aws_route_table.rt1",
            "module.vpc.aws_subnet.public",
            "module.vpc.aws_vpc.vpc"
          ]
        }
      ]
    },
    {
      "module": "module.vpc",
      "mode": "managed",
      "type": "aws_route_table_association",
      "name": "b",
      "provider": "provider[\"registry.terraform.io/hashicorp/aws\"]",
      "instances": [
        {
          "schema_version": 0,
          "attributes": {
            "gateway_id": "",
            "id": "rtbassoc-00aa5d2d732a6373e",
            "route_table_id": "rtb-084fd7832bbbe8d2a",
            "subnet_id": "subnet-0bcf3950889827ca7",
            "timeouts": null
          },
          "sensitive_attributes": [],
          "private": "eyJlMmJmYjczMC1lY2FhLTExZTYtOGY4OC0zNDM2M2JjN2M0YzAiOnsiY3JlYXRlIjozMDAwMDAwMDAwMDAsImRlbGV0ZSI6MzAwMDAwMDAwMDAwLCJ1cGRhdGUiOjEyMDAwMDAwMDAwMH19",
          "dependencies": [
            "module.vpc.aws_eip.elastic-ip",
            "module.vpc.aws_internet_gateway.igw",
            "module.vpc.aws_nat_gateway.nat",
            "module.vpc.aws_route_table.rt2",
            "module.vpc.aws_subnet.private",
            "module.vpc.aws_vpc.vpc"
          ]
        }
      ]
    },
    {
      "module": "module.vpc",
      "mode": "managed",
      "type": "aws_security_group",
      "name": "sg",
      "provider": "provider[\"registry.terraform.io/hashicorp/aws\"]",
      "instances": [
        {
          "schema_version": 1,
          "attributes": {
            "arn": "arn:aws:ec2:ap-south-1:767397922031:security-group/sg-0563c21793f3a09b6",
            "description": "Allow TLS inbound traffic",
            "egress": [
              {
                "cidr_blocks": [
                  "0.0.0.0/0"
                ],
                "description": "",
                "from_port": 0,
                "ipv6_cidr_blocks": [],
                "prefix_list_ids": [],
                "protocol": "-1",
                "security_groups": [],
                "self": false,
                "to_port": 0
              }
            ],
            "id": "sg-0563c21793f3a09b6",
            "ingress": [
              {
                "cidr_blocks": [
                  "192.168.0.0/16"
                ],
                "description": "TLS from VPC",
                "from_port": 22,
                "ipv6_cidr_blocks": [],
                "prefix_list_ids": [],
                "protocol": "tcp",
                "security_groups": [],
                "self": false,
                "to_port": 22
              }
            ],
            "name": "vpc-sg",
            "name_prefix": "",
            "owner_id": "767397922031",
            "revoke_rules_on_delete": false,
            "tags": {
              "Name": "dev-sg"
            },
            "tags_all": {
              "Name": "dev-sg"
            },
            "timeouts": null,
            "vpc_id": "vpc-0caadf9df88b3cc31"
          },
          "sensitive_attributes": [],
          "private": "eyJlMmJmYjczMC1lY2FhLTExZTYtOGY4OC0zNDM2M2JjN2M0YzAiOnsiY3JlYXRlIjo2MDAwMDAwMDAwMDAsImRlbGV0ZSI6OTAwMDAwMDAwMDAwfSwic2NoZW1hX3ZlcnNpb24iOiIxIn0=",
          "dependencies": [
            "module.vpc.aws_vpc.vpc"
          ]
        }
      ]
    },
    {
      "module": "module.vpc",
      "mode": "managed",
      "type": "aws_subnet",
      "name": "private",
      "provider": "provider[\"registry.terraform.io/hashicorp/aws\"]",
      "instances": [
        {
          "schema_version": 1,
          "attributes": {
            "arn": "arn:aws:ec2:ap-south-1:767397922031:subnet/subnet-0bcf3950889827ca7",
            "assign_ipv6_address_on_creation": false,
            "availability_zone": "ap-south-1b",
            "availability_zone_id": "aps1-az3",
            "cidr_block": "192.168.2.0/24",
            "customer_owned_ipv4_pool": "",
            "enable_dns64": false,
            "enable_lni_at_device_index": 0,
            "enable_resource_name_dns_a_record_on_launch": false,
            "enable_resource_name_dns_aaaa_record_on_launch": false,
            "id": "subnet-0bcf3950889827ca7",
            "ipv6_cidr_block": "",
            "ipv6_cidr_block_association_id": "",
            "ipv6_native": false,
            "map_customer_owned_ip_on_launch": false,
            "map_public_ip_on_launch": false,
            "outpost_arn": "",
            "owner_id": "767397922031",
            "private_dns_hostname_type_on_launch": "ip-name",
            "tags": {
              "Name": "dev-private-tf"
            },
            "tags_all": {
              "Name": "dev-private-tf"
            },
            "timeouts": null,
            "vpc_id": "vpc-0caadf9df88b3cc31"
          },
          "sensitive_attributes": [],
          "private": "eyJlMmJmYjczMC1lY2FhLTExZTYtOGY4OC0zNDM2M2JjN2M0YzAiOnsiY3JlYXRlIjo2MDAwMDAwMDAwMDAsImRlbGV0ZSI6MTIwMDAwMDAwMDAwMH0sInNjaGVtYV92ZXJzaW9uIjoiMSJ9",
          "dependencies": [
            "module.vpc.aws_vpc.vpc"
          ]
        }
      ]
    },
    {
      "module": "module.vpc",
      "mode": "managed",
      "type": "aws_subnet",
      "name": "public",
      "provider": "provider[\"registry.terraform.io/hashicorp/aws\"]",
      "instances": [
        {
          "schema_version": 1,
          "attributes": {
            "arn": "arn:aws:ec2:ap-south-1:767397922031:subnet/subnet-07b59f62f2917cb3e",
            "assign_ipv6_address_on_creation": false,
            "availability_zone": "ap-south-1a",
            "availability_zone_id": "aps1-az1",
            "cidr_block": "192.168.1.0/24",
            "customer_owned_ipv4_pool": "",
            "enable_dns64": false,
            "enable_lni_at_device_index": 0,
            "enable_resource_name_dns_a_record_on_launch": false,
            "enable_resource_name_dns_aaaa_record_on_launch": false,
            "id": "subnet-07b59f62f2917cb3e",
            "ipv6_cidr_block": "",
            "ipv6_cidr_block_association_id": "",
            "ipv6_native": false,
            "map_customer_owned_ip_on_launch": false,
            "map_public_ip_on_launch": true,
            "outpost_arn": "",
            "owner_id": "767397922031",
            "private_dns_hostname_type_on_launch": "ip-name",
            "tags": {
              "Name": "dev-public-tf"
            },
            "tags_all": {
              "Name": "dev-public-tf"
            },
            "timeouts": null,
            "vpc_id": "vpc-0caadf9df88b3cc31"
          },
          "sensitive_attributes": [],
          "private": "eyJlMmJmYjczMC1lY2FhLTExZTYtOGY4OC0zNDM2M2JjN2M0YzAiOnsiY3JlYXRlIjo2MDAwMDAwMDAwMDAsImRlbGV0ZSI6MTIwMDAwMDAwMDAwMH0sInNjaGVtYV92ZXJzaW9uIjoiMSJ9",
          "dependencies": [
            "module.vpc.aws_vpc.vpc"
          ]
        }
      ]
    },
    {
      "module": "module.vpc",
      "mode": "managed",
      "type": "aws_vpc",
      "name": "vpc",
      "provider": "provider[\"registry.terraform.io/hashicorp/aws\"]",
      "instances": [
        {
          "schema_version": 1,
          "attributes": {
            "arn": "arn:aws:ec2:ap-south-1:767397922031:vpc/vpc-0caadf9df88b3cc31",
            "assign_generated_ipv6_cidr_block": false,
            "cidr_block": "192.168.0.0/16",
            "default_network_acl_id": "acl-0e6a146c83826cf4a",
            "default_route_table_id": "rtb-02f493c4fb204ad60",
            "default_security_group_id": "sg-09be6eeb04d072aff",
            "dhcp_options_id": "dopt-0c4428013e72b7af1",
            "enable_dns_hostnames": true,
            "enable_dns_support": false,
            "enable_network_address_usage_metrics": false,
            "id": "vpc-0caadf9df88b3cc31",
            "instance_tenancy": "default",
            "ipv4_ipam_pool_id": null,
            "ipv4_netmask_length": null,
            "ipv6_association_id": "",
            "ipv6_cidr_block": "",
            "ipv6_cidr_block_network_border_group": "",
            "ipv6_ipam_pool_id": "",
            "ipv6_netmask_length": 0,
            "main_route_table_id": "rtb-02f493c4fb204ad60",
            "owner_id": "767397922031",
            "tags": {
              "Name": "dev-terraform-vpc"
            },
            "tags_all": {
              "Name": "dev-terraform-vpc"
            }
          },
          "sensitive_attributes": [],
          "private": "eyJzY2hlbWFfdmVyc2lvbiI6IjEifQ=="
        }
      ]
    }
  ],
  "check_results": null
}
