{
  "version": 4,
  "terraform_version": "1.12.1",
  "serial": 181,
  "lineage": "a137cb2c-3baa-5878-9a95-8ed6f5131ec1",
  "outputs": {
    "ec2_private_ip": {
      "value": [
        "192.168.2.165",
        "192.168.1.33"
      ],
      "type": [
        "tuple",
        [
          "string",
          "string"
        ]
      ]
    },
    "ec2_public_ip": {
      "value": [
        "13.232.37.27",
        ""
      ],
      "type": [
        "tuple",
        [
          "string",
          "string"
        ]
      ]
    },
    "instance-arn": {
      "value": [
        "arn:aws:ec2:ap-south-1:890742589845:instance/i-09671e4c528923d81",
        "arn:aws:ec2:ap-south-1:890742589845:instance/i-072e6d51e5fb5b0b1"
      ],
      "type": [
        "tuple",
        [
          "string",
          "string"
        ]
      ]
    },
    "instance-id": {
      "value": [
        "i-09671e4c528923d81",
        "i-072e6d51e5fb5b0b1"
      ],
      "type": [
        "tuple",
        [
          "string",
          "string"
        ]
      ]
    },
    "instance_state": {
      "value": [
        "running",
        "running"
      ],
      "type": [
        "tuple",
        [
          "string",
          "string"
        ]
      ]
    },
    "private_dns": {
      "value": [
        "ip-192-168-2-165.ap-south-1.compute.internal",
        "ip-192-168-1-33.ap-south-1.compute.internal"
      ],
      "type": [
        "tuple",
        [
          "string",
          "string"
        ]
      ]
    },
    "public_dns": {
      "value": [
        "ec2-13-232-37-27.ap-south-1.compute.amazonaws.com",
        ""
      ],
      "type": [
        "tuple",
        [
          "string",
          "string"
        ]
      ]
    }
  },
  "resources": [
    {
      "mode": "managed",
      "type": "aws_eip",
      "name": "elastic-ip",
      "provider": "provider[\"registry.terraform.io/hashicorp/aws\"]",
      "instances": [
        {
          "schema_version": 0,
          "attributes": {
            "address": null,
            "allocation_id": "eipalloc-09c56e1dbb5dd8d17",
            "arn": "arn:aws:ec2:ap-south-1:890742589845:elastic-ip/eipalloc-09c56e1dbb5dd8d17",
            "associate_with_private_ip": null,
            "association_id": "",
            "carrier_ip": "",
            "customer_owned_ip": "",
            "customer_owned_ipv4_pool": "",
            "domain": "vpc",
            "id": "eipalloc-09c56e1dbb5dd8d17",
            "instance": "",
            "ipam_pool_id": null,
            "network_border_group": "ap-south-1",
            "network_interface": "",
            "private_dns": null,
            "private_ip": "",
            "ptr_record": "",
            "public_dns": "ec2-15-207-209-83.ap-south-1.compute.amazonaws.com",
            "public_ip": "15.207.209.83",
            "public_ipv4_pool": "amazon",
            "region": "ap-south-1",
            "tags": null,
            "tags_all": {},
            "timeouts": null
          },
          "sensitive_attributes": [],
          "identity_schema_version": 0,
          "private": "eyJlMmJmYjczMC1lY2FhLTExZTYtOGY4OC0zNDM2M2JjN2M0YzAiOnsiZGVsZXRlIjoxODAwMDAwMDAwMDAsInJlYWQiOjkwMDAwMDAwMDAwMCwidXBkYXRlIjozMDAwMDAwMDAwMDB9fQ=="
        }
      ]
    },
    {
      "mode": "managed",
      "type": "aws_instance",
      "name": "EC2",
      "provider": "provider[\"registry.terraform.io/hashicorp/aws\"]",
      "instances": [
        {
          "index_key": 0,
          "schema_version": 2,
          "attributes": {
            "ami": "ami-0f535a71b34f2d44a",
            "arn": "arn:aws:ec2:ap-south-1:890742589845:instance/i-09671e4c528923d81",
            "associate_public_ip_address": true,
            "availability_zone": "ap-south-1a",
            "capacity_reservation_specification": [
              {
                "capacity_reservation_preference": "open",
                "capacity_reservation_target": []
              }
            ],
            "cpu_options": [
              {
                "amd_sev_snp": "",
                "core_count": 1,
                "threads_per_core": 1
              }
            ],
            "credit_specification": [
              {
                "cpu_credits": "standard"
              }
            ],
            "disable_api_stop": false,
            "disable_api_termination": false,
            "ebs_block_device": [],
            "ebs_optimized": false,
            "enable_primary_ipv6": null,
            "enclave_options": [
              {
                "enabled": false
              }
            ],
            "ephemeral_block_device": [],
            "get_password_data": false,
            "hibernation": false,
            "host_id": "",
            "host_resource_group_arn": null,
            "iam_instance_profile": "",
            "id": "i-09671e4c528923d81",
            "instance_initiated_shutdown_behavior": "stop",
            "instance_lifecycle": "",
            "instance_market_options": [],
            "instance_state": "running",
            "instance_type": "t2.micro",
            "ipv6_address_count": 0,
            "ipv6_addresses": [],
            "key_name": "terraform",
            "launch_template": [],
            "maintenance_options": [
              {
                "auto_recovery": "default"
              }
            ],
            "metadata_options": [
              {
                "http_endpoint": "enabled",
                "http_protocol_ipv6": "disabled",
                "http_put_response_hop_limit": 2,
                "http_tokens": "required",
                "instance_metadata_tags": "disabled"
              }
            ],
            "monitoring": false,
            "network_interface": [],
            "outpost_arn": "",
            "password_data": "",
            "placement_group": "",
            "placement_partition_number": 0,
            "primary_network_interface_id": "eni-02759ef3d1c9ebc0e",
            "private_dns": "ip-192-168-2-165.ap-south-1.compute.internal",
            "private_dns_name_options": [
              {
                "enable_resource_name_dns_a_record": false,
                "enable_resource_name_dns_aaaa_record": false,
                "hostname_type": "ip-name"
              }
            ],
            "private_ip": "192.168.2.165",
            "public_dns": "ec2-13-232-37-27.ap-south-1.compute.amazonaws.com",
            "public_ip": "13.232.37.27",
            "region": "ap-south-1",
            "root_block_device": [
              {
                "delete_on_termination": true,
                "device_name": "/dev/xvda",
                "encrypted": false,
                "iops": 3000,
                "kms_key_id": "",
                "tags": {},
                "tags_all": {},
                "throughput": 125,
                "volume_id": "vol-095bb78eebe29bb40",
                "volume_size": 8,
                "volume_type": "gp3"
              }
            ],
            "secondary_private_ips": [],
            "security_groups": [
              "sg-0c5d1efbd3e8f002e"
            ],
            "source_dest_check": true,
            "spot_instance_request_id": "",
            "subnet_id": "subnet-09324289129703dee",
            "tags": {
              "Name": "terraform-0"
            },
            "tags_all": {
              "Name": "terraform-0"
            },
            "tenancy": "default",
            "timeouts": null,
            "user_data": "#/bin/bash\nsudo yum update -y\nsudo yum install httpd -y",
            "user_data_base64": null,
            "user_data_replace_on_change": false,
            "volume_tags": null,
            "vpc_security_group_ids": [
              "sg-0c5d1efbd3e8f002e"
            ]
          },
          "sensitive_attributes": [],
          "identity_schema_version": 0,
          "private": "eyJlMmJmYjczMC1lY2FhLTExZTYtOGY4OC0zNDM2M2JjN2M0YzAiOnsiY3JlYXRlIjo2MDAwMDAwMDAwMDAsImRlbGV0ZSI6MTIwMDAwMDAwMDAwMCwicmVhZCI6OTAwMDAwMDAwMDAwLCJ1cGRhdGUiOjYwMDAwMDAwMDAwMH0sInNjaGVtYV92ZXJzaW9uIjoiMiJ9",
          "dependencies": [
            "aws_key_pair.tf-key-pair",
            "aws_security_group.sg",
            "aws_subnet.private",
            "aws_subnet.public",
            "aws_vpc.vpc",
            "local_file.tf-key",
            "tls_private_key.rsa"
          ]
        },
        {
          "index_key": 1,
          "schema_version": 2,
          "attributes": {
            "ami": "ami-0f535a71b34f2d44a",
            "arn": "arn:aws:ec2:ap-south-1:890742589845:instance/i-072e6d51e5fb5b0b1",
            "associate_public_ip_address": false,
            "availability_zone": "ap-south-1b",
            "capacity_reservation_specification": [
              {
                "capacity_reservation_preference": "open",
                "capacity_reservation_target": []
              }
            ],
            "cpu_options": [
              {
                "amd_sev_snp": "",
                "core_count": 1,
                "threads_per_core": 1
              }
            ],
            "credit_specification": [
              {
                "cpu_credits": "standard"
              }
            ],
            "disable_api_stop": false,
            "disable_api_termination": false,
            "ebs_block_device": [],
            "ebs_optimized": false,
            "enable_primary_ipv6": null,
            "enclave_options": [
              {
                "enabled": false
              }
            ],
            "ephemeral_block_device": [],
            "get_password_data": false,
            "hibernation": false,
            "host_id": "",
            "host_resource_group_arn": null,
            "iam_instance_profile": "",
            "id": "i-072e6d51e5fb5b0b1",
            "instance_initiated_shutdown_behavior": "stop",
            "instance_lifecycle": "",
            "instance_market_options": [],
            "instance_state": "running",
            "instance_type": "t2.micro",
            "ipv6_address_count": 0,
            "ipv6_addresses": [],
            "key_name": "terraform",
            "launch_template": [],
            "maintenance_options": [
              {
                "auto_recovery": "default"
              }
            ],
            "metadata_options": [
              {
                "http_endpoint": "enabled",
                "http_protocol_ipv6": "disabled",
                "http_put_response_hop_limit": 2,
                "http_tokens": "required",
                "instance_metadata_tags": "disabled"
              }
            ],
            "monitoring": false,
            "network_interface": [],
            "outpost_arn": "",
            "password_data": "",
            "placement_group": "",
            "placement_partition_number": 0,
            "primary_network_interface_id": "eni-068752a44893db26c",
            "private_dns": "ip-192-168-1-33.ap-south-1.compute.internal",
            "private_dns_name_options": [
              {
                "enable_resource_name_dns_a_record": false,
                "enable_resource_name_dns_aaaa_record": false,
                "hostname_type": "ip-name"
              }
            ],
            "private_ip": "192.168.1.33",
            "public_dns": "",
            "public_ip": "",
            "region": "ap-south-1",
            "root_block_device": [
              {
                "delete_on_termination": true,
                "device_name": "/dev/xvda",
                "encrypted": false,
                "iops": 3000,
                "kms_key_id": "",
                "tags": {},
                "tags_all": {},
                "throughput": 125,
                "volume_id": "vol-00c973a31eb1d8aae",
                "volume_size": 8,
                "volume_type": "gp3"
              }
            ],
            "secondary_private_ips": [],
            "security_groups": [
              "sg-0c5d1efbd3e8f002e"
            ],
            "source_dest_check": true,
            "spot_instance_request_id": "",
            "subnet_id": "subnet-012cd1841e4ffb37f",
            "tags": {
              "Name": "terraform-1"
            },
            "tags_all": {
              "Name": "terraform-1"
            },
            "tenancy": "default",
            "timeouts": null,
            "user_data": "#/bin/bash\nsudo yum update -y\nsudo yum install httpd -y",
            "user_data_base64": null,
            "user_data_replace_on_change": false,
            "volume_tags": null,
            "vpc_security_group_ids": [
              "sg-0c5d1efbd3e8f002e"
            ]
          },
          "sensitive_attributes": [],
          "identity_schema_version": 0,
          "private": "eyJlMmJmYjczMC1lY2FhLTExZTYtOGY4OC0zNDM2M2JjN2M0YzAiOnsiY3JlYXRlIjo2MDAwMDAwMDAwMDAsImRlbGV0ZSI6MTIwMDAwMDAwMDAwMCwicmVhZCI6OTAwMDAwMDAwMDAwLCJ1cGRhdGUiOjYwMDAwMDAwMDAwMH0sInNjaGVtYV92ZXJzaW9uIjoiMiJ9",
          "dependencies": [
            "aws_key_pair.tf-key-pair",
            "aws_security_group.sg",
            "aws_subnet.private",
            "aws_subnet.public",
            "aws_vpc.vpc",
            "local_file.tf-key",
            "tls_private_key.rsa"
          ]
        }
      ]
    },
    {
      "mode": "managed",
      "type": "aws_internet_gateway",
      "name": "igw",
      "provider": "provider[\"registry.terraform.io/hashicorp/aws\"]",
      "instances": [
        {
          "schema_version": 0,
          "attributes": {
            "arn": "arn:aws:ec2:ap-south-1:890742589845:internet-gateway/igw-0eec02cb685c90278",
            "id": "igw-0eec02cb685c90278",
            "owner_id": "890742589845",
            "region": "ap-south-1",
            "tags": {
              "Name": "terraform-igw"
            },
            "tags_all": {
              "Name": "terraform-igw"
            },
            "timeouts": null,
            "vpc_id": "vpc-0fb2f010474a78063"
          },
          "sensitive_attributes": [],
          "identity_schema_version": 0,
          "private": "eyJlMmJmYjczMC1lY2FhLTExZTYtOGY4OC0zNDM2M2JjN2M0YzAiOnsiY3JlYXRlIjoxMjAwMDAwMDAwMDAwLCJkZWxldGUiOjEyMDAwMDAwMDAwMDAsInVwZGF0ZSI6MTIwMDAwMDAwMDAwMH19",
          "dependencies": [
            "aws_vpc.vpc"
          ]
        }
      ]
    },
    {
      "mode": "managed",
      "type": "aws_key_pair",
      "name": "tf-key-pair",
      "provider": "provider[\"registry.terraform.io/hashicorp/aws\"]",
      "instances": [
        {
          "schema_version": 1,
          "attributes": {
            "arn": "arn:aws:ec2:ap-south-1:890742589845:key-pair/terraform",
            "fingerprint": "86:25:42:09:6c:d2:b3:38:2d:fe:1e:1b:06:28:4a:9e",
            "id": "terraform",
            "key_name": "terraform",
            "key_name_prefix": "",
            "key_pair_id": "key-08ea51cdfbb6acb8a",
            "key_type": "rsa",
            "public_key": "ssh-rsa AAAAB3NzaC1yc2EAAAADAQABAAACAQC1ssmxiN68M6bSa41VnFJQEujzMGrR0cRfYtxFaNJayY8mRbp4NvCwOKTHhjrY1uZ86tvxZAOadJp8ygKL/E1iQsrQuuDKaz26ojrC+919ZJ1XNne2XJ9AFsxcg+1CANHYiLGohcfXh7zuREjhaHA5FhWi8jYCRszezhTyINdzaU9u96YRDF8n3RTcHu5QDCXtQtRrkEHi+uIaOwCWQ7KWf51U/5IhboXlalcMFRo/V6Fb5ffLhkHiULeFNY8oHAaxO/4Pq4U8eWuqxrZlvAqc409j1vso76pZaB0bv8l06Jy1F+kqFG794FatjtzXw+5PlQLcGlLics5MZXOWFPLZsWTdIi1P+zfFId6d2jQGF1nAJf6d1nAaw/1GZ8rm7u0Uo1xrdknqkr7aEWLNulgi1w0bIaP20NSxNYP80deU/w/zJG02JnQ+lIePhB/RIETAFuj60hgBc1MeoFLJ97NbvqznpZHW6eXdbHagS7Tz50mbuyTJU110REgJvs+RrsqQxuNssp4g2rRFB2zhUwUsy4HPC7qff+Y60M4Qla9XyKvsmwD0t5vBUGIjYObyV1BROhxLtyyBra3cVQ2A2YPIfsUcP3BlCb9Z8h8ZpZvonwkslszdXkwKOhQynNXbNrWG15xp1TT5GTP0tK/DwNzocadTGUBtpHqnSo2QutqJ8w==",
            "region": "ap-south-1",
            "tags": null,
            "tags_all": {}
          },
          "sensitive_attributes": [],
          "identity_schema_version": 0,
          "private": "eyJzY2hlbWFfdmVyc2lvbiI6IjEifQ==",
          "dependencies": [
            "tls_private_key.rsa"
          ]
        }
      ]
    },
    {
      "mode": "managed",
      "type": "aws_nat_gateway",
      "name": "nat",
      "provider": "provider[\"registry.terraform.io/hashicorp/aws\"]",
      "instances": [
        {
          "schema_version": 0,
          "attributes": {
            "allocation_id": "eipalloc-09c56e1dbb5dd8d17",
            "association_id": "eipassoc-0f392c53d276a56bf",
            "connectivity_type": "public",
            "id": "nat-08384efaa44bccb2c",
            "network_interface_id": "eni-0a91ebe3da20e576d",
            "private_ip": "192.168.2.99",
            "public_ip": "15.207.209.83",
            "region": "ap-south-1",
            "secondary_allocation_ids": null,
            "secondary_private_ip_address_count": 0,
            "secondary_private_ip_addresses": [],
            "subnet_id": "subnet-09324289129703dee",
            "tags": {
              "Name": "terraform-nat"
            },
            "tags_all": {
              "Name": "terraform-nat"
            },
            "timeouts": null
          },
          "sensitive_attributes": [],
          "identity_schema_version": 0,
          "private": "eyJlMmJmYjczMC1lY2FhLTExZTYtOGY4OC0zNDM2M2JjN2M0YzAiOnsiY3JlYXRlIjo2MDAwMDAwMDAwMDAsImRlbGV0ZSI6MTgwMDAwMDAwMDAwMCwidXBkYXRlIjo2MDAwMDAwMDAwMDB9fQ==",
          "dependencies": [
            "aws_eip.elastic-ip",
            "aws_subnet.public",
            "aws_vpc.vpc"
          ]
        }
      ]
    },
    {
      "mode": "managed",
      "type": "aws_route_table",
      "name": "rt1",
      "provider": "provider[\"registry.terraform.io/hashicorp/aws\"]",
      "instances": [
        {
          "schema_version": 0,
          "attributes": {
            "arn": "arn:aws:ec2:ap-south-1:890742589845:route-table/rtb-0a6ee97f2e24107e6",
            "id": "rtb-0a6ee97f2e24107e6",
            "owner_id": "890742589845",
            "propagating_vgws": [],
            "region": "ap-south-1",
            "route": [
              {
                "carrier_gateway_id": "",
                "cidr_block": "0.0.0.0/0",
                "core_network_arn": "",
                "destination_prefix_list_id": "",
                "egress_only_gateway_id": "",
                "gateway_id": "igw-0eec02cb685c90278",
                "ipv6_cidr_block": "",
                "local_gateway_id": "",
                "nat_gateway_id": "",
                "network_interface_id": "",
                "transit_gateway_id": "",
                "vpc_endpoint_id": "",
                "vpc_peering_connection_id": ""
              }
            ],
            "tags": {
              "Name": "terraform-rt1"
            },
            "tags_all": {
              "Name": "terraform-rt1"
            },
            "timeouts": null,
            "vpc_id": "vpc-0fb2f010474a78063"
          },
          "sensitive_attributes": [],
          "identity_schema_version": 0,
          "private": "eyJlMmJmYjczMC1lY2FhLTExZTYtOGY4OC0zNDM2M2JjN2M0YzAiOnsiY3JlYXRlIjozMDAwMDAwMDAwMDAsImRlbGV0ZSI6MzAwMDAwMDAwMDAwLCJ1cGRhdGUiOjEyMDAwMDAwMDAwMH19",
          "dependencies": [
            "aws_internet_gateway.igw",
            "aws_vpc.vpc"
          ]
        }
      ]
    },
    {
      "mode": "managed",
      "type": "aws_route_table",
      "name": "rt2",
      "provider": "provider[\"registry.terraform.io/hashicorp/aws\"]",
      "instances": [
        {
          "schema_version": 0,
          "attributes": {
            "arn": "arn:aws:ec2:ap-south-1:890742589845:route-table/rtb-030cebb403bf84033",
            "id": "rtb-030cebb403bf84033",
            "owner_id": "890742589845",
            "propagating_vgws": [],
            "region": "ap-south-1",
            "route": [
              {
                "carrier_gateway_id": "",
                "cidr_block": "0.0.0.0/0",
                "core_network_arn": "",
                "destination_prefix_list_id": "",
                "egress_only_gateway_id": "",
                "gateway_id": "nat-08384efaa44bccb2c",
                "ipv6_cidr_block": "",
                "local_gateway_id": "",
                "nat_gateway_id": "",
                "network_interface_id": "",
                "transit_gateway_id": "",
                "vpc_endpoint_id": "",
                "vpc_peering_connection_id": ""
              }
            ],
            "tags": {
              "Name": "terraform-rt2"
            },
            "tags_all": {
              "Name": "terraform-rt2"
            },
            "timeouts": null,
            "vpc_id": "vpc-0fb2f010474a78063"
          },
          "sensitive_attributes": [],
          "identity_schema_version": 0,
          "private": "eyJlMmJmYjczMC1lY2FhLTExZTYtOGY4OC0zNDM2M2JjN2M0YzAiOnsiY3JlYXRlIjozMDAwMDAwMDAwMDAsImRlbGV0ZSI6MzAwMDAwMDAwMDAwLCJ1cGRhdGUiOjEyMDAwMDAwMDAwMH19",
          "dependencies": [
            "aws_eip.elastic-ip",
            "aws_nat_gateway.nat",
            "aws_subnet.public",
            "aws_vpc.vpc"
          ]
        }
      ]
    },
    {
      "mode": "managed",
      "type": "aws_route_table_association",
      "name": "a",
      "provider": "provider[\"registry.terraform.io/hashicorp/aws\"]",
      "instances": [
        {
          "schema_version": 0,
          "attributes": {
            "gateway_id": "",
            "id": "rtbassoc-0b6672f966a92d1a6",
            "region": "ap-south-1",
            "route_table_id": "rtb-0a6ee97f2e24107e6",
            "subnet_id": "subnet-09324289129703dee",
            "timeouts": null
          },
          "sensitive_attributes": [],
          "identity_schema_version": 0,
          "private": "eyJlMmJmYjczMC1lY2FhLTExZTYtOGY4OC0zNDM2M2JjN2M0YzAiOnsiY3JlYXRlIjozMDAwMDAwMDAwMDAsImRlbGV0ZSI6MzAwMDAwMDAwMDAwLCJ1cGRhdGUiOjEyMDAwMDAwMDAwMH19",
          "dependencies": [
            "aws_internet_gateway.igw",
            "aws_route_table.rt1",
            "aws_subnet.public",
            "aws_vpc.vpc"
          ]
        }
      ]
    },
    {
      "mode": "managed",
      "type": "aws_route_table_association",
      "name": "b",
      "provider": "provider[\"registry.terraform.io/hashicorp/aws\"]",
      "instances": [
        {
          "schema_version": 0,
          "attributes": {
            "gateway_id": "",
            "id": "rtbassoc-025bff376e2275ff4",
            "region": "ap-south-1",
            "route_table_id": "rtb-030cebb403bf84033",
            "subnet_id": "subnet-012cd1841e4ffb37f",
            "timeouts": null
          },
          "sensitive_attributes": [],
          "identity_schema_version": 0,
          "private": "eyJlMmJmYjczMC1lY2FhLTExZTYtOGY4OC0zNDM2M2JjN2M0YzAiOnsiY3JlYXRlIjozMDAwMDAwMDAwMDAsImRlbGV0ZSI6MzAwMDAwMDAwMDAwLCJ1cGRhdGUiOjEyMDAwMDAwMDAwMH19",
          "dependencies": [
            "aws_eip.elastic-ip",
            "aws_nat_gateway.nat",
            "aws_route_table.rt2",
            "aws_subnet.private",
            "aws_subnet.public",
            "aws_vpc.vpc"
          ]
        }
      ]
    },
    {
      "mode": "managed",
      "type": "aws_security_group",
      "name": "sg",
      "provider": "provider[\"registry.terraform.io/hashicorp/aws\"]",
      "instances": [
        {
          "schema_version": 1,
          "attributes": {
            "arn": "arn:aws:ec2:ap-south-1:890742589845:security-group/sg-0c5d1efbd3e8f002e",
            "description": "Allow TLS inbound traffic",
            "egress": [
              {
                "cidr_blocks": [
                  "0.0.0.0/0"
                ],
                "description": "",
                "from_port": 0,
                "ipv6_cidr_blocks": [],
                "prefix_list_ids": [],
                "protocol": "-1",
                "security_groups": [],
                "self": false,
                "to_port": 0
              }
            ],
            "id": "sg-0c5d1efbd3e8f002e",
            "ingress": [
              {
                "cidr_blocks": [
                  "0.0.0.0/0"
                ],
                "description": "TLS from VPC",
                "from_port": 22,
                "ipv6_cidr_blocks": [],
                "prefix_list_ids": [],
                "protocol": "tcp",
                "security_groups": [],
                "self": false,
                "to_port": 22
              },
              {
                "cidr_blocks": [
                  "0.0.0.0/0"
                ],
                "description": "TLS from VPC",
                "from_port": 80,
                "ipv6_cidr_blocks": [],
                "prefix_list_ids": [],
                "protocol": "tcp",
                "security_groups": [],
                "self": false,
                "to_port": 80
              }
            ],
            "name": "vpc-sg",
            "name_prefix": "",
            "owner_id": "890742589845",
            "region": "ap-south-1",
            "revoke_rules_on_delete": false,
            "tags": {
              "Name": "vpc-sg"
            },
            "tags_all": {
              "Name": "vpc-sg"
            },
            "timeouts": null,
            "vpc_id": "vpc-0fb2f010474a78063"
          },
          "sensitive_attributes": [],
          "identity_schema_version": 0,
          "private": "eyJlMmJmYjczMC1lY2FhLTExZTYtOGY4OC0zNDM2M2JjN2M0YzAiOnsiY3JlYXRlIjo2MDAwMDAwMDAwMDAsImRlbGV0ZSI6OTAwMDAwMDAwMDAwfSwic2NoZW1hX3ZlcnNpb24iOiIxIn0=",
          "dependencies": [
            "aws_vpc.vpc"
          ]
        }
      ]
    },
    {
      "mode": "managed",
      "type": "aws_subnet",
      "name": "private",
      "provider": "provider[\"registry.terraform.io/hashicorp/aws\"]",
      "instances": [
        {
          "schema_version": 1,
          "attributes": {
            "arn": "arn:aws:ec2:ap-south-1:890742589845:subnet/subnet-012cd1841e4ffb37f",
            "assign_ipv6_address_on_creation": false,
            "availability_zone": "ap-south-1b",
            "availability_zone_id": "aps1-az3",
            "cidr_block": "192.168.1.0/24",
            "customer_owned_ipv4_pool": "",
            "enable_dns64": false,
            "enable_lni_at_device_index": 0,
            "enable_resource_name_dns_a_record_on_launch": false,
            "enable_resource_name_dns_aaaa_record_on_launch": false,
            "id": "subnet-012cd1841e4ffb37f",
            "ipv6_cidr_block": "",
            "ipv6_cidr_block_association_id": "",
            "ipv6_native": false,
            "map_customer_owned_ip_on_launch": false,
            "map_public_ip_on_launch": false,
            "outpost_arn": "",
            "owner_id": "890742589845",
            "private_dns_hostname_type_on_launch": "ip-name",
            "region": "ap-south-1",
            "tags": {
              "Name": "private-tf"
            },
            "tags_all": {
              "Name": "private-tf"
            },
            "timeouts": null,
            "vpc_id": "vpc-0fb2f010474a78063"
          },
          "sensitive_attributes": [],
          "identity_schema_version": 0,
          "private": "eyJlMmJmYjczMC1lY2FhLTExZTYtOGY4OC0zNDM2M2JjN2M0YzAiOnsiY3JlYXRlIjo2MDAwMDAwMDAwMDAsImRlbGV0ZSI6MTIwMDAwMDAwMDAwMH0sInNjaGVtYV92ZXJzaW9uIjoiMSJ9",
          "dependencies": [
            "aws_vpc.vpc"
          ]
        }
      ]
    },
    {
      "mode": "managed",
      "type": "aws_subnet",
      "name": "public",
      "provider": "provider[\"registry.terraform.io/hashicorp/aws\"]",
      "instances": [
        {
          "schema_version": 1,
          "attributes": {
            "arn": "arn:aws:ec2:ap-south-1:890742589845:subnet/subnet-09324289129703dee",
            "assign_ipv6_address_on_creation": false,
            "availability_zone": "ap-south-1a",
            "availability_zone_id": "aps1-az1",
            "cidr_block": "192.168.2.0/24",
            "customer_owned_ipv4_pool": "",
            "enable_dns64": false,
            "enable_lni_at_device_index": 0,
            "enable_resource_name_dns_a_record_on_launch": false,
            "enable_resource_name_dns_aaaa_record_on_launch": false,
            "id": "subnet-09324289129703dee",
            "ipv6_cidr_block": "",
            "ipv6_cidr_block_association_id": "",
            "ipv6_native": false,
            "map_customer_owned_ip_on_launch": false,
            "map_public_ip_on_launch": true,
            "outpost_arn": "",
            "owner_id": "890742589845",
            "private_dns_hostname_type_on_launch": "ip-name",
            "region": "ap-south-1",
            "tags": {
              "Name": "public-tf"
            },
            "tags_all": {
              "Name": "public-tf"
            },
            "timeouts": null,
            "vpc_id": "vpc-0fb2f010474a78063"
          },
          "sensitive_attributes": [],
          "identity_schema_version": 0,
          "private": "eyJlMmJmYjczMC1lY2FhLTExZTYtOGY4OC0zNDM2M2JjN2M0YzAiOnsiY3JlYXRlIjo2MDAwMDAwMDAwMDAsImRlbGV0ZSI6MTIwMDAwMDAwMDAwMH0sInNjaGVtYV92ZXJzaW9uIjoiMSJ9",
          "dependencies": [
            "aws_vpc.vpc"
          ]
        }
      ]
    },
    {
      "mode": "managed",
      "type": "aws_vpc",
      "name": "vpc",
      "provider": "provider[\"registry.terraform.io/hashicorp/aws\"]",
      "instances": [
        {
          "schema_version": 1,
          "attributes": {
            "arn": "arn:aws:ec2:ap-south-1:890742589845:vpc/vpc-0fb2f010474a78063",
            "assign_generated_ipv6_cidr_block": false,
            "cidr_block": "192.168.0.0/16",
            "default_network_acl_id": "acl-00ab079d0334f2750",
            "default_route_table_id": "rtb-059dc67a628733a95",
            "default_security_group_id": "sg-07810557cec5b2111",
            "dhcp_options_id": "dopt-070dcb746ee27d45e",
            "enable_dns_hostnames": true,
            "enable_dns_support": true,
            "enable_network_address_usage_metrics": false,
            "id": "vpc-0fb2f010474a78063",
            "instance_tenancy": "default",
            "ipv4_ipam_pool_id": null,
            "ipv4_netmask_length": null,
            "ipv6_association_id": "",
            "ipv6_cidr_block": "",
            "ipv6_cidr_block_network_border_group": "",
            "ipv6_ipam_pool_id": "",
            "ipv6_netmask_length": 0,
            "main_route_table_id": "rtb-059dc67a628733a95",
            "owner_id": "890742589845",
            "region": "ap-south-1",
            "tags": {
              "Name": "terraform-vpc"
            },
            "tags_all": {
              "Name": "terraform-vpc"
            }
          },
          "sensitive_attributes": [],
          "identity_schema_version": 0,
          "private": "eyJzY2hlbWFfdmVyc2lvbiI6IjEifQ=="
        }
      ]
    },
    {
      "mode": "managed",
      "type": "local_file",
      "name": "tf-key",
      "provider": "provider[\"registry.terraform.io/hashicorp/local\"]",
      "instances": [
        {
          "schema_version": 0,
          "attributes": {
            "content": "-----BEGIN RSA PRIVATE KEY-----\nMIIJJwIBAAKCAgEAtbLJsYjevDOm0muNVZxSUBLo8zBq0dHEX2LcRWjSWsmPJkW6\neDbwsDikx4Y62NbmfOrb8WQDmnSafMoCi/xNYkLK0Lrgyms9uqI6wvvdfWSdVzZ3\ntlyfQBbMXIPtQgDR2IixqIXH14e87kRI4WhwORYVovI2AkbM3s4U8iDXc2lPbvem\nEQxfJ90U3B7uUAwl7ULUa5BB4vriGjsAlkOyln+dVP+SIW6F5WpXDBUaP1ehW+X3\ny4ZB4lC3hTWPKBwGsTv+D6uFPHlrqsa2ZbwKnONPY9b7KO+qWWgdG7/JdOictRfp\nKhRu/eBWrY7c18PuT5UC3BpS4nLOTGVzlhTy2bFk3SItT/s3xSHendo0BhdZwCX+\nndZwGsP9RmfK5u7tFKNca3ZJ6pK+2hFizbpYItcNGyGj9tDUsTWD/NHXlP8P8yRt\nNiZ0PpSHj4Qf0SBEwBbo+tIYAXNTHqBSyfezW76s56WR1unl3Wx2oEu08+dJm7sk\nyVNddERICb7Pka7KkMbjbLKeINq0RQds4VMFLMuBzwu6n3/mOtDOEJWvV8ir7JsA\n9LebwVBiI2Dm8ldQUTocS7csga2t3FUNgNmDyH7FHD9wZQm/WfIfGaWb6J8JLJbM\n3V5MCjoUMpzV2za1htecadU0+Rkz9LSvw8Dc6HGnUxlAbaR6p0qNkLraifMCAwEA\nAQKCAgBaE1/E+Qb+wxZ1I2eGJQBzfORqRzr1eKoC5aYwbLY31st2HEREe2wX2ITr\n+yHqRKMwE1hlE4FrzVmW+qiHkFUmnNkh4Ds3bjHEd89swWL82mfcB/8R81npckPu\nq2JwAasGT0HPuz6mnT6u2kBNKrLTwhyI0s2ulD3VSNH+dQSKTQ9ZgkEcG4eC4imI\ntHbNTTByLlrTVkkrhteXTF/OnpIG5Q3wyOA/XaTYZj7wGPgRpdYzEk8lYRIBaaWJ\nTtOA/V/d9lFNoGjlYYZcO7XJuo6CV3gQlU+e7C2FtEUV8B6lq/mgF1H6j/W0O0aN\nNRFLj/DxF/y6c/xaEbMvEW5bXVhEeKn7SDcP7igVm9tTLlv5pzcX8SLRYdvd/K1t\nzA80DLloxD6w1dv/FjEtajZSq39FWW38WrFnMJDdkzYz5B6f1DLbzerm+mrXNsk9\n3IU7274/RBd0iewL61qMUuND5scgAiECkcmmNFYZvEvTkjAWbH3xnzCelvf2VOr3\nNmv7+pi7N9jf/WEDBkhF252/QzPLd85WXclCzel+spHL6EvFtSye9H+yMkhtdGQH\n5OUA2nwe21w4Qm2jD2F7FmjeB1Ayk8gCCUFrop848Tf9pMB8fVRLHICWLii3pj1c\nLp0b3e6VLwVowit1ZIiuqgRK1tvijRCVPg0ZpryMZfcXcy5+/QKCAQEA3ls7W20M\nTff+ajOOPzQEdADRxNO0qK/S033qnl0gDWPmcAXfwLSWA/97HsiTm+ItEuWYNnRF\nAq7hOjqTCnb6rqS5Yx+kWySSrEqk3PopKreGY6fjFIALnTvwqmUeC2WoZlwDwCdk\n9a5+fArhLgbqUt//zoBdLpOy7zgQX8XH3TM6jyI30EkNq/HIzSm8cK5GhciMboDx\nN22YIRUOEJC56pW7p74wo+RIpeFOI/yv4s1J2rV0iHt7wY/zYkwtAm7RvzyUGXuA\nalne0jhCBKpEXKhduiSQW4iZufZBGv5hb1dN85dxuUM5S4iup7H9B8Gwo9YXgquJ\nUqd7EoEO3dGSLQKCAQEA0TC05viuInC6sqI9ViHaQUcPLhM5m2RWMm37BuyTjP9T\nRrLBLNAVgCwhXthDVN1zPsSfMFajxq93M/gv160ItvsAk1cm2fz3suPuv4iGUWbc\nNShKhFErIDyR9aHZXxptNjanajn5gi6l0NboiskcQuaFeomsYmKsct04rwRpUXck\nioMVCoqOvgKSYrHoHzxIBDEQ8OZ8FegE0Bh1PYqEoUg8lFLmy0ummM1ZJhLEF5jr\nUWY4mFgbe/7gfZJz+aOziFQ/wexUNRh6dJAuWSQnrrHqdBlovp1eDA1kp22sneYY\nSeBm/QkQaA8KuoVtJ+zjLcrI8d/W/CNWXruyNKvAnwKCAQB8dnzHNEcK7aHPOISL\nBEbp1/uTPR2GvsQ39ed6NY5XcG/wjJkueObv3fXAyW02eGfaiAGnmXV3hwQzX84m\nsWqojzPmNDP/gH1JS4700mJwssHazoLhWrsljAOunWMv5ftZMHA5AtQUYVQTgtOA\nvAY11YSOxnNiOvKRzMP9l+vD+YTx0amEQSAR+wj3LkF4oVSAVj2lLS/YYtQg0HRK\n+XfXw3CC+IapdoLjtzXSFwMs5NROQ/uy2cvwEO+fOhyHnBhz/yi3CtZasWt0KGFr\n0xLo+qVcKFNVqSTDXwAaaAGKHUhY7ZCOrv5HNX7uB0cnLFf/nTsTvYjkZzMQrITx\nzPkRAoIBAHiOcmL+BBTzFJVoLKMb5VVjZ1stVzC3lXmAqn+mDa7fYpXG5M83qHxy\nclTfm4YoDYep9vf7pm0VqEP6D1BjdzdE1mMTgd91Cyc8dtZJDueQuO2lp7Qztv/g\nCFogCU7mwvPQcZElkia1TXhasi9xkWj4wwoIl6EnrqyP02AB0dRSLmvo+VJW4cad\nYtGgJ98AdZx8zn+WxQI28bcfsUljL+Zm5Aqy8DFPCtba2Tq46+uRhGQn3gvmEwjV\nrXiQ02eWMRwrOYc/9JOY5NGSWjOjQ39JJ437KsNXm+CkQ1K+QRHKjkrdGV1QQPVH\nXe56gJrWyWIVkNLcJmCu2NLFpwD1zo8CggEAGJ8kBTR02qRRpfUzFzcZVwTnrtN2\ni9M8pazUx3tC5dk2OTOwiYQejL4KUlDYl00e1Lm7MUKyY4/BtgA55RuPw2Ukg2qz\nr4/bR5XizpCaFVpxnq6I/dTPYXMaLUs64mdrFNbenMnBs1ncOcnCouo7ZU9LwxDn\n6oW3dm0S+l6Lh+7jDe6JvpfP4dm/QiEBmgRoy+k9f08ytlQsAH4mIvkmVOin2oFv\ndqN4cU8MHSz04DPHgUVaa/7WerfdroeA7+CV5hgnrsKGkJPlCkjJt+cDd8b3dzSV\npTmM5T9Xjp9qdkV0jmvcCPAGhxu+BsAT/1qTG2zXxgzJg46aLi03YxEQig==\n-----END RSA PRIVATE KEY-----\n",
            "content_base64": null,
            "content_base64sha256": "PgbHuneREQNl6tHgopG0uY1Wt7B6pXf1ENQo2JdMb7Y=",
            "content_base64sha512": "xAY1UnZlU9SdO6cwJ6oWH774W+59Qh/B0P+Jb16bK1JZetr8wzNwsl2MJVSSnzKIgfDBBV3jksEySLL+JMq5zQ==",
            "content_md5": "45127d56c4863742663ec316c19cd1cd",
            "content_sha1": "68daa2301e02fcd0bb4e4c0744ec5838a377660b",
            "content_sha256": "3e06c7ba7791110365ead1e0a291b4b98d56b7b07aa577f510d428d8974c6fb6",
            "content_sha512": "c4063552766553d49d3ba73027aa161fbef85bee7d421fc1d0ff896f5e9b2b52597adafcc33370b25d8c2554929f328881f0c1055de392c13248b2fe24cab9cd",
            "directory_permission": "0777",
            "file_permission": "0600",
            "filename": "terraform.pem",
            "id": "68daa2301e02fcd0bb4e4c0744ec5838a377660b",
            "sensitive_content": null,
            "source": null
          },
          "sensitive_attributes": [
            [
              {
                "type": "get_attr",
                "value": "content"
              }
            ],
            [
              {
                "type": "get_attr",
                "value": "sensitive_content"
              }
            ]
          ],
          "identity_schema_version": 0,
          "dependencies": [
            "tls_private_key.rsa"
          ]
        }
      ]
    },
    {
      "mode": "managed",
      "type": "tls_private_key",
      "name": "rsa",
      "provider": "provider[\"registry.terraform.io/hashicorp/tls\"]",
      "instances": [
        {
          "schema_version": 1,
          "attributes": {
            "algorithm": "RSA",
            "ecdsa_curve": "P224",
            "id": "fe2bb7260049cf08489cc45bff39ae86cfedbbd0",
            "private_key_openssh": "-----BEGIN OPENSSH PRIVATE KEY-----\nb3BlbnNzaC1rZXktdjEAAAAABG5vbmUAAAAEbm9uZQAAAAAAAAABAAACFwAAAAdz\nc2gtcnNhAAAAAwEAAQAAAgEAtbLJsYjevDOm0muNVZxSUBLo8zBq0dHEX2LcRWjS\nWsmPJkW6eDbwsDikx4Y62NbmfOrb8WQDmnSafMoCi/xNYkLK0Lrgyms9uqI6wvvd\nfWSdVzZ3tlyfQBbMXIPtQgDR2IixqIXH14e87kRI4WhwORYVovI2AkbM3s4U8iDX\nc2lPbvemEQxfJ90U3B7uUAwl7ULUa5BB4vriGjsAlkOyln+dVP+SIW6F5WpXDBUa\nP1ehW+X3y4ZB4lC3hTWPKBwGsTv+D6uFPHlrqsa2ZbwKnONPY9b7KO+qWWgdG7/J\ndOictRfpKhRu/eBWrY7c18PuT5UC3BpS4nLOTGVzlhTy2bFk3SItT/s3xSHendo0\nBhdZwCX+ndZwGsP9RmfK5u7tFKNca3ZJ6pK+2hFizbpYItcNGyGj9tDUsTWD/NHX\nlP8P8yRtNiZ0PpSHj4Qf0SBEwBbo+tIYAXNTHqBSyfezW76s56WR1unl3Wx2oEu0\n8+dJm7skyVNddERICb7Pka7KkMbjbLKeINq0RQds4VMFLMuBzwu6n3/mOtDOEJWv\nV8ir7JsA9LebwVBiI2Dm8ldQUTocS7csga2t3FUNgNmDyH7FHD9wZQm/WfIfGaWb\n6J8JLJbM3V5MCjoUMpzV2za1htecadU0+Rkz9LSvw8Dc6HGnUxlAbaR6p0qNkLra\nifMAAAc4ws+/AsLPvwIAAAAHc3NoLXJzYQAAAgEAtbLJsYjevDOm0muNVZxSUBLo\n8zBq0dHEX2LcRWjSWsmPJkW6eDbwsDikx4Y62NbmfOrb8WQDmnSafMoCi/xNYkLK\n0Lrgyms9uqI6wvvdfWSdVzZ3tlyfQBbMXIPtQgDR2IixqIXH14e87kRI4WhwORYV\novI2AkbM3s4U8iDXc2lPbvemEQxfJ90U3B7uUAwl7ULUa5BB4vriGjsAlkOyln+d\nVP+SIW6F5WpXDBUaP1ehW+X3y4ZB4lC3hTWPKBwGsTv+D6uFPHlrqsa2ZbwKnONP\nY9b7KO+qWWgdG7/JdOictRfpKhRu/eBWrY7c18PuT5UC3BpS4nLOTGVzlhTy2bFk\n3SItT/s3xSHendo0BhdZwCX+ndZwGsP9RmfK5u7tFKNca3ZJ6pK+2hFizbpYItcN\nGyGj9tDUsTWD/NHXlP8P8yRtNiZ0PpSHj4Qf0SBEwBbo+tIYAXNTHqBSyfezW76s\n56WR1unl3Wx2oEu08+dJm7skyVNddERICb7Pka7KkMbjbLKeINq0RQds4VMFLMuB\nzwu6n3/mOtDOEJWvV8ir7JsA9LebwVBiI2Dm8ldQUTocS7csga2t3FUNgNmDyH7F\nHD9wZQm/WfIfGaWb6J8JLJbM3V5MCjoUMpzV2za1htecadU0+Rkz9LSvw8Dc6HGn\nUxlAbaR6p0qNkLraifMAAAADAQABAAACAFoTX8T5Bv7DFnUjZ4YlAHN85GpHOvV4\nqgLlpjBstjfWy3YcRER7bBfYhOv7IepEozATWGUTgWvNWZb6qIeQVSac2SHgOzdu\nMcR3z2zBYvzaZ9wH/xHzWelyQ+6rYnABqwZPQc+7PqadPq7aQE0qstPCHIjSza6U\nPdVI0f51BIpND1mCQRwbh4LiKYi0ds1NMHIuWtNWSSuG15dMX86ekgblDfDI4D9d\npNhmPvAY+BGl1jMSTyVhEgFppYlO04D9X932UU2gaOVhhlw7tcm6joJXeBCVT57s\nLYW0RRXwHqWr+aAXUfqP9bQ7Ro01EUuP8PEX/Lpz/FoRsy8RbltdWER4qftINw/u\nKBWb21MuW/mnNxfxItFh2938rW3MDzQMuWjEPrDV2/8WMS1qNlKrf0VZbfxasWcw\nkN2TNjPkHp/UMtvN6ub6atc2yT3chTvbvj9EF3SJ7AvrWoxS40PmxyACIQKRyaY0\nVhm8S9OSMBZsffGfMJ6W9/ZU6vc2a/v6mLs32N/9YQMGSEXbnb9DM8t3zlZdyULN\n6X6ykcvoS8W1LJ70f7IySG10ZAfk5QDafB7bXDhCbaMPYXsWaN4HUDKTyAIJQWui\nnzjxN/2kwHx9VEscgJYuKLemPVwunRvd7pUvBWjCK3VkiK6qBErW2+KNEJU+DRmm\nvIxl9xdzLn79AAABABifJAU0dNqkUaX1Mxc3GVcE567TdovTPKWs1Md7QuXZNjkz\nsImEHoy+ClJQ2JdNHtS5uzFCsmOPwbYAOeUbj8NlJINqs6+P20eV4s6QmhVacZ6u\niP3Uz2FzGi1LOuJnaxTW3pzJwbNZ3DnJwqLqO2VPS8MQ5+qFt3ZtEvpei4fu4w3u\nib6Xz+HZv0IhAZoEaMvpPX9PMrZULAB+JiL5JlTop9qBb3ajeHFPDB0s9OAzx4FF\nWmv+1nq33a6HgO/gleYYJ67ChpCT5QpIybfnA3fG93c0laU5jOU/V46fanZFdI5r\n3AjwBocbvgbAE/9akxts18YMyYOOmi4tN2MREIoAAAEBAN5bO1ttDE33/mozjj80\nBHQA0cTTtKiv0tN96p5dIA1j5nAF38C0lgP/ex7Ik5viLRLlmDZ0RQKu4To6kwp2\n+q6kuWMfpFskkqxKpNz6KSq3hmOn4xSAC5078KplHgtlqGZcA8AnZPWufnwK4S4G\n6lLf/86AXS6Tsu84EF/Fx90zOo8iN9BJDavxyM0pvHCuRoXIjG6A8TdtmCEVDhCQ\nueqVu6e+MKPkSKXhTiP8r+LNSdq1dIh7e8GP82JMLQJu0b88lBl7gGpZ3tI4QgSq\nRFyoXbokkFuImbn2QRr+YW9XTfOXcblDOUuIrqex/QfBsKPWF4KriVKnexKBDt3R\nki0AAAEBANEwtOb4riJwurKiPVYh2kFHDy4TOZtkVjJt+wbsk4z/U0aywSzQFYAs\nIV7YQ1Tdcz7EnzBWo8avdzP4L9etCLb7AJNXJtn897Lj7r+IhlFm3DUoSoRRKyA8\nkfWh2V8abTY2p2o5+YIupdDW6IrJHELmhXqJrGJirHLdOK8EaVF3JIqDFQqKjr4C\nkmKx6B88SAQxEPDmfBXoBNAYdT2KhKFIPJRS5stLppjNWSYSxBeY61FmOJhYG3v+\n4H2Sc/mjs4hUP8HsVDUYenSQLlkkJ66x6nQZaL6dXgwNZKdtrJ3mGEngZv0JEGgP\nCrqFbSfs4y3KyPHf1vwjVl67sjSrwJ8AAAAAAQID\n-----END OPENSSH PRIVATE KEY-----\n",
            "private_key_pem": "-----BEGIN RSA PRIVATE KEY-----\nMIIJJwIBAAKCAgEAtbLJsYjevDOm0muNVZxSUBLo8zBq0dHEX2LcRWjSWsmPJkW6\neDbwsDikx4Y62NbmfOrb8WQDmnSafMoCi/xNYkLK0Lrgyms9uqI6wvvdfWSdVzZ3\ntlyfQBbMXIPtQgDR2IixqIXH14e87kRI4WhwORYVovI2AkbM3s4U8iDXc2lPbvem\nEQxfJ90U3B7uUAwl7ULUa5BB4vriGjsAlkOyln+dVP+SIW6F5WpXDBUaP1ehW+X3\ny4ZB4lC3hTWPKBwGsTv+D6uFPHlrqsa2ZbwKnONPY9b7KO+qWWgdG7/JdOictRfp\nKhRu/eBWrY7c18PuT5UC3BpS4nLOTGVzlhTy2bFk3SItT/s3xSHendo0BhdZwCX+\nndZwGsP9RmfK5u7tFKNca3ZJ6pK+2hFizbpYItcNGyGj9tDUsTWD/NHXlP8P8yRt\nNiZ0PpSHj4Qf0SBEwBbo+tIYAXNTHqBSyfezW76s56WR1unl3Wx2oEu08+dJm7sk\nyVNddERICb7Pka7KkMbjbLKeINq0RQds4VMFLMuBzwu6n3/mOtDOEJWvV8ir7JsA\n9LebwVBiI2Dm8ldQUTocS7csga2t3FUNgNmDyH7FHD9wZQm/WfIfGaWb6J8JLJbM\n3V5MCjoUMpzV2za1htecadU0+Rkz9LSvw8Dc6HGnUxlAbaR6p0qNkLraifMCAwEA\nAQKCAgBaE1/E+Qb+wxZ1I2eGJQBzfORqRzr1eKoC5aYwbLY31st2HEREe2wX2ITr\n+yHqRKMwE1hlE4FrzVmW+qiHkFUmnNkh4Ds3bjHEd89swWL82mfcB/8R81npckPu\nq2JwAasGT0HPuz6mnT6u2kBNKrLTwhyI0s2ulD3VSNH+dQSKTQ9ZgkEcG4eC4imI\ntHbNTTByLlrTVkkrhteXTF/OnpIG5Q3wyOA/XaTYZj7wGPgRpdYzEk8lYRIBaaWJ\nTtOA/V/d9lFNoGjlYYZcO7XJuo6CV3gQlU+e7C2FtEUV8B6lq/mgF1H6j/W0O0aN\nNRFLj/DxF/y6c/xaEbMvEW5bXVhEeKn7SDcP7igVm9tTLlv5pzcX8SLRYdvd/K1t\nzA80DLloxD6w1dv/FjEtajZSq39FWW38WrFnMJDdkzYz5B6f1DLbzerm+mrXNsk9\n3IU7274/RBd0iewL61qMUuND5scgAiECkcmmNFYZvEvTkjAWbH3xnzCelvf2VOr3\nNmv7+pi7N9jf/WEDBkhF252/QzPLd85WXclCzel+spHL6EvFtSye9H+yMkhtdGQH\n5OUA2nwe21w4Qm2jD2F7FmjeB1Ayk8gCCUFrop848Tf9pMB8fVRLHICWLii3pj1c\nLp0b3e6VLwVowit1ZIiuqgRK1tvijRCVPg0ZpryMZfcXcy5+/QKCAQEA3ls7W20M\nTff+ajOOPzQEdADRxNO0qK/S033qnl0gDWPmcAXfwLSWA/97HsiTm+ItEuWYNnRF\nAq7hOjqTCnb6rqS5Yx+kWySSrEqk3PopKreGY6fjFIALnTvwqmUeC2WoZlwDwCdk\n9a5+fArhLgbqUt//zoBdLpOy7zgQX8XH3TM6jyI30EkNq/HIzSm8cK5GhciMboDx\nN22YIRUOEJC56pW7p74wo+RIpeFOI/yv4s1J2rV0iHt7wY/zYkwtAm7RvzyUGXuA\nalne0jhCBKpEXKhduiSQW4iZufZBGv5hb1dN85dxuUM5S4iup7H9B8Gwo9YXgquJ\nUqd7EoEO3dGSLQKCAQEA0TC05viuInC6sqI9ViHaQUcPLhM5m2RWMm37BuyTjP9T\nRrLBLNAVgCwhXthDVN1zPsSfMFajxq93M/gv160ItvsAk1cm2fz3suPuv4iGUWbc\nNShKhFErIDyR9aHZXxptNjanajn5gi6l0NboiskcQuaFeomsYmKsct04rwRpUXck\nioMVCoqOvgKSYrHoHzxIBDEQ8OZ8FegE0Bh1PYqEoUg8lFLmy0ummM1ZJhLEF5jr\nUWY4mFgbe/7gfZJz+aOziFQ/wexUNRh6dJAuWSQnrrHqdBlovp1eDA1kp22sneYY\nSeBm/QkQaA8KuoVtJ+zjLcrI8d/W/CNWXruyNKvAnwKCAQB8dnzHNEcK7aHPOISL\nBEbp1/uTPR2GvsQ39ed6NY5XcG/wjJkueObv3fXAyW02eGfaiAGnmXV3hwQzX84m\nsWqojzPmNDP/gH1JS4700mJwssHazoLhWrsljAOunWMv5ftZMHA5AtQUYVQTgtOA\nvAY11YSOxnNiOvKRzMP9l+vD+YTx0amEQSAR+wj3LkF4oVSAVj2lLS/YYtQg0HRK\n+XfXw3CC+IapdoLjtzXSFwMs5NROQ/uy2cvwEO+fOhyHnBhz/yi3CtZasWt0KGFr\n0xLo+qVcKFNVqSTDXwAaaAGKHUhY7ZCOrv5HNX7uB0cnLFf/nTsTvYjkZzMQrITx\nzPkRAoIBAHiOcmL+BBTzFJVoLKMb5VVjZ1stVzC3lXmAqn+mDa7fYpXG5M83qHxy\nclTfm4YoDYep9vf7pm0VqEP6D1BjdzdE1mMTgd91Cyc8dtZJDueQuO2lp7Qztv/g\nCFogCU7mwvPQcZElkia1TXhasi9xkWj4wwoIl6EnrqyP02AB0dRSLmvo+VJW4cad\nYtGgJ98AdZx8zn+WxQI28bcfsUljL+Zm5Aqy8DFPCtba2Tq46+uRhGQn3gvmEwjV\nrXiQ02eWMRwrOYc/9JOY5NGSWjOjQ39JJ437KsNXm+CkQ1K+QRHKjkrdGV1QQPVH\nXe56gJrWyWIVkNLcJmCu2NLFpwD1zo8CggEAGJ8kBTR02qRRpfUzFzcZVwTnrtN2\ni9M8pazUx3tC5dk2OTOwiYQejL4KUlDYl00e1Lm7MUKyY4/BtgA55RuPw2Ukg2qz\nr4/bR5XizpCaFVpxnq6I/dTPYXMaLUs64mdrFNbenMnBs1ncOcnCouo7ZU9LwxDn\n6oW3dm0S+l6Lh+7jDe6JvpfP4dm/QiEBmgRoy+k9f08ytlQsAH4mIvkmVOin2oFv\ndqN4cU8MHSz04DPHgUVaa/7WerfdroeA7+CV5hgnrsKGkJPlCkjJt+cDd8b3dzSV\npTmM5T9Xjp9qdkV0jmvcCPAGhxu+BsAT/1qTG2zXxgzJg46aLi03YxEQig==\n-----END RSA PRIVATE KEY-----\n",
            "private_key_pem_pkcs8": "-----BEGIN PRIVATE KEY-----\nMIIJQQIBADANBgkqhkiG9w0BAQEFAASCCSswggknAgEAAoICAQC1ssmxiN68M6bS\na41VnFJQEujzMGrR0cRfYtxFaNJayY8mRbp4NvCwOKTHhjrY1uZ86tvxZAOadJp8\nygKL/E1iQsrQuuDKaz26ojrC+919ZJ1XNne2XJ9AFsxcg+1CANHYiLGohcfXh7zu\nREjhaHA5FhWi8jYCRszezhTyINdzaU9u96YRDF8n3RTcHu5QDCXtQtRrkEHi+uIa\nOwCWQ7KWf51U/5IhboXlalcMFRo/V6Fb5ffLhkHiULeFNY8oHAaxO/4Pq4U8eWuq\nxrZlvAqc409j1vso76pZaB0bv8l06Jy1F+kqFG794FatjtzXw+5PlQLcGlLics5M\nZXOWFPLZsWTdIi1P+zfFId6d2jQGF1nAJf6d1nAaw/1GZ8rm7u0Uo1xrdknqkr7a\nEWLNulgi1w0bIaP20NSxNYP80deU/w/zJG02JnQ+lIePhB/RIETAFuj60hgBc1Me\noFLJ97NbvqznpZHW6eXdbHagS7Tz50mbuyTJU110REgJvs+RrsqQxuNssp4g2rRF\nB2zhUwUsy4HPC7qff+Y60M4Qla9XyKvsmwD0t5vBUGIjYObyV1BROhxLtyyBra3c\nVQ2A2YPIfsUcP3BlCb9Z8h8ZpZvonwkslszdXkwKOhQynNXbNrWG15xp1TT5GTP0\ntK/DwNzocadTGUBtpHqnSo2QutqJ8wIDAQABAoICAFoTX8T5Bv7DFnUjZ4YlAHN8\n5GpHOvV4qgLlpjBstjfWy3YcRER7bBfYhOv7IepEozATWGUTgWvNWZb6qIeQVSac\n2SHgOzduMcR3z2zBYvzaZ9wH/xHzWelyQ+6rYnABqwZPQc+7PqadPq7aQE0qstPC\nHIjSza6UPdVI0f51BIpND1mCQRwbh4LiKYi0ds1NMHIuWtNWSSuG15dMX86ekgbl\nDfDI4D9dpNhmPvAY+BGl1jMSTyVhEgFppYlO04D9X932UU2gaOVhhlw7tcm6joJX\neBCVT57sLYW0RRXwHqWr+aAXUfqP9bQ7Ro01EUuP8PEX/Lpz/FoRsy8RbltdWER4\nqftINw/uKBWb21MuW/mnNxfxItFh2938rW3MDzQMuWjEPrDV2/8WMS1qNlKrf0VZ\nbfxasWcwkN2TNjPkHp/UMtvN6ub6atc2yT3chTvbvj9EF3SJ7AvrWoxS40PmxyAC\nIQKRyaY0Vhm8S9OSMBZsffGfMJ6W9/ZU6vc2a/v6mLs32N/9YQMGSEXbnb9DM8t3\nzlZdyULN6X6ykcvoS8W1LJ70f7IySG10ZAfk5QDafB7bXDhCbaMPYXsWaN4HUDKT\nyAIJQWuinzjxN/2kwHx9VEscgJYuKLemPVwunRvd7pUvBWjCK3VkiK6qBErW2+KN\nEJU+DRmmvIxl9xdzLn79AoIBAQDeWztbbQxN9/5qM44/NAR0ANHE07Sor9LTfeqe\nXSANY+ZwBd/AtJYD/3seyJOb4i0S5Zg2dEUCruE6OpMKdvqupLljH6RbJJKsSqTc\n+ikqt4Zjp+MUgAudO/CqZR4LZahmXAPAJ2T1rn58CuEuBupS3//OgF0uk7LvOBBf\nxcfdMzqPIjfQSQ2r8cjNKbxwrkaFyIxugPE3bZghFQ4QkLnqlbunvjCj5Eil4U4j\n/K/izUnatXSIe3vBj/NiTC0CbtG/PJQZe4BqWd7SOEIEqkRcqF26JJBbiJm59kEa\n/mFvV03zl3G5QzlLiK6nsf0HwbCj1heCq4lSp3sSgQ7d0ZItAoIBAQDRMLTm+K4i\ncLqyoj1WIdpBRw8uEzmbZFYybfsG7JOM/1NGssEs0BWALCFe2ENU3XM+xJ8wVqPG\nr3cz+C/XrQi2+wCTVybZ/Pey4+6/iIZRZtw1KEqEUSsgPJH1odlfGm02NqdqOfmC\nLqXQ1uiKyRxC5oV6iaxiYqxy3TivBGlRdySKgxUKio6+ApJisegfPEgEMRDw5nwV\n6ATQGHU9ioShSDyUUubLS6aYzVkmEsQXmOtRZjiYWBt7/uB9knP5o7OIVD/B7FQ1\nGHp0kC5ZJCeusep0GWi+nV4MDWSnbayd5hhJ4Gb9CRBoDwq6hW0n7OMtysjx39b8\nI1Zeu7I0q8CfAoIBAHx2fMc0Rwrtoc84hIsERunX+5M9HYa+xDf153o1jldwb/CM\nmS545u/d9cDJbTZ4Z9qIAaeZdXeHBDNfziaxaqiPM+Y0M/+AfUlLjvTSYnCywdrO\nguFauyWMA66dYy/l+1kwcDkC1BRhVBOC04C8BjXVhI7Gc2I68pHMw/2X68P5hPHR\nqYRBIBH7CPcuQXihVIBWPaUtL9hi1CDQdEr5d9fDcIL4hql2guO3NdIXAyzk1E5D\n+7LZy/AQ7586HIecGHP/KLcK1lqxa3QoYWvTEuj6pVwoU1WpJMNfABpoAYodSFjt\nkI6u/kc1fu4HRycsV/+dOxO9iORnMxCshPHM+RECggEAeI5yYv4EFPMUlWgsoxvl\nVWNnWy1XMLeVeYCqf6YNrt9ilcbkzzeofHJyVN+bhigNh6n29/umbRWoQ/oPUGN3\nN0TWYxOB33ULJzx21kkO55C47aWntDO2/+AIWiAJTubC89BxkSWSJrVNeFqyL3GR\naPjDCgiXoSeurI/TYAHR1FIua+j5Ulbhxp1i0aAn3wB1nHzOf5bFAjbxtx+xSWMv\n5mbkCrLwMU8K1trZOrjr65GEZCfeC+YTCNWteJDTZ5YxHCs5hz/0k5jk0ZJaM6ND\nf0knjfsqw1eb4KRDUr5BEcqOSt0ZXVBA9Udd7nqAmtbJYhWQ0twmYK7Y0sWnAPXO\njwKCAQAYnyQFNHTapFGl9TMXNxlXBOeu03aL0zylrNTHe0Ll2TY5M7CJhB6MvgpS\nUNiXTR7UubsxQrJjj8G2ADnlG4/DZSSDarOvj9tHleLOkJoVWnGeroj91M9hcxot\nSzriZ2sU1t6cycGzWdw5ycKi6jtlT0vDEOfqhbd2bRL6XouH7uMN7om+l8/h2b9C\nIQGaBGjL6T1/TzK2VCwAfiYi+SZU6KfagW92o3hxTwwdLPTgM8eBRVpr/tZ6t92u\nh4Dv4JXmGCeuwoaQk+UKSMm35wN3xvd3NJWlOYzlP1eOn2p2RXSOa9wI8AaHG74G\nwBP/WpMbbNfGDMmDjpouLTdjERCK\n-----END PRIVATE KEY-----\n",
            "public_key_fingerprint_md5": "c8:e2:4b:25:27:58:15:bd:3b:10:a1:cb:57:9e:40:65",
            "public_key_fingerprint_sha256": "SHA256:1duJWMYagJ/xLcPmS/4Pe0nf9ggJd5HvYtnVPCzjcZQ",
            "public_key_openssh": "ssh-rsa AAAAB3NzaC1yc2EAAAADAQABAAACAQC1ssmxiN68M6bSa41VnFJQEujzMGrR0cRfYtxFaNJayY8mRbp4NvCwOKTHhjrY1uZ86tvxZAOadJp8ygKL/E1iQsrQuuDKaz26ojrC+919ZJ1XNne2XJ9AFsxcg+1CANHYiLGohcfXh7zuREjhaHA5FhWi8jYCRszezhTyINdzaU9u96YRDF8n3RTcHu5QDCXtQtRrkEHi+uIaOwCWQ7KWf51U/5IhboXlalcMFRo/V6Fb5ffLhkHiULeFNY8oHAaxO/4Pq4U8eWuqxrZlvAqc409j1vso76pZaB0bv8l06Jy1F+kqFG794FatjtzXw+5PlQLcGlLics5MZXOWFPLZsWTdIi1P+zfFId6d2jQGF1nAJf6d1nAaw/1GZ8rm7u0Uo1xrdknqkr7aEWLNulgi1w0bIaP20NSxNYP80deU/w/zJG02JnQ+lIePhB/RIETAFuj60hgBc1MeoFLJ97NbvqznpZHW6eXdbHagS7Tz50mbuyTJU110REgJvs+RrsqQxuNssp4g2rRFB2zhUwUsy4HPC7qff+Y60M4Qla9XyKvsmwD0t5vBUGIjYObyV1BROhxLtyyBra3cVQ2A2YPIfsUcP3BlCb9Z8h8ZpZvonwkslszdXkwKOhQynNXbNrWG15xp1TT5GTP0tK/DwNzocadTGUBtpHqnSo2QutqJ8w==\n",
            "public_key_pem": "-----BEGIN PUBLIC KEY-----\nMIICIjANBgkqhkiG9w0BAQEFAAOCAg8AMIICCgKCAgEAtbLJsYjevDOm0muNVZxS\nUBLo8zBq0dHEX2LcRWjSWsmPJkW6eDbwsDikx4Y62NbmfOrb8WQDmnSafMoCi/xN\nYkLK0Lrgyms9uqI6wvvdfWSdVzZ3tlyfQBbMXIPtQgDR2IixqIXH14e87kRI4Whw\nORYVovI2AkbM3s4U8iDXc2lPbvemEQxfJ90U3B7uUAwl7ULUa5BB4vriGjsAlkOy\nln+dVP+SIW6F5WpXDBUaP1ehW+X3y4ZB4lC3hTWPKBwGsTv+D6uFPHlrqsa2ZbwK\nnONPY9b7KO+qWWgdG7/JdOictRfpKhRu/eBWrY7c18PuT5UC3BpS4nLOTGVzlhTy\n2bFk3SItT/s3xSHendo0BhdZwCX+ndZwGsP9RmfK5u7tFKNca3ZJ6pK+2hFizbpY\nItcNGyGj9tDUsTWD/NHXlP8P8yRtNiZ0PpSHj4Qf0SBEwBbo+tIYAXNTHqBSyfez\nW76s56WR1unl3Wx2oEu08+dJm7skyVNddERICb7Pka7KkMbjbLKeINq0RQds4VMF\nLMuBzwu6n3/mOtDOEJWvV8ir7JsA9LebwVBiI2Dm8ldQUTocS7csga2t3FUNgNmD\nyH7FHD9wZQm/WfIfGaWb6J8JLJbM3V5MCjoUMpzV2za1htecadU0+Rkz9LSvw8Dc\n6HGnUxlAbaR6p0qNkLraifMCAwEAAQ==\n-----END PUBLIC KEY-----\n",
            "rsa_bits": 4096
          },
          "sensitive_attributes": [
            [
              {
                "type": "get_attr",
                "value": "private_key_openssh"
              }
            ],
            [
              {
                "type": "get_attr",
                "value": "private_key_pem"
              }
            ],
            [
              {
                "type": "get_attr",
                "value": "private_key_pem_pkcs8"
              }
            ]
          ],
          "identity_schema_version": 0
        }
      ]
    }
  ],
  "check_results": null
}
