{
  "version": 4,
  "terraform_version": "1.8.4",
  "serial": 19,
  "lineage": "b3567f9f-6faa-df29-b8d8-3a5152e0b736",
  "outputs": {
    "security_group_id": {
      "value": "sg-03c522caf5d04c6dc",
      "type": "string"
    },
    "vpc_id": {
      "value": "vpc-09aa51c69fb840224",
      "type": "string"
    }
  },
  "resources": [
    {
      "mode": "data",
      "type": "terraform_remote_state",
      "name": "vpc",
      "provider": "provider[\"terraform.io/builtin/terraform\"]",
      "instances": [
        {
          "schema_version": 0,
          "attributes": {
            "backend": "s3",
            "config": {
              "value": {
                "bucket": "backend-terraform-state-file-uuddhay-01",
                "dynamodb_table": "state-lock",
                "key": "terraform.tfstate",
                "region": "ap-south-1"
              },
              "type": [
                "object",
                {
                  "bucket": "string",
                  "dynamodb_table": "string",
                  "key": "string",
                  "region": "string"
                }
              ]
            },
            "defaults": null,
            "outputs": {
              "value": {
                "igw_arn": "arn:aws:ec2:ap-south-1:767397922031:internet-gateway/igw-02cd2d5a653f0793c",
                "igw_id": "igw-02cd2d5a653f0793c",
                "public_route_table_ids": "rtb-02a5bf74049b94953",
                "public_subnets": "subnet-089d56383eaf0464e",
                "vpc_arn": "arn:aws:ec2:ap-south-1:767397922031:vpc/vpc-09aa51c69fb840224",
                "vpc_id": "vpc-09aa51c69fb840224"
              },
              "type": [
                "object",
                {
                  "igw_arn": "string",
                  "igw_id": "string",
                  "public_route_table_ids": "string",
                  "public_subnets": "string",
                  "vpc_arn": "string",
                  "vpc_id": "string"
                }
              ]
            },
            "workspace": "dev"
          },
          "sensitive_attributes": []
        }
      ]
    },
    {
      "mode": "managed",
      "type": "aws_security_group",
      "name": "main",
      "provider": "provider[\"registry.terraform.io/hashicorp/aws\"]",
      "instances": [
        {
          "schema_version": 1,
          "attributes": {
            "arn": "arn:aws:ec2:ap-south-1:767397922031:security-group/sg-03c522caf5d04c6dc",
            "description": "Example security group",
            "egress": [
              {
                "cidr_blocks": [
                  "0.0.0.0/0"
                ],
                "description": "",
                "from_port": 0,
                "ipv6_cidr_blocks": [],
                "prefix_list_ids": [],
                "protocol": "-1",
                "security_groups": [],
                "self": false,
                "to_port": 0
              }
            ],
            "id": "sg-03c522caf5d04c6dc",
            "ingress": [
              {
                "cidr_blocks": [
                  "0.0.0.0/0"
                ],
                "description": "",
                "from_port": 22,
                "ipv6_cidr_blocks": [],
                "prefix_list_ids": [],
                "protocol": "tcp",
                "security_groups": [],
                "self": false,
                "to_port": 22
              },
              {
                "cidr_blocks": [
                  "0.0.0.0/0"
                ],
                "description": "",
                "from_port": 80,
                "ipv6_cidr_blocks": [],
                "prefix_list_ids": [],
                "protocol": "tcp",
                "security_groups": [],
                "self": false,
                "to_port": 80
              }
            ],
            "name": "terraform-sg-1",
            "name_prefix": "",
            "owner_id": "767397922031",
            "revoke_rules_on_delete": false,
            "tags": {
              "Name": "terraform sg"
            },
            "tags_all": {
              "Name": "terraform sg"
            },
            "timeouts": null,
            "vpc_id": "vpc-09aa51c69fb840224"
          },
          "sensitive_attributes": [],
          "private": "eyJlMmJmYjczMC1lY2FhLTExZTYtOGY4OC0zNDM2M2JjN2M0YzAiOnsiY3JlYXRlIjo2MDAwMDAwMDAwMDAsImRlbGV0ZSI6OTAwMDAwMDAwMDAwfSwic2NoZW1hX3ZlcnNpb24iOiIxIn0=",
          "dependencies": [
            "data.terraform_remote_state.vpc"
          ]
        }
      ]
    }
  ],
  "check_results": null
}
