{
  "version": 4,
  "terraform_version": "1.8.4",
  "serial": 17,
  "lineage": "2d631323-16af-cc51-fec4-026f1db51675",
  "outputs": {
    "VPC_ID": {
      "value": "vpc-078223d4b85b38870",
      "type": "string"
    },
    "private-subnet-arns": {
      "value": "arn:aws:ec2:ap-south-1:767397922031:subnet/subnet-0442f2e786d52a0e7",
      "type": "string"
    },
    "private-subnet-id": {
      "value": "subnet-0442f2e786d52a0e7",
      "type": "string"
    },
    "public-subnet-arns": {
      "value": "arn:aws:ec2:ap-south-1:767397922031:subnet/subnet-0caa505abfdcf97d8",
      "type": "string"
    },
    "public-subnet-id": {
      "value": "subnet-0caa505abfdcf97d8",
      "type": "string"
    }
  },
  "resources": [
    {
      "module": "module.EC2",
      "mode": "managed",
      "type": "aws_instance",
      "name": "ec2",
      "provider": "provider[\"registry.terraform.io/hashicorp/aws\"]",
      "instances": [
        {
          "index_key": 0,
          "schema_version": 1,
          "attributes": {
            "ami": "ami-08718895af4dfa033",
            "arn": "arn:aws:ec2:ap-south-1:767397922031:instance/i-047f2861c73a98d49",
            "associate_public_ip_address": true,
            "availability_zone": "ap-south-1a",
            "capacity_reservation_specification": [
              {
                "capacity_reservation_preference": "open",
                "capacity_reservation_target": []
              }
            ],
            "cpu_core_count": 1,
            "cpu_options": [
              {
                "amd_sev_snp": "",
                "core_count": 1,
                "threads_per_core": 2
              }
            ],
            "cpu_threads_per_core": 2,
            "credit_specification": [
              {
                "cpu_credits": "unlimited"
              }
            ],
            "disable_api_stop": false,
            "disable_api_termination": false,
            "ebs_block_device": [],
            "ebs_optimized": false,
            "enclave_options": [
              {
                "enabled": false
              }
            ],
            "ephemeral_block_device": [],
            "get_password_data": false,
            "hibernation": false,
            "host_id": "",
            "host_resource_group_arn": null,
            "iam_instance_profile": "",
            "id": "i-047f2861c73a98d49",
            "instance_initiated_shutdown_behavior": "stop",
            "instance_lifecycle": "",
            "instance_market_options": [],
            "instance_state": "running",
            "instance_type": "t3.micro",
            "ipv6_address_count": 0,
            "ipv6_addresses": [],
            "key_name": "prod",
            "launch_template": [],
            "maintenance_options": [
              {
                "auto_recovery": "default"
              }
            ],
            "metadata_options": [
              {
                "http_endpoint": "enabled",
                "http_protocol_ipv6": "disabled",
                "http_put_response_hop_limit": 2,
                "http_tokens": "required",
                "instance_metadata_tags": "disabled"
              }
            ],
            "monitoring": false,
            "network_interface": [],
            "outpost_arn": "",
            "password_data": "",
            "placement_group": "",
            "placement_partition_number": 0,
            "primary_network_interface_id": "eni-0a44f2177ec0295e7",
            "private_dns": "ip-10-0-1-169.ap-south-1.compute.internal",
            "private_dns_name_options": [
              {
                "enable_resource_name_dns_a_record": false,
                "enable_resource_name_dns_aaaa_record": false,
                "hostname_type": "ip-name"
              }
            ],
            "private_ip": "10.0.1.169",
            "public_dns": "",
            "public_ip": "15.206.117.189",
            "root_block_device": [
              {
                "delete_on_termination": true,
                "device_name": "/dev/xvda",
                "encrypted": false,
                "iops": 3000,
                "kms_key_id": "",
                "tags": {},
                "tags_all": {},
                "throughput": 125,
                "volume_id": "vol-03973a8d227699f1e",
                "volume_size": 8,
                "volume_type": "gp3"
              }
            ],
            "secondary_private_ips": [],
            "security_groups": [
              "sg-0a338d76c7955cdd0"
            ],
            "source_dest_check": true,
            "spot_instance_request_id": "",
            "subnet_id": "subnet-0caa505abfdcf97d8",
            "tags": {
              "Name": "prod - 1"
            },
            "tags_all": {
              "Name": "prod - 1"
            },
            "tenancy": "default",
            "timeouts": null,
            "user_data": null,
            "user_data_base64": null,
            "user_data_replace_on_change": false,
            "volume_tags": null,
            "vpc_security_group_ids": [
              "sg-0a338d76c7955cdd0"
            ]
          },
          "sensitive_attributes": [],
          "private": "eyJlMmJmYjczMC1lY2FhLTExZTYtOGY4OC0zNDM2M2JjN2M0YzAiOnsiY3JlYXRlIjo2MDAwMDAwMDAwMDAsImRlbGV0ZSI6MTIwMDAwMDAwMDAwMCwicmVhZCI6OTAwMDAwMDAwMDAwLCJ1cGRhdGUiOjYwMDAwMDAwMDAwMH0sInNjaGVtYV92ZXJzaW9uIjoiMSJ9",
          "dependencies": [
            "module.EC2.aws_key_pair.tf-key-pair",
            "module.EC2.tls_private_key.rsa",
            "module.vpc.aws_eip.elastic-ip",
            "module.vpc.aws_internet_gateway.igw",
            "module.vpc.aws_nat_gateway.nat",
            "module.vpc.aws_route_table.rt1",
            "module.vpc.aws_route_table.rt2",
            "module.vpc.aws_route_table_association.a",
            "module.vpc.aws_route_table_association.b",
            "module.vpc.aws_security_group.sg",
            "module.vpc.aws_subnet.private",
            "module.vpc.aws_subnet.public",
            "module.vpc.aws_vpc.vpc"
          ]
        },
        {
          "index_key": 1,
          "schema_version": 1,
          "attributes": {
            "ami": "ami-08718895af4dfa033",
            "arn": "arn:aws:ec2:ap-south-1:767397922031:instance/i-0ed04d774b24f46ec",
            "associate_public_ip_address": false,
            "availability_zone": "ap-south-1b",
            "capacity_reservation_specification": [
              {
                "capacity_reservation_preference": "open",
                "capacity_reservation_target": []
              }
            ],
            "cpu_core_count": 1,
            "cpu_options": [
              {
                "amd_sev_snp": "",
                "core_count": 1,
                "threads_per_core": 2
              }
            ],
            "cpu_threads_per_core": 2,
            "credit_specification": [
              {
                "cpu_credits": "unlimited"
              }
            ],
            "disable_api_stop": false,
            "disable_api_termination": false,
            "ebs_block_device": [],
            "ebs_optimized": false,
            "enclave_options": [
              {
                "enabled": false
              }
            ],
            "ephemeral_block_device": [],
            "get_password_data": false,
            "hibernation": false,
            "host_id": "",
            "host_resource_group_arn": null,
            "iam_instance_profile": "",
            "id": "i-0ed04d774b24f46ec",
            "instance_initiated_shutdown_behavior": "stop",
            "instance_lifecycle": "",
            "instance_market_options": [],
            "instance_state": "running",
            "instance_type": "t3.micro",
            "ipv6_address_count": 0,
            "ipv6_addresses": [],
            "key_name": "prod",
            "launch_template": [],
            "maintenance_options": [
              {
                "auto_recovery": "default"
              }
            ],
            "metadata_options": [
              {
                "http_endpoint": "enabled",
                "http_protocol_ipv6": "disabled",
                "http_put_response_hop_limit": 2,
                "http_tokens": "required",
                "instance_metadata_tags": "disabled"
              }
            ],
            "monitoring": false,
            "network_interface": [],
            "outpost_arn": "",
            "password_data": "",
            "placement_group": "",
            "placement_partition_number": 0,
            "primary_network_interface_id": "eni-0d732df35cbbe0344",
            "private_dns": "ip-10-0-2-4.ap-south-1.compute.internal",
            "private_dns_name_options": [
              {
                "enable_resource_name_dns_a_record": false,
                "enable_resource_name_dns_aaaa_record": false,
                "hostname_type": "ip-name"
              }
            ],
            "private_ip": "10.0.2.4",
            "public_dns": "",
            "public_ip": "",
            "root_block_device": [
              {
                "delete_on_termination": true,
                "device_name": "/dev/xvda",
                "encrypted": false,
                "iops": 3000,
                "kms_key_id": "",
                "tags": {},
                "tags_all": {},
                "throughput": 125,
                "volume_id": "vol-05369b9f7dff21de2",
                "volume_size": 8,
                "volume_type": "gp3"
              }
            ],
            "secondary_private_ips": [],
            "security_groups": [
              "sg-0a338d76c7955cdd0"
            ],
            "source_dest_check": true,
            "spot_instance_request_id": "",
            "subnet_id": "subnet-0442f2e786d52a0e7",
            "tags": {
              "Name": "prod - 2"
            },
            "tags_all": {
              "Name": "prod - 2"
            },
            "tenancy": "default",
            "timeouts": null,
            "user_data": null,
            "user_data_base64": null,
            "user_data_replace_on_change": false,
            "volume_tags": null,
            "vpc_security_group_ids": [
              "sg-0a338d76c7955cdd0"
            ]
          },
          "sensitive_attributes": [],
          "private": "eyJlMmJmYjczMC1lY2FhLTExZTYtOGY4OC0zNDM2M2JjN2M0YzAiOnsiY3JlYXRlIjo2MDAwMDAwMDAwMDAsImRlbGV0ZSI6MTIwMDAwMDAwMDAwMCwicmVhZCI6OTAwMDAwMDAwMDAwLCJ1cGRhdGUiOjYwMDAwMDAwMDAwMH0sInNjaGVtYV92ZXJzaW9uIjoiMSJ9",
          "dependencies": [
            "module.EC2.aws_key_pair.tf-key-pair",
            "module.EC2.tls_private_key.rsa",
            "module.vpc.aws_eip.elastic-ip",
            "module.vpc.aws_internet_gateway.igw",
            "module.vpc.aws_nat_gateway.nat",
            "module.vpc.aws_route_table.rt1",
            "module.vpc.aws_route_table.rt2",
            "module.vpc.aws_route_table_association.a",
            "module.vpc.aws_route_table_association.b",
            "module.vpc.aws_security_group.sg",
            "module.vpc.aws_subnet.private",
            "module.vpc.aws_subnet.public",
            "module.vpc.aws_vpc.vpc"
          ]
        }
      ]
    },
    {
      "module": "module.EC2",
      "mode": "managed",
      "type": "aws_key_pair",
      "name": "tf-key-pair",
      "provider": "provider[\"registry.terraform.io/hashicorp/aws\"]",
      "instances": [
        {
          "schema_version": 1,
          "attributes": {
            "arn": "arn:aws:ec2:ap-south-1:767397922031:key-pair/prod",
            "fingerprint": "23:c5:f0:8d:13:e8:af:d2:0b:81:8f:1b:21:d3:37:bc",
            "id": "prod",
            "key_name": "prod",
            "key_name_prefix": "",
            "key_pair_id": "key-02243de6dd3feb094",
            "key_type": "rsa",
            "public_key": "ssh-rsa AAAAB3NzaC1yc2EAAAADAQABAAACAQCxLm7TrUBEaHf7f3wHLTDhKJY76u0XG4xHEDdWP08zKF3GtNuplX4iLE/80C0OzSJZpkILZJ3di0qJA+Ggg5OLgqev4LOZFv/c76DFbTIn784DQn+aUhS6ZTeLVYibz3KkOwqx7VGhg0yRIBOuUjLwCeSO8EKS+oJZ/EwLcFw6j0fmFfOukLJ5PZvbMM2BGXi8MJPA+z0b1bdPPf10dk5UUEWg21GpCQVycSogYJqGql2hzDBvEogcZbRWMTgI0O3j2IAi24EkPgwgDVeGK5Wnrn600NcfaiLO8GG1T11Nc6W3X05/zHzQRWG508p82FJVrGXm4uq05VJsQHgohBJwYivUOzuq7v5wpbJa8Hf4Y2TUorgiyvFjORxCYAuCV2dnLEtltEo97YDOLO9dx2BXNZWn5t2/pJvLrUYYuXNoYeOi5PS9Rnw5Ma1I+fLnmUpN/iBVZNma+1qL2YNjI06FYNO/2Oxl8AldsMHvSY/uwZGkhl3NQ/x80unauxg6a2WoX6uQysf7FOIPZhBuOUHWBxwtsR61POqc10VCfF2rX8lVvvTi1lyjfnpzoVNr9gXPHUF85m9ymdiA47LN+MPsGzBv14BcMNp3A/Ca34j53d56IJrpeaHWje2J91kzfV6bdu0S+tGUROVn/SZ9j2aREff30HqXH5uCQk32RoCt+w==",
            "tags": null,
            "tags_all": {}
          },
          "sensitive_attributes": [],
          "private": "eyJzY2hlbWFfdmVyc2lvbiI6IjEifQ==",
          "dependencies": [
            "module.EC2.tls_private_key.rsa",
            "module.vpc.aws_eip.elastic-ip",
            "module.vpc.aws_internet_gateway.igw",
            "module.vpc.aws_nat_gateway.nat",
            "module.vpc.aws_route_table.rt1",
            "module.vpc.aws_route_table.rt2",
            "module.vpc.aws_route_table_association.a",
            "module.vpc.aws_route_table_association.b",
            "module.vpc.aws_security_group.sg",
            "module.vpc.aws_subnet.private",
            "module.vpc.aws_subnet.public",
            "module.vpc.aws_vpc.vpc"
          ]
        }
      ]
    },
    {
      "module": "module.EC2",
      "mode": "managed",
      "type": "local_file",
      "name": "tf-key",
      "provider": "provider[\"registry.terraform.io/hashicorp/local\"]",
      "instances": [
        {
          "schema_version": 0,
          "attributes": {
            "content": "-----BEGIN RSA PRIVATE KEY-----\nMIIJKQIBAAKCAgEAsS5u061ARGh3+398By0w4SiWO+rtFxuMRxA3Vj9PMyhdxrTb\nqZV+IixP/NAtDs0iWaZCC2Sd3YtKiQPhoIOTi4Knr+CzmRb/3O+gxW0yJ+/OA0J/\nmlIUumU3i1WIm89ypDsKse1RoYNMkSATrlIy8AnkjvBCkvqCWfxMC3BcOo9H5hXz\nrpCyeT2b2zDNgRl4vDCTwPs9G9W3Tz39dHZOVFBFoNtRqQkFcnEqIGCahqpdocww\nbxKIHGW0VjE4CNDt49iAItuBJD4MIA1XhiuVp65+tNDXH2oizvBhtU9dTXOlt19O\nf8x80EVhudPKfNhSVaxl5uLqtOVSbEB4KIQScGIr1Ds7qu7+cKWyWvB3+GNk1KK4\nIsrxYzkcQmALgldnZyxLZbRKPe2AzizvXcdgVzWVp+bdv6Sby61GGLlzaGHjouT0\nvUZ8OTGtSPny55lKTf4gVWTZmvtai9mDYyNOhWDTv9jsZfAJXbDB70mP7sGRpIZd\nzUP8fNLp2rsYOmtlqF+rkMrH+xTiD2YQbjlB1gccLbEetTzqnNdFQnxdq1/JVb70\n4tZco356c6FTa/YFzx1BfOZvcpnYgOOyzfjD7Bswb9eAXDDadwPwmt+I+d3eeiCa\n6Xmh1o3tifdZM31em3btEvrRlETlZ/0mfY9mkRH399B6lx+bgkJN9kaArfsCAwEA\nAQKCAgEAlysBnZJkkbj8HVSQkmLpIEGLpEV00VFMptjcDbboMMKQ99cYzyBfxHJA\nMHfA6a71Tr29/ZBz7DBKgIoSN+vqt43a2gEB2my4El1UsvzOXSqJf1h+HEFJtBpl\ngHiSnDUrH5nMLzBGhGHMsslGYWV6Vjhqi9XLRzF6g6Hxk5Ti64eRlWpHRTnpO+3n\niuShgTMlQpLDjVQNuDDoPDCsjW/etqriLTLSAkFTJ2gLxCIH1TuHtWLMNAgAnxHb\nAeruXv866DmwYY0cKrrRh4s6kJuhDLahHk5MLF5Wom6PPq0e8tTnn4MuK3VhTCTW\nE0Dysv+xh60WKB6Ul5BMeVWr7w132IT6rsaRJH4A3ShTcT4A4QFI+fqEdwrqMOJG\n9QOhcXbA6fOfVs0FuAHObw18x9U9bpcVGqhk4ZPtq7ax7q0YKavvj4spnvmfAM7b\nxclzK2oSXgxw3MkxC4uuidhCrnQCcyRGSYSR0qR30yxdXSDydpIcoEpst8guYlOy\n2VNDxMzj9bV3NdpFcmO+cd/FZhVAscbX+9CeoGO2WFU9Lqs32K3pcZwt166L9HhH\n6xZJiz1lM2A7yz0ws0JrueMEsr3juOAfDHeDU3vp5m48XSMRbAULtiB7ZB7AzTgm\n9cmFYBbxxgq4QB6W1Iau9u5TGHcNiJzYYGC6dTNBMZjR+5o6TdECggEBAN43VDSI\nvlGUNmPvrMKkbX7kTPGFN5FgQJkOAuuoBPrX6xerx4TTvloqABA41eSVU1B8L4I5\nAu0rUUlJAfj54r6+UrwtLfRyKknkAJqEXu75tajgqQe0nJYloEIS9KKxPBq+TxcK\nH5nP5rQz7T+29LvrevmXrhYBDykWEdsUqEn3x4O/Crxuq4KDXYvTWLm/bll3di8n\n/7YcgOb6sqD0/SASv+D+0+zLb/6Sa+DBxLV36rqZ59N//4y4tNoyKSCcHw3VmGQq\nm+xTK2RZzjn2avSTht+5TLAcm0s2lYZU0orCMmX/J+pPYyl0Y8Z20VStE66x4eY+\nEQpVFZ8AI4q8a5MCggEBAMweWPw10eBixfJnwE6uIx0eTef9q3SaouU+rTbHpoLZ\nBPU26b2fq+tXt4SqdMaSGPwy5SxRXXNW5U/1uHbxLdLUGFdKX2SU8iiNzVLCT0Pb\nNsvOZN9KTdvh6XDN7r6CixD6KKq4ZmJWM0kC3BGM3i7ST0xjXYA+5J0k9Y4PgHR8\nlgAqrs5VJo/2Yfok4iKGB+tHVU2j1fjUsVCQIqkyCvLKlNWEPYvDMUFRc0ic0Uze\nOt+e4/Dw8J4HqbktQSNpqE6L9dgDsobhlFYpd03Hj81MFuUtuHxX0+1EgBDpYJD0\nbgbejKGwbHtY2oICc2gOGrVRf5xmcZdzR4ez7/hTRPkCggEBAM+4jMAm6zE7CLTW\ngHnaVnh9VOeYDd+ZSAlKrbQ39Z++YoZYD0O8431JMZH4bwkkBSOBUq+6N2AYU/3b\nfzqL7Ec9hf1dhk2wwpMbzOyjvFJLnmJkz9ziGlXIikv5iDDk2DhvmWMCFZQkYZYl\nzCr5DUD02JmkDhmHl/JiLQLMBpxOQHSJCrImCbEQt0tTnubTaYW8Q//EtiY38s73\nni8Tk+J9ZFwgGV6KtQAVQz5wIz82/3a7E5gDWJDkwDoPFZ7kEatO9Qr9QY/iFvfR\ncxN/o29I0JUlk+g0dX4TYiaV99G5wn7RyzAeUaWYpQQKYZdzyqhMo8wkTK2J55Ig\nARlZFH0CggEAVQfLX/13mbbr6QhJdz1ZiVbHc34b/64vb7pFZA2VkuqfAxvGEWVD\ns/1NiOmNTe8sk1sMVwLqIBMx4bZmCr57rVkHbs2foYHewwAXaYNii8z1Lb+kC9Sj\nTJb2rTRMYXZ2QjND36KDnDF2mdKkJHd/UxfvSs4V9Ee+6qur02snwt7nidg+C9wy\n/UPRGuhkf6dAA0YrBfXbPBY2a24v0jXzk6LKj4vQK7m7eg9ZLAWPtyrYcbF6GTP1\nuI9Op8JvYTYxk88AMeWQaFnudlo9xdv9TrOE0iHSuZHIyg2AIAtoW9pHP3tUMEMT\nXers0737n3xIqgHyXA/dAA9Y2/IcZGEj2QKCAQBCuT2CYTanLp/oZV9xQ92Xy5kc\njkcukS1Gg9ltHANm2pmQnrci5EDEho4D1vyhHdRAunPgUbCuWV/kHS8RspGqfTlY\nx4WvJnhvrp5MZ+7v7/SP2qRoOEREPy6ncV8Xui0NPcINzJzkHybX70oQngqsiM75\nSOw0S7N5uOxN2Mnf5Bv2N484F6ZSIFBfvjCs1R+hbsgWsLnx2ab6qQ0qOD4x32cN\nokoqNdjhkr5LbWU+pDUoQ6l5UEEy2HBxtHFayiPwTAtBaSk62MZ59IKCVB/7MJha\n5pwrCJSCB8wwEyU+4uDVemom9jCWc4+Q+PgxDSon6s5F9/eQ6T41zMuxkY9E\n-----END RSA PRIVATE KEY-----\n",
            "content_base64": null,
            "content_base64sha256": "eonSV1oQaqLRusesGf/BPMazVoqSrhDKl9V01sZN0wo=",
            "content_base64sha512": "a8VfQ6DUfbELqI9dV/2CXKYvo3OXJsDlN49xDz+vUCCRxJXnXMG5UCwsdmNr7lq9kPgfEpzMUzTJOS7RE/QSVw==",
            "content_md5": "8247f48704721faf542c638209727caf",
            "content_sha1": "2a60424a1526581238f5cd64c2ba17c23bac9ef7",
            "content_sha256": "7a89d2575a106aa2d1bac7ac19ffc13cc6b3568a92ae10ca97d574d6c64dd30a",
            "content_sha512": "6bc55f43a0d47db10ba88f5d57fd825ca62fa3739726c0e5378f710f3faf502091c495e75cc1b9502c2c76636bee5abd90f81f129ccc5334c9392ed113f41257",
            "directory_permission": "0777",
            "file_permission": "0777",
            "filename": "prod.pem",
            "id": "2a60424a1526581238f5cd64c2ba17c23bac9ef7",
            "sensitive_content": null,
            "source": null
          },
          "sensitive_attributes": [
            [
              {
                "type": "get_attr",
                "value": "content"
              }
            ],
            [
              {
                "type": "get_attr",
                "value": "sensitive_content"
              }
            ]
          ],
          "dependencies": [
            "module.EC2.tls_private_key.rsa",
            "module.vpc.aws_eip.elastic-ip",
            "module.vpc.aws_internet_gateway.igw",
            "module.vpc.aws_nat_gateway.nat",
            "module.vpc.aws_route_table.rt1",
            "module.vpc.aws_route_table.rt2",
            "module.vpc.aws_route_table_association.a",
            "module.vpc.aws_route_table_association.b",
            "module.vpc.aws_security_group.sg",
            "module.vpc.aws_subnet.private",
            "module.vpc.aws_subnet.public",
            "module.vpc.aws_vpc.vpc"
          ]
        }
      ]
    },
    {
      "module": "module.EC2",
      "mode": "managed",
      "type": "tls_private_key",
      "name": "rsa",
      "provider": "provider[\"registry.terraform.io/hashicorp/tls\"]",
      "instances": [
        {
          "schema_version": 1,
          "attributes": {
            "algorithm": "RSA",
            "ecdsa_curve": "P224",
            "id": "4695bfa284e069b15ce432cc0070f47f48c5563d",
            "private_key_openssh": "-----BEGIN OPENSSH PRIVATE KEY-----\nb3BlbnNzaC1rZXktdjEAAAAABG5vbmUAAAAEbm9uZQAAAAAAAAABAAACFwAAAAdz\nc2gtcnNhAAAAAwEAAQAAAgEAsS5u061ARGh3+398By0w4SiWO+rtFxuMRxA3Vj9P\nMyhdxrTbqZV+IixP/NAtDs0iWaZCC2Sd3YtKiQPhoIOTi4Knr+CzmRb/3O+gxW0y\nJ+/OA0J/mlIUumU3i1WIm89ypDsKse1RoYNMkSATrlIy8AnkjvBCkvqCWfxMC3Bc\nOo9H5hXzrpCyeT2b2zDNgRl4vDCTwPs9G9W3Tz39dHZOVFBFoNtRqQkFcnEqIGCa\nhqpdocwwbxKIHGW0VjE4CNDt49iAItuBJD4MIA1XhiuVp65+tNDXH2oizvBhtU9d\nTXOlt19Of8x80EVhudPKfNhSVaxl5uLqtOVSbEB4KIQScGIr1Ds7qu7+cKWyWvB3\n+GNk1KK4IsrxYzkcQmALgldnZyxLZbRKPe2AzizvXcdgVzWVp+bdv6Sby61GGLlz\naGHjouT0vUZ8OTGtSPny55lKTf4gVWTZmvtai9mDYyNOhWDTv9jsZfAJXbDB70mP\n7sGRpIZdzUP8fNLp2rsYOmtlqF+rkMrH+xTiD2YQbjlB1gccLbEetTzqnNdFQnxd\nq1/JVb704tZco356c6FTa/YFzx1BfOZvcpnYgOOyzfjD7Bswb9eAXDDadwPwmt+I\n+d3eeiCa6Xmh1o3tifdZM31em3btEvrRlETlZ/0mfY9mkRH399B6lx+bgkJN9kaA\nrfsAAAc4cA97/nAPe/4AAAAHc3NoLXJzYQAAAgEAsS5u061ARGh3+398By0w4SiW\nO+rtFxuMRxA3Vj9PMyhdxrTbqZV+IixP/NAtDs0iWaZCC2Sd3YtKiQPhoIOTi4Kn\nr+CzmRb/3O+gxW0yJ+/OA0J/mlIUumU3i1WIm89ypDsKse1RoYNMkSATrlIy8Ank\njvBCkvqCWfxMC3BcOo9H5hXzrpCyeT2b2zDNgRl4vDCTwPs9G9W3Tz39dHZOVFBF\noNtRqQkFcnEqIGCahqpdocwwbxKIHGW0VjE4CNDt49iAItuBJD4MIA1XhiuVp65+\ntNDXH2oizvBhtU9dTXOlt19Of8x80EVhudPKfNhSVaxl5uLqtOVSbEB4KIQScGIr\n1Ds7qu7+cKWyWvB3+GNk1KK4IsrxYzkcQmALgldnZyxLZbRKPe2AzizvXcdgVzWV\np+bdv6Sby61GGLlzaGHjouT0vUZ8OTGtSPny55lKTf4gVWTZmvtai9mDYyNOhWDT\nv9jsZfAJXbDB70mP7sGRpIZdzUP8fNLp2rsYOmtlqF+rkMrH+xTiD2YQbjlB1gcc\nLbEetTzqnNdFQnxdq1/JVb704tZco356c6FTa/YFzx1BfOZvcpnYgOOyzfjD7Bsw\nb9eAXDDadwPwmt+I+d3eeiCa6Xmh1o3tifdZM31em3btEvrRlETlZ/0mfY9mkRH3\n99B6lx+bgkJN9kaArfsAAAADAQABAAACAQCXKwGdkmSRuPwdVJCSYukgQYukRXTR\nUUym2NwNtugwwpD31xjPIF/EckAwd8DprvVOvb39kHPsMEqAihI36+q3jdraAQHa\nbLgSXVSy/M5dKol/WH4cQUm0GmWAeJKcNSsfmcwvMEaEYcyyyUZhZXpWOGqL1ctH\nMXqDofGTlOLrh5GVakdFOek77eeK5KGBMyVCksONVA24MOg8MKyNb962quItMtIC\nQVMnaAvEIgfVO4e1Ysw0CACfEdsB6u5e/zroObBhjRwqutGHizqQm6EMtqEeTkws\nXlaibo8+rR7y1Oefgy4rdWFMJNYTQPKy/7GHrRYoHpSXkEx5VavvDXfYhPquxpEk\nfgDdKFNxPgDhAUj5+oR3Cuow4kb1A6FxdsDp859WzQW4Ac5vDXzH1T1ulxUaqGTh\nk+2rtrHurRgpq++Piyme+Z8AztvFyXMrahJeDHDcyTELi66J2EKudAJzJEZJhJHS\npHfTLF1dIPJ2khygSmy3yC5iU7LZU0PEzOP1tXc12kVyY75x38VmFUCxxtf70J6g\nY7ZYVT0uqzfYrelxnC3Xrov0eEfrFkmLPWUzYDvLPTCzQmu54wSyveO44B8Md4NT\ne+nmbjxdIxFsBQu2IHtkHsDNOCb1yYVgFvHGCrhAHpbUhq727lMYdw2InNhgYLp1\nM0ExmNH7mjpN0QAAAQBCuT2CYTanLp/oZV9xQ92Xy5kcjkcukS1Gg9ltHANm2pmQ\nnrci5EDEho4D1vyhHdRAunPgUbCuWV/kHS8RspGqfTlYx4WvJnhvrp5MZ+7v7/SP\n2qRoOEREPy6ncV8Xui0NPcINzJzkHybX70oQngqsiM75SOw0S7N5uOxN2Mnf5Bv2\nN484F6ZSIFBfvjCs1R+hbsgWsLnx2ab6qQ0qOD4x32cNokoqNdjhkr5LbWU+pDUo\nQ6l5UEEy2HBxtHFayiPwTAtBaSk62MZ59IKCVB/7MJha5pwrCJSCB8wwEyU+4uDV\nemom9jCWc4+Q+PgxDSon6s5F9/eQ6T41zMuxkY9EAAABAQDeN1Q0iL5RlDZj76zC\npG1+5EzxhTeRYECZDgLrqAT61+sXq8eE075aKgAQONXklVNQfC+COQLtK1FJSQH4\n+eK+vlK8LS30cipJ5ACahF7u+bWo4KkHtJyWJaBCEvSisTwavk8XCh+Zz+a0M+0/\ntvS763r5l64WAQ8pFhHbFKhJ98eDvwq8bquCg12L01i5v25Zd3YvJ/+2HIDm+rKg\n9P0gEr/g/tPsy2/+kmvgwcS1d+q6mefTf/+MuLTaMikgnB8N1ZhkKpvsUytkWc45\n9mr0k4bfuUywHJtLNpWGVNKKwjJl/yfqT2MpdGPGdtFUrROuseHmPhEKVRWfACOK\nvGuTAAABAQDMHlj8NdHgYsXyZ8BOriMdHk3n/at0mqLlPq02x6aC2QT1Num9n6vr\nV7eEqnTGkhj8MuUsUV1zVuVP9bh28S3S1BhXSl9klPIojc1Swk9D2zbLzmTfSk3b\n4elwze6+gosQ+iiquGZiVjNJAtwRjN4u0k9MY12APuSdJPWOD4B0fJYAKq7OVSaP\n9mH6JOIihgfrR1VNo9X41LFQkCKpMgryypTVhD2LwzFBUXNInNFM3jrfnuPw8PCe\nB6m5LUEjaahOi/XYA7KG4ZRWKXdNx4/NTBblLbh8V9PtRIAQ6WCQ9G4G3oyhsGx7\nWNqCAnNoDhq1UX+cZnGXc0eHs+/4U0T5AAAAAAEC\n-----END OPENSSH PRIVATE KEY-----\n",
            "private_key_pem": "-----BEGIN RSA PRIVATE KEY-----\nMIIJKQIBAAKCAgEAsS5u061ARGh3+398By0w4SiWO+rtFxuMRxA3Vj9PMyhdxrTb\nqZV+IixP/NAtDs0iWaZCC2Sd3YtKiQPhoIOTi4Knr+CzmRb/3O+gxW0yJ+/OA0J/\nmlIUumU3i1WIm89ypDsKse1RoYNMkSATrlIy8AnkjvBCkvqCWfxMC3BcOo9H5hXz\nrpCyeT2b2zDNgRl4vDCTwPs9G9W3Tz39dHZOVFBFoNtRqQkFcnEqIGCahqpdocww\nbxKIHGW0VjE4CNDt49iAItuBJD4MIA1XhiuVp65+tNDXH2oizvBhtU9dTXOlt19O\nf8x80EVhudPKfNhSVaxl5uLqtOVSbEB4KIQScGIr1Ds7qu7+cKWyWvB3+GNk1KK4\nIsrxYzkcQmALgldnZyxLZbRKPe2AzizvXcdgVzWVp+bdv6Sby61GGLlzaGHjouT0\nvUZ8OTGtSPny55lKTf4gVWTZmvtai9mDYyNOhWDTv9jsZfAJXbDB70mP7sGRpIZd\nzUP8fNLp2rsYOmtlqF+rkMrH+xTiD2YQbjlB1gccLbEetTzqnNdFQnxdq1/JVb70\n4tZco356c6FTa/YFzx1BfOZvcpnYgOOyzfjD7Bswb9eAXDDadwPwmt+I+d3eeiCa\n6Xmh1o3tifdZM31em3btEvrRlETlZ/0mfY9mkRH399B6lx+bgkJN9kaArfsCAwEA\nAQKCAgEAlysBnZJkkbj8HVSQkmLpIEGLpEV00VFMptjcDbboMMKQ99cYzyBfxHJA\nMHfA6a71Tr29/ZBz7DBKgIoSN+vqt43a2gEB2my4El1UsvzOXSqJf1h+HEFJtBpl\ngHiSnDUrH5nMLzBGhGHMsslGYWV6Vjhqi9XLRzF6g6Hxk5Ti64eRlWpHRTnpO+3n\niuShgTMlQpLDjVQNuDDoPDCsjW/etqriLTLSAkFTJ2gLxCIH1TuHtWLMNAgAnxHb\nAeruXv866DmwYY0cKrrRh4s6kJuhDLahHk5MLF5Wom6PPq0e8tTnn4MuK3VhTCTW\nE0Dysv+xh60WKB6Ul5BMeVWr7w132IT6rsaRJH4A3ShTcT4A4QFI+fqEdwrqMOJG\n9QOhcXbA6fOfVs0FuAHObw18x9U9bpcVGqhk4ZPtq7ax7q0YKavvj4spnvmfAM7b\nxclzK2oSXgxw3MkxC4uuidhCrnQCcyRGSYSR0qR30yxdXSDydpIcoEpst8guYlOy\n2VNDxMzj9bV3NdpFcmO+cd/FZhVAscbX+9CeoGO2WFU9Lqs32K3pcZwt166L9HhH\n6xZJiz1lM2A7yz0ws0JrueMEsr3juOAfDHeDU3vp5m48XSMRbAULtiB7ZB7AzTgm\n9cmFYBbxxgq4QB6W1Iau9u5TGHcNiJzYYGC6dTNBMZjR+5o6TdECggEBAN43VDSI\nvlGUNmPvrMKkbX7kTPGFN5FgQJkOAuuoBPrX6xerx4TTvloqABA41eSVU1B8L4I5\nAu0rUUlJAfj54r6+UrwtLfRyKknkAJqEXu75tajgqQe0nJYloEIS9KKxPBq+TxcK\nH5nP5rQz7T+29LvrevmXrhYBDykWEdsUqEn3x4O/Crxuq4KDXYvTWLm/bll3di8n\n/7YcgOb6sqD0/SASv+D+0+zLb/6Sa+DBxLV36rqZ59N//4y4tNoyKSCcHw3VmGQq\nm+xTK2RZzjn2avSTht+5TLAcm0s2lYZU0orCMmX/J+pPYyl0Y8Z20VStE66x4eY+\nEQpVFZ8AI4q8a5MCggEBAMweWPw10eBixfJnwE6uIx0eTef9q3SaouU+rTbHpoLZ\nBPU26b2fq+tXt4SqdMaSGPwy5SxRXXNW5U/1uHbxLdLUGFdKX2SU8iiNzVLCT0Pb\nNsvOZN9KTdvh6XDN7r6CixD6KKq4ZmJWM0kC3BGM3i7ST0xjXYA+5J0k9Y4PgHR8\nlgAqrs5VJo/2Yfok4iKGB+tHVU2j1fjUsVCQIqkyCvLKlNWEPYvDMUFRc0ic0Uze\nOt+e4/Dw8J4HqbktQSNpqE6L9dgDsobhlFYpd03Hj81MFuUtuHxX0+1EgBDpYJD0\nbgbejKGwbHtY2oICc2gOGrVRf5xmcZdzR4ez7/hTRPkCggEBAM+4jMAm6zE7CLTW\ngHnaVnh9VOeYDd+ZSAlKrbQ39Z++YoZYD0O8431JMZH4bwkkBSOBUq+6N2AYU/3b\nfzqL7Ec9hf1dhk2wwpMbzOyjvFJLnmJkz9ziGlXIikv5iDDk2DhvmWMCFZQkYZYl\nzCr5DUD02JmkDhmHl/JiLQLMBpxOQHSJCrImCbEQt0tTnubTaYW8Q//EtiY38s73\nni8Tk+J9ZFwgGV6KtQAVQz5wIz82/3a7E5gDWJDkwDoPFZ7kEatO9Qr9QY/iFvfR\ncxN/o29I0JUlk+g0dX4TYiaV99G5wn7RyzAeUaWYpQQKYZdzyqhMo8wkTK2J55Ig\nARlZFH0CggEAVQfLX/13mbbr6QhJdz1ZiVbHc34b/64vb7pFZA2VkuqfAxvGEWVD\ns/1NiOmNTe8sk1sMVwLqIBMx4bZmCr57rVkHbs2foYHewwAXaYNii8z1Lb+kC9Sj\nTJb2rTRMYXZ2QjND36KDnDF2mdKkJHd/UxfvSs4V9Ee+6qur02snwt7nidg+C9wy\n/UPRGuhkf6dAA0YrBfXbPBY2a24v0jXzk6LKj4vQK7m7eg9ZLAWPtyrYcbF6GTP1\nuI9Op8JvYTYxk88AMeWQaFnudlo9xdv9TrOE0iHSuZHIyg2AIAtoW9pHP3tUMEMT\nXers0737n3xIqgHyXA/dAA9Y2/IcZGEj2QKCAQBCuT2CYTanLp/oZV9xQ92Xy5kc\njkcukS1Gg9ltHANm2pmQnrci5EDEho4D1vyhHdRAunPgUbCuWV/kHS8RspGqfTlY\nx4WvJnhvrp5MZ+7v7/SP2qRoOEREPy6ncV8Xui0NPcINzJzkHybX70oQngqsiM75\nSOw0S7N5uOxN2Mnf5Bv2N484F6ZSIFBfvjCs1R+hbsgWsLnx2ab6qQ0qOD4x32cN\nokoqNdjhkr5LbWU+pDUoQ6l5UEEy2HBxtHFayiPwTAtBaSk62MZ59IKCVB/7MJha\n5pwrCJSCB8wwEyU+4uDVemom9jCWc4+Q+PgxDSon6s5F9/eQ6T41zMuxkY9E\n-----END RSA PRIVATE KEY-----\n",
            "private_key_pem_pkcs8": "-----BEGIN PRIVATE KEY-----\nMIIJQwIBADANBgkqhkiG9w0BAQEFAASCCS0wggkpAgEAAoICAQCxLm7TrUBEaHf7\nf3wHLTDhKJY76u0XG4xHEDdWP08zKF3GtNuplX4iLE/80C0OzSJZpkILZJ3di0qJ\nA+Ggg5OLgqev4LOZFv/c76DFbTIn784DQn+aUhS6ZTeLVYibz3KkOwqx7VGhg0yR\nIBOuUjLwCeSO8EKS+oJZ/EwLcFw6j0fmFfOukLJ5PZvbMM2BGXi8MJPA+z0b1bdP\nPf10dk5UUEWg21GpCQVycSogYJqGql2hzDBvEogcZbRWMTgI0O3j2IAi24EkPgwg\nDVeGK5Wnrn600NcfaiLO8GG1T11Nc6W3X05/zHzQRWG508p82FJVrGXm4uq05VJs\nQHgohBJwYivUOzuq7v5wpbJa8Hf4Y2TUorgiyvFjORxCYAuCV2dnLEtltEo97YDO\nLO9dx2BXNZWn5t2/pJvLrUYYuXNoYeOi5PS9Rnw5Ma1I+fLnmUpN/iBVZNma+1qL\n2YNjI06FYNO/2Oxl8AldsMHvSY/uwZGkhl3NQ/x80unauxg6a2WoX6uQysf7FOIP\nZhBuOUHWBxwtsR61POqc10VCfF2rX8lVvvTi1lyjfnpzoVNr9gXPHUF85m9ymdiA\n47LN+MPsGzBv14BcMNp3A/Ca34j53d56IJrpeaHWje2J91kzfV6bdu0S+tGUROVn\n/SZ9j2aREff30HqXH5uCQk32RoCt+wIDAQABAoICAQCXKwGdkmSRuPwdVJCSYukg\nQYukRXTRUUym2NwNtugwwpD31xjPIF/EckAwd8DprvVOvb39kHPsMEqAihI36+q3\njdraAQHabLgSXVSy/M5dKol/WH4cQUm0GmWAeJKcNSsfmcwvMEaEYcyyyUZhZXpW\nOGqL1ctHMXqDofGTlOLrh5GVakdFOek77eeK5KGBMyVCksONVA24MOg8MKyNb962\nquItMtICQVMnaAvEIgfVO4e1Ysw0CACfEdsB6u5e/zroObBhjRwqutGHizqQm6EM\ntqEeTkwsXlaibo8+rR7y1Oefgy4rdWFMJNYTQPKy/7GHrRYoHpSXkEx5VavvDXfY\nhPquxpEkfgDdKFNxPgDhAUj5+oR3Cuow4kb1A6FxdsDp859WzQW4Ac5vDXzH1T1u\nlxUaqGThk+2rtrHurRgpq++Piyme+Z8AztvFyXMrahJeDHDcyTELi66J2EKudAJz\nJEZJhJHSpHfTLF1dIPJ2khygSmy3yC5iU7LZU0PEzOP1tXc12kVyY75x38VmFUCx\nxtf70J6gY7ZYVT0uqzfYrelxnC3Xrov0eEfrFkmLPWUzYDvLPTCzQmu54wSyveO4\n4B8Md4NTe+nmbjxdIxFsBQu2IHtkHsDNOCb1yYVgFvHGCrhAHpbUhq727lMYdw2I\nnNhgYLp1M0ExmNH7mjpN0QKCAQEA3jdUNIi+UZQ2Y++swqRtfuRM8YU3kWBAmQ4C\n66gE+tfrF6vHhNO+WioAEDjV5JVTUHwvgjkC7StRSUkB+Pnivr5SvC0t9HIqSeQA\nmoRe7vm1qOCpB7ScliWgQhL0orE8Gr5PFwofmc/mtDPtP7b0u+t6+ZeuFgEPKRYR\n2xSoSffHg78KvG6rgoNdi9NYub9uWXd2Lyf/thyA5vqyoPT9IBK/4P7T7Mtv/pJr\n4MHEtXfqupnn03//jLi02jIpIJwfDdWYZCqb7FMrZFnOOfZq9JOG37lMsBybSzaV\nhlTSisIyZf8n6k9jKXRjxnbRVK0TrrHh5j4RClUVnwAjirxrkwKCAQEAzB5Y/DXR\n4GLF8mfATq4jHR5N5/2rdJqi5T6tNsemgtkE9TbpvZ+r61e3hKp0xpIY/DLlLFFd\nc1blT/W4dvEt0tQYV0pfZJTyKI3NUsJPQ9s2y85k30pN2+HpcM3uvoKLEPooqrhm\nYlYzSQLcEYzeLtJPTGNdgD7knST1jg+AdHyWACquzlUmj/Zh+iTiIoYH60dVTaPV\n+NSxUJAiqTIK8sqU1YQ9i8MxQVFzSJzRTN46357j8PDwngepuS1BI2moTov12AOy\nhuGUVil3TcePzUwW5S24fFfT7USAEOlgkPRuBt6MobBse1jaggJzaA4atVF/nGZx\nl3NHh7Pv+FNE+QKCAQEAz7iMwCbrMTsItNaAedpWeH1U55gN35lICUqttDf1n75i\nhlgPQ7zjfUkxkfhvCSQFI4FSr7o3YBhT/dt/OovsRz2F/V2GTbDCkxvM7KO8Ukue\nYmTP3OIaVciKS/mIMOTYOG+ZYwIVlCRhliXMKvkNQPTYmaQOGYeX8mItAswGnE5A\ndIkKsiYJsRC3S1Oe5tNphbxD/8S2JjfyzveeLxOT4n1kXCAZXoq1ABVDPnAjPzb/\ndrsTmANYkOTAOg8VnuQRq071Cv1Bj+IW99FzE3+jb0jQlSWT6DR1fhNiJpX30bnC\nftHLMB5RpZilBAphl3PKqEyjzCRMrYnnkiABGVkUfQKCAQBVB8tf/XeZtuvpCEl3\nPVmJVsdzfhv/ri9vukVkDZWS6p8DG8YRZUOz/U2I6Y1N7yyTWwxXAuogEzHhtmYK\nvnutWQduzZ+hgd7DABdpg2KLzPUtv6QL1KNMlvatNExhdnZCM0PfooOcMXaZ0qQk\nd39TF+9KzhX0R77qq6vTayfC3ueJ2D4L3DL9Q9Ea6GR/p0ADRisF9ds8FjZrbi/S\nNfOTosqPi9Arubt6D1ksBY+3KthxsXoZM/W4j06nwm9hNjGTzwAx5ZBoWe52Wj3F\n2/1Os4TSIdK5kcjKDYAgC2hb2kc/e1QwQxNd6uzTvfuffEiqAfJcD90AD1jb8hxk\nYSPZAoIBAEK5PYJhNqcun+hlX3FD3ZfLmRyORy6RLUaD2W0cA2bamZCetyLkQMSG\njgPW/KEd1EC6c+BRsK5ZX+QdLxGykap9OVjHha8meG+unkxn7u/v9I/apGg4REQ/\nLqdxXxe6LQ09wg3MnOQfJtfvShCeCqyIzvlI7DRLs3m47E3Yyd/kG/Y3jzgXplIg\nUF++MKzVH6FuyBawufHZpvqpDSo4PjHfZw2iSio12OGSvkttZT6kNShDqXlQQTLY\ncHG0cVrKI/BMC0FpKTrYxnn0goJUH/swmFrmnCsIlIIHzDATJT7i4NV6aib2MJZz\nj5D4+DENKifqzkX395DpPjXMy7GRj0Q=\n-----END PRIVATE KEY-----\n",
            "public_key_fingerprint_md5": "84:71:b4:0e:f4:60:e2:5a:8f:54:4c:f2:07:34:9d:93",
            "public_key_fingerprint_sha256": "SHA256:FIuvQA0HLcYHBQ6UN/fW31HYxj2uj4m9bVgfiAzO4Hs",
            "public_key_openssh": "ssh-rsa AAAAB3NzaC1yc2EAAAADAQABAAACAQCxLm7TrUBEaHf7f3wHLTDhKJY76u0XG4xHEDdWP08zKF3GtNuplX4iLE/80C0OzSJZpkILZJ3di0qJA+Ggg5OLgqev4LOZFv/c76DFbTIn784DQn+aUhS6ZTeLVYibz3KkOwqx7VGhg0yRIBOuUjLwCeSO8EKS+oJZ/EwLcFw6j0fmFfOukLJ5PZvbMM2BGXi8MJPA+z0b1bdPPf10dk5UUEWg21GpCQVycSogYJqGql2hzDBvEogcZbRWMTgI0O3j2IAi24EkPgwgDVeGK5Wnrn600NcfaiLO8GG1T11Nc6W3X05/zHzQRWG508p82FJVrGXm4uq05VJsQHgohBJwYivUOzuq7v5wpbJa8Hf4Y2TUorgiyvFjORxCYAuCV2dnLEtltEo97YDOLO9dx2BXNZWn5t2/pJvLrUYYuXNoYeOi5PS9Rnw5Ma1I+fLnmUpN/iBVZNma+1qL2YNjI06FYNO/2Oxl8AldsMHvSY/uwZGkhl3NQ/x80unauxg6a2WoX6uQysf7FOIPZhBuOUHWBxwtsR61POqc10VCfF2rX8lVvvTi1lyjfnpzoVNr9gXPHUF85m9ymdiA47LN+MPsGzBv14BcMNp3A/Ca34j53d56IJrpeaHWje2J91kzfV6bdu0S+tGUROVn/SZ9j2aREff30HqXH5uCQk32RoCt+w==\n",
            "public_key_pem": "-----BEGIN PUBLIC KEY-----\nMIICIjANBgkqhkiG9w0BAQEFAAOCAg8AMIICCgKCAgEAsS5u061ARGh3+398By0w\n4SiWO+rtFxuMRxA3Vj9PMyhdxrTbqZV+IixP/NAtDs0iWaZCC2Sd3YtKiQPhoIOT\ni4Knr+CzmRb/3O+gxW0yJ+/OA0J/mlIUumU3i1WIm89ypDsKse1RoYNMkSATrlIy\n8AnkjvBCkvqCWfxMC3BcOo9H5hXzrpCyeT2b2zDNgRl4vDCTwPs9G9W3Tz39dHZO\nVFBFoNtRqQkFcnEqIGCahqpdocwwbxKIHGW0VjE4CNDt49iAItuBJD4MIA1XhiuV\np65+tNDXH2oizvBhtU9dTXOlt19Of8x80EVhudPKfNhSVaxl5uLqtOVSbEB4KIQS\ncGIr1Ds7qu7+cKWyWvB3+GNk1KK4IsrxYzkcQmALgldnZyxLZbRKPe2AzizvXcdg\nVzWVp+bdv6Sby61GGLlzaGHjouT0vUZ8OTGtSPny55lKTf4gVWTZmvtai9mDYyNO\nhWDTv9jsZfAJXbDB70mP7sGRpIZdzUP8fNLp2rsYOmtlqF+rkMrH+xTiD2YQbjlB\n1gccLbEetTzqnNdFQnxdq1/JVb704tZco356c6FTa/YFzx1BfOZvcpnYgOOyzfjD\n7Bswb9eAXDDadwPwmt+I+d3eeiCa6Xmh1o3tifdZM31em3btEvrRlETlZ/0mfY9m\nkRH399B6lx+bgkJN9kaArfsCAwEAAQ==\n-----END PUBLIC KEY-----\n",
            "rsa_bits": 4096
          },
          "sensitive_attributes": [
            [
              {
                "type": "get_attr",
                "value": "private_key_openssh"
              }
            ],
            [
              {
                "type": "get_attr",
                "value": "private_key_pem_pkcs8"
              }
            ],
            [
              {
                "type": "get_attr",
                "value": "private_key_pem"
              }
            ]
          ],
          "dependencies": [
            "module.vpc.aws_eip.elastic-ip",
            "module.vpc.aws_internet_gateway.igw",
            "module.vpc.aws_nat_gateway.nat",
            "module.vpc.aws_route_table.rt1",
            "module.vpc.aws_route_table.rt2",
            "module.vpc.aws_route_table_association.a",
            "module.vpc.aws_route_table_association.b",
            "module.vpc.aws_security_group.sg",
            "module.vpc.aws_subnet.private",
            "module.vpc.aws_subnet.public",
            "module.vpc.aws_vpc.vpc"
          ]
        }
      ]
    },
    {
      "module": "module.vpc",
      "mode": "managed",
      "type": "aws_eip",
      "name": "elastic-ip",
      "provider": "provider[\"registry.terraform.io/hashicorp/aws\"]",
      "instances": [
        {
          "schema_version": 0,
          "attributes": {
            "address": null,
            "allocation_id": "eipalloc-017c3447a2391f34b",
            "arn": "arn:aws:ec2:ap-south-1:767397922031:elastic-ip/eipalloc-017c3447a2391f34b",
            "associate_with_private_ip": "10.0.2.0/24",
            "association_id": "",
            "carrier_ip": "",
            "customer_owned_ip": "",
            "customer_owned_ipv4_pool": "",
            "domain": "vpc",
            "id": "eipalloc-017c3447a2391f34b",
            "instance": "",
            "network_border_group": "ap-south-1",
            "network_interface": "",
            "private_dns": null,
            "private_ip": "",
            "ptr_record": "",
            "public_dns": "ec2-3-111-211-233.ap-south-1.compute.amazonaws.com",
            "public_ip": "3.111.211.233",
            "public_ipv4_pool": "amazon",
            "tags": null,
            "tags_all": {},
            "timeouts": null,
            "vpc": true
          },
          "sensitive_attributes": [],
          "private": "eyJlMmJmYjczMC1lY2FhLTExZTYtOGY4OC0zNDM2M2JjN2M0YzAiOnsiZGVsZXRlIjoxODAwMDAwMDAwMDAsInJlYWQiOjkwMDAwMDAwMDAwMCwidXBkYXRlIjozMDAwMDAwMDAwMDB9fQ==",
          "dependencies": [
            "module.vpc.aws_internet_gateway.igw",
            "module.vpc.aws_vpc.vpc"
          ]
        }
      ]
    },
    {
      "module": "module.vpc",
      "mode": "managed",
      "type": "aws_internet_gateway",
      "name": "igw",
      "provider": "provider[\"registry.terraform.io/hashicorp/aws\"]",
      "instances": [
        {
          "schema_version": 0,
          "attributes": {
            "arn": "arn:aws:ec2:ap-south-1:767397922031:internet-gateway/igw-0b8574387b7633de3",
            "id": "igw-0b8574387b7633de3",
            "owner_id": "767397922031",
            "tags": {
              "Name": "prod-terraform-igw"
            },
            "tags_all": {
              "Name": "prod-terraform-igw"
            },
            "timeouts": null,
            "vpc_id": "vpc-078223d4b85b38870"
          },
          "sensitive_attributes": [],
          "private": "eyJlMmJmYjczMC1lY2FhLTExZTYtOGY4OC0zNDM2M2JjN2M0YzAiOnsiY3JlYXRlIjoxMjAwMDAwMDAwMDAwLCJkZWxldGUiOjEyMDAwMDAwMDAwMDAsInVwZGF0ZSI6MTIwMDAwMDAwMDAwMH19",
          "dependencies": [
            "module.vpc.aws_vpc.vpc"
          ]
        }
      ]
    },
    {
      "module": "module.vpc",
      "mode": "managed",
      "type": "aws_nat_gateway",
      "name": "nat",
      "provider": "provider[\"registry.terraform.io/hashicorp/aws\"]",
      "instances": [
        {
          "schema_version": 0,
          "attributes": {
            "allocation_id": "eipalloc-017c3447a2391f34b",
            "association_id": "eipassoc-0f8218ea9a1727a88",
            "connectivity_type": "public",
            "id": "nat-00dc71ed0c6f4f3f7",
            "network_interface_id": "eni-03f70a37895772ec3",
            "private_ip": "10.0.2.165",
            "public_ip": "3.111.211.233",
            "secondary_allocation_ids": null,
            "secondary_private_ip_address_count": 0,
            "secondary_private_ip_addresses": [],
            "subnet_id": "subnet-0442f2e786d52a0e7",
            "tags": {
              "Name": "prod-terraform-nat"
            },
            "tags_all": {
              "Name": "prod-terraform-nat"
            },
            "timeouts": null
          },
          "sensitive_attributes": [],
          "private": "eyJlMmJmYjczMC1lY2FhLTExZTYtOGY4OC0zNDM2M2JjN2M0YzAiOnsiY3JlYXRlIjo2MDAwMDAwMDAwMDAsImRlbGV0ZSI6MTgwMDAwMDAwMDAwMCwidXBkYXRlIjo2MDAwMDAwMDAwMDB9fQ==",
          "dependencies": [
            "module.vpc.aws_eip.elastic-ip",
            "module.vpc.aws_internet_gateway.igw",
            "module.vpc.aws_subnet.private",
            "module.vpc.aws_vpc.vpc"
          ]
        }
      ]
    },
    {
      "module": "module.vpc",
      "mode": "managed",
      "type": "aws_route_table",
      "name": "rt1",
      "provider": "provider[\"registry.terraform.io/hashicorp/aws\"]",
      "instances": [
        {
          "schema_version": 0,
          "attributes": {
            "arn": "arn:aws:ec2:ap-south-1:767397922031:route-table/rtb-0d565970d74d52ac4",
            "id": "rtb-0d565970d74d52ac4",
            "owner_id": "767397922031",
            "propagating_vgws": [],
            "route": [
              {
                "carrier_gateway_id": "",
                "cidr_block": "0.0.0.0/0",
                "core_network_arn": "",
                "destination_prefix_list_id": "",
                "egress_only_gateway_id": "",
                "gateway_id": "igw-0b8574387b7633de3",
                "ipv6_cidr_block": "",
                "local_gateway_id": "",
                "nat_gateway_id": "",
                "network_interface_id": "",
                "transit_gateway_id": "",
                "vpc_endpoint_id": "",
                "vpc_peering_connection_id": ""
              }
            ],
            "tags": {
              "Name": "prod-rt1"
            },
            "tags_all": {
              "Name": "prod-rt1"
            },
            "timeouts": null,
            "vpc_id": "vpc-078223d4b85b38870"
          },
          "sensitive_attributes": [],
          "private": "eyJlMmJmYjczMC1lY2FhLTExZTYtOGY4OC0zNDM2M2JjN2M0YzAiOnsiY3JlYXRlIjozMDAwMDAwMDAwMDAsImRlbGV0ZSI6MzAwMDAwMDAwMDAwLCJ1cGRhdGUiOjEyMDAwMDAwMDAwMH19",
          "dependencies": [
            "module.vpc.aws_internet_gateway.igw",
            "module.vpc.aws_vpc.vpc"
          ]
        }
      ]
    },
    {
      "module": "module.vpc",
      "mode": "managed",
      "type": "aws_route_table",
      "name": "rt2",
      "provider": "provider[\"registry.terraform.io/hashicorp/aws\"]",
      "instances": [
        {
          "schema_version": 0,
          "attributes": {
            "arn": "arn:aws:ec2:ap-south-1:767397922031:route-table/rtb-0b11695827ff2effe",
            "id": "rtb-0b11695827ff2effe",
            "owner_id": "767397922031",
            "propagating_vgws": [],
            "route": [
              {
                "carrier_gateway_id": "",
                "cidr_block": "0.0.0.0/0",
                "core_network_arn": "",
                "destination_prefix_list_id": "",
                "egress_only_gateway_id": "",
                "gateway_id": "nat-00dc71ed0c6f4f3f7",
                "ipv6_cidr_block": "",
                "local_gateway_id": "",
                "nat_gateway_id": "",
                "network_interface_id": "",
                "transit_gateway_id": "",
                "vpc_endpoint_id": "",
                "vpc_peering_connection_id": ""
              }
            ],
            "tags": {
              "Name": "prod-rt2"
            },
            "tags_all": {
              "Name": "prod-rt2"
            },
            "timeouts": null,
            "vpc_id": "vpc-078223d4b85b38870"
          },
          "sensitive_attributes": [],
          "private": "eyJlMmJmYjczMC1lY2FhLTExZTYtOGY4OC0zNDM2M2JjN2M0YzAiOnsiY3JlYXRlIjozMDAwMDAwMDAwMDAsImRlbGV0ZSI6MzAwMDAwMDAwMDAwLCJ1cGRhdGUiOjEyMDAwMDAwMDAwMH19",
          "dependencies": [
            "module.vpc.aws_eip.elastic-ip",
            "module.vpc.aws_internet_gateway.igw",
            "module.vpc.aws_nat_gateway.nat",
            "module.vpc.aws_subnet.private",
            "module.vpc.aws_vpc.vpc"
          ]
        }
      ]
    },
    {
      "module": "module.vpc",
      "mode": "managed",
      "type": "aws_route_table_association",
      "name": "a",
      "provider": "provider[\"registry.terraform.io/hashicorp/aws\"]",
      "instances": [
        {
          "schema_version": 0,
          "attributes": {
            "gateway_id": "",
            "id": "rtbassoc-0c94fe3a99a4646f3",
            "route_table_id": "rtb-0d565970d74d52ac4",
            "subnet_id": "subnet-0caa505abfdcf97d8",
            "timeouts": null
          },
          "sensitive_attributes": [],
          "private": "eyJlMmJmYjczMC1lY2FhLTExZTYtOGY4OC0zNDM2M2JjN2M0YzAiOnsiY3JlYXRlIjozMDAwMDAwMDAwMDAsImRlbGV0ZSI6MzAwMDAwMDAwMDAwLCJ1cGRhdGUiOjEyMDAwMDAwMDAwMH19",
          "dependencies": [
            "module.vpc.aws_internet_gateway.igw",
            "module.vpc.aws_route_table.rt1",
            "module.vpc.aws_subnet.public",
            "module.vpc.aws_vpc.vpc"
          ]
        }
      ]
    },
    {
      "module": "module.vpc",
      "mode": "managed",
      "type": "aws_route_table_association",
      "name": "b",
      "provider": "provider[\"registry.terraform.io/hashicorp/aws\"]",
      "instances": [
        {
          "schema_version": 0,
          "attributes": {
            "gateway_id": "",
            "id": "rtbassoc-0efb224b41041a509",
            "route_table_id": "rtb-0b11695827ff2effe",
            "subnet_id": "subnet-0442f2e786d52a0e7",
            "timeouts": null
          },
          "sensitive_attributes": [],
          "private": "eyJlMmJmYjczMC1lY2FhLTExZTYtOGY4OC0zNDM2M2JjN2M0YzAiOnsiY3JlYXRlIjozMDAwMDAwMDAwMDAsImRlbGV0ZSI6MzAwMDAwMDAwMDAwLCJ1cGRhdGUiOjEyMDAwMDAwMDAwMH19",
          "dependencies": [
            "module.vpc.aws_eip.elastic-ip",
            "module.vpc.aws_internet_gateway.igw",
            "module.vpc.aws_nat_gateway.nat",
            "module.vpc.aws_route_table.rt2",
            "module.vpc.aws_subnet.private",
            "module.vpc.aws_vpc.vpc"
          ]
        }
      ]
    },
    {
      "module": "module.vpc",
      "mode": "managed",
      "type": "aws_security_group",
      "name": "sg",
      "provider": "provider[\"registry.terraform.io/hashicorp/aws\"]",
      "instances": [
        {
          "schema_version": 1,
          "attributes": {
            "arn": "arn:aws:ec2:ap-south-1:767397922031:security-group/sg-0a338d76c7955cdd0",
            "description": "Allow TLS inbound traffic",
            "egress": [
              {
                "cidr_blocks": [
                  "0.0.0.0/0"
                ],
                "description": "",
                "from_port": 0,
                "ipv6_cidr_blocks": [],
                "prefix_list_ids": [],
                "protocol": "-1",
                "security_groups": [],
                "self": false,
                "to_port": 0
              }
            ],
            "id": "sg-0a338d76c7955cdd0",
            "ingress": [
              {
                "cidr_blocks": [
                  "10.0.0.0/16"
                ],
                "description": "TLS from VPC",
                "from_port": 22,
                "ipv6_cidr_blocks": [],
                "prefix_list_ids": [],
                "protocol": "tcp",
                "security_groups": [],
                "self": false,
                "to_port": 22
              }
            ],
            "name": "vpc-sg",
            "name_prefix": "",
            "owner_id": "767397922031",
            "revoke_rules_on_delete": false,
            "tags": {
              "Name": "prod-sg"
            },
            "tags_all": {
              "Name": "prod-sg"
            },
            "timeouts": null,
            "vpc_id": "vpc-078223d4b85b38870"
          },
          "sensitive_attributes": [],
          "private": "eyJlMmJmYjczMC1lY2FhLTExZTYtOGY4OC0zNDM2M2JjN2M0YzAiOnsiY3JlYXRlIjo2MDAwMDAwMDAwMDAsImRlbGV0ZSI6OTAwMDAwMDAwMDAwfSwic2NoZW1hX3ZlcnNpb24iOiIxIn0=",
          "dependencies": [
            "module.vpc.aws_vpc.vpc"
          ]
        }
      ]
    },
    {
      "module": "module.vpc",
      "mode": "managed",
      "type": "aws_subnet",
      "name": "private",
      "provider": "provider[\"registry.terraform.io/hashicorp/aws\"]",
      "instances": [
        {
          "schema_version": 1,
          "attributes": {
            "arn": "arn:aws:ec2:ap-south-1:767397922031:subnet/subnet-0442f2e786d52a0e7",
            "assign_ipv6_address_on_creation": false,
            "availability_zone": "ap-south-1b",
            "availability_zone_id": "aps1-az3",
            "cidr_block": "10.0.2.0/24",
            "customer_owned_ipv4_pool": "",
            "enable_dns64": false,
            "enable_lni_at_device_index": 0,
            "enable_resource_name_dns_a_record_on_launch": false,
            "enable_resource_name_dns_aaaa_record_on_launch": false,
            "id": "subnet-0442f2e786d52a0e7",
            "ipv6_cidr_block": "",
            "ipv6_cidr_block_association_id": "",
            "ipv6_native": false,
            "map_customer_owned_ip_on_launch": false,
            "map_public_ip_on_launch": false,
            "outpost_arn": "",
            "owner_id": "767397922031",
            "private_dns_hostname_type_on_launch": "ip-name",
            "tags": {
              "Name": "prod-private-tf"
            },
            "tags_all": {
              "Name": "prod-private-tf"
            },
            "timeouts": null,
            "vpc_id": "vpc-078223d4b85b38870"
          },
          "sensitive_attributes": [],
          "private": "eyJlMmJmYjczMC1lY2FhLTExZTYtOGY4OC0zNDM2M2JjN2M0YzAiOnsiY3JlYXRlIjo2MDAwMDAwMDAwMDAsImRlbGV0ZSI6MTIwMDAwMDAwMDAwMH0sInNjaGVtYV92ZXJzaW9uIjoiMSJ9",
          "dependencies": [
            "module.vpc.aws_vpc.vpc"
          ]
        }
      ]
    },
    {
      "module": "module.vpc",
      "mode": "managed",
      "type": "aws_subnet",
      "name": "public",
      "provider": "provider[\"registry.terraform.io/hashicorp/aws\"]",
      "instances": [
        {
          "schema_version": 1,
          "attributes": {
            "arn": "arn:aws:ec2:ap-south-1:767397922031:subnet/subnet-0caa505abfdcf97d8",
            "assign_ipv6_address_on_creation": false,
            "availability_zone": "ap-south-1a",
            "availability_zone_id": "aps1-az1",
            "cidr_block": "10.0.1.0/24",
            "customer_owned_ipv4_pool": "",
            "enable_dns64": false,
            "enable_lni_at_device_index": 0,
            "enable_resource_name_dns_a_record_on_launch": false,
            "enable_resource_name_dns_aaaa_record_on_launch": false,
            "id": "subnet-0caa505abfdcf97d8",
            "ipv6_cidr_block": "",
            "ipv6_cidr_block_association_id": "",
            "ipv6_native": false,
            "map_customer_owned_ip_on_launch": false,
            "map_public_ip_on_launch": true,
            "outpost_arn": "",
            "owner_id": "767397922031",
            "private_dns_hostname_type_on_launch": "ip-name",
            "tags": {
              "Name": "prod-public-tf"
            },
            "tags_all": {
              "Name": "prod-public-tf"
            },
            "timeouts": null,
            "vpc_id": "vpc-078223d4b85b38870"
          },
          "sensitive_attributes": [],
          "private": "eyJlMmJmYjczMC1lY2FhLTExZTYtOGY4OC0zNDM2M2JjN2M0YzAiOnsiY3JlYXRlIjo2MDAwMDAwMDAwMDAsImRlbGV0ZSI6MTIwMDAwMDAwMDAwMH0sInNjaGVtYV92ZXJzaW9uIjoiMSJ9",
          "dependencies": [
            "module.vpc.aws_vpc.vpc"
          ]
        }
      ]
    },
    {
      "module": "module.vpc",
      "mode": "managed",
      "type": "aws_vpc",
      "name": "vpc",
      "provider": "provider[\"registry.terraform.io/hashicorp/aws\"]",
      "instances": [
        {
          "schema_version": 1,
          "attributes": {
            "arn": "arn:aws:ec2:ap-south-1:767397922031:vpc/vpc-078223d4b85b38870",
            "assign_generated_ipv6_cidr_block": false,
            "cidr_block": "10.0.0.0/16",
            "default_network_acl_id": "acl-05cd86eb6f8a90b8e",
            "default_route_table_id": "rtb-01880bfea2334850d",
            "default_security_group_id": "sg-0d4e50f03eb5c046e",
            "dhcp_options_id": "dopt-0c4428013e72b7af1",
            "enable_dns_hostnames": true,
            "enable_dns_support": false,
            "enable_network_address_usage_metrics": false,
            "id": "vpc-078223d4b85b38870",
            "instance_tenancy": "default",
            "ipv4_ipam_pool_id": null,
            "ipv4_netmask_length": null,
            "ipv6_association_id": "",
            "ipv6_cidr_block": "",
            "ipv6_cidr_block_network_border_group": "",
            "ipv6_ipam_pool_id": "",
            "ipv6_netmask_length": 0,
            "main_route_table_id": "rtb-01880bfea2334850d",
            "owner_id": "767397922031",
            "tags": {
              "Name": "prod-terraform-vpc"
            },
            "tags_all": {
              "Name": "prod-terraform-vpc"
            }
          },
          "sensitive_attributes": [],
          "private": "eyJzY2hlbWFfdmVyc2lvbiI6IjEifQ=="
        }
      ]
    }
  ],
  "check_results": null
}
